{
  "version": 4,
  "terraform_version": "1.11.1",
  "serial": 385,
  "lineage": "9150e72e-d746-85cd-de0c-5c98deedb89e",
  "outputs": {
    "function_name": {
      "value": "website-uptime-monitor-fn-dev",
      "type": "string"
    }
  },
  "resources": [
    {
      "module": "module.dynamodb_table",
      "mode": "managed",
      "type": "aws_appautoscaling_policy",
      "name": "index_read_policy",
      "provider": "provider[\"registry.terraform.io/hashicorp/aws\"]",
      "instances": []
    },
    {
      "module": "module.dynamodb_table",
      "mode": "managed",
      "type": "aws_appautoscaling_policy",
      "name": "index_write_policy",
      "provider": "provider[\"registry.terraform.io/hashicorp/aws\"]",
      "instances": []
    },
    {
      "module": "module.dynamodb_table",
      "mode": "managed",
      "type": "aws_appautoscaling_policy",
      "name": "table_read_policy",
      "provider": "provider[\"registry.terraform.io/hashicorp/aws\"]",
      "instances": []
    },
    {
      "module": "module.dynamodb_table",
      "mode": "managed",
      "type": "aws_appautoscaling_policy",
      "name": "table_write_policy",
      "provider": "provider[\"registry.terraform.io/hashicorp/aws\"]",
      "instances": []
    },
    {
      "module": "module.dynamodb_table",
      "mode": "managed",
      "type": "aws_appautoscaling_target",
      "name": "index_read",
      "provider": "provider[\"registry.terraform.io/hashicorp/aws\"]",
      "instances": []
    },
    {
      "module": "module.dynamodb_table",
      "mode": "managed",
      "type": "aws_appautoscaling_target",
      "name": "index_write",
      "provider": "provider[\"registry.terraform.io/hashicorp/aws\"]",
      "instances": []
    },
    {
      "module": "module.dynamodb_table",
      "mode": "managed",
      "type": "aws_appautoscaling_target",
      "name": "table_read",
      "provider": "provider[\"registry.terraform.io/hashicorp/aws\"]",
      "instances": []
    },
    {
      "module": "module.dynamodb_table",
      "mode": "managed",
      "type": "aws_appautoscaling_target",
      "name": "table_write",
      "provider": "provider[\"registry.terraform.io/hashicorp/aws\"]",
      "instances": []
    },
    {
      "module": "module.dynamodb_table",
      "mode": "managed",
      "type": "aws_dynamodb_resource_policy",
      "name": "this",
      "provider": "provider[\"registry.terraform.io/hashicorp/aws\"]",
      "instances": []
    },
    {
      "module": "module.dynamodb_table",
      "mode": "managed",
      "type": "aws_dynamodb_table",
      "name": "autoscaled",
      "provider": "provider[\"registry.terraform.io/hashicorp/aws\"]",
      "instances": []
    },
    {
      "module": "module.dynamodb_table",
      "mode": "managed",
      "type": "aws_dynamodb_table",
      "name": "autoscaled_gsi_ignore",
      "provider": "provider[\"registry.terraform.io/hashicorp/aws\"]",
      "instances": []
    },
    {
      "module": "module.dynamodb_table",
      "mode": "managed",
      "type": "aws_dynamodb_table",
      "name": "this",
      "provider": "provider[\"registry.terraform.io/hashicorp/aws\"]",
      "instances": [
        {
          "index_key": 0,
          "schema_version": 1,
          "attributes": {
            "arn": "arn:aws:dynamodb:us-west-2:958948421283:table/website-uptime-monitor-dynamodb-dev",
            "attribute": [
              {
                "name": "id",
                "type": "S"
              }
            ],
            "billing_mode": "PAY_PER_REQUEST",
            "deletion_protection_enabled": false,
            "global_secondary_index": [],
            "hash_key": "id",
            "id": "website-uptime-monitor-dynamodb-dev",
            "import_table": [],
            "local_secondary_index": [],
            "name": "website-uptime-monitor-dynamodb-dev",
            "on_demand_throughput": [],
            "point_in_time_recovery": [
              {
                "enabled": false,
                "recovery_period_in_days": 0
              }
            ],
            "range_key": null,
            "read_capacity": 0,
            "region": "us-west-2",
            "replica": [],
            "restore_date_time": null,
            "restore_source_name": null,
            "restore_source_table_arn": null,
            "restore_to_latest_time": null,
            "server_side_encryption": [],
            "stream_arn": "",
            "stream_enabled": false,
            "stream_label": "",
            "stream_view_type": "",
            "table_class": "STANDARD",
            "tags": {
              "Name": "website-uptime-monitor-dynamodb-dev"
            },
            "tags_all": {
              "Environment": "dev",
              "Name": "website-uptime-monitor-dynamodb-dev",
              "Project": "website-uptime-monitor",
              "Terraform": "true"
            },
            "timeouts": {
              "create": "10m",
              "delete": "10m",
              "update": "60m"
            },
            "ttl": [
              {
                "attribute_name": "",
                "enabled": false
              }
            ],
            "warm_throughput": [],
            "write_capacity": 0
          },
          "sensitive_attributes": [],
          "private": "eyJlMmJmYjczMC1lY2FhLTExZTYtOGY4OC0zNDM2M2JjN2M0YzAiOnsiY3JlYXRlIjo2MDAwMDAwMDAwMDAsImRlbGV0ZSI6NjAwMDAwMDAwMDAwLCJ1cGRhdGUiOjM2MDAwMDAwMDAwMDB9LCJzY2hlbWFfdmVyc2lvbiI6IjEifQ==",
          "create_before_destroy": true
        }
      ]
    },
    {
      "module": "module.eventbridge",
      "mode": "data",
      "type": "aws_caller_identity",
      "name": "current",
      "provider": "provider[\"registry.terraform.io/hashicorp/aws\"]",
      "instances": [
        {
          "schema_version": 0,
          "attributes": {
            "account_id": "958948421283",
            "arn": "arn:aws:iam::958948421283:user/cli-user",
            "id": "958948421283",
            "user_id": "AIDA56ROHV2RRL33TY4LX"
          },
          "sensitive_attributes": []
        }
      ]
    },
    {
      "module": "module.eventbridge",
      "mode": "data",
      "type": "aws_cloudwatch_event_bus",
      "name": "this",
      "provider": "provider[\"registry.terraform.io/hashicorp/aws\"]",
      "instances": [
        {
          "index_key": 0,
          "schema_version": 0,
          "attributes": {
            "arn": "arn:aws:events:us-west-2:958948421283:event-bus/default",
            "dead_letter_config": [],
            "description": "",
            "id": "default",
            "kms_key_identifier": "",
            "log_config": [],
            "name": "default",
            "region": "us-west-2"
          },
          "sensitive_attributes": []
        }
      ]
    },
    {
      "module": "module.eventbridge",
      "mode": "data",
      "type": "aws_iam_policy",
      "name": "tracing",
      "provider": "provider[\"registry.terraform.io/hashicorp/aws\"]",
      "instances": []
    },
    {
      "module": "module.eventbridge",
      "mode": "data",
      "type": "aws_iam_policy_document",
      "name": "additional_inline",
      "provider": "provider[\"registry.terraform.io/hashicorp/aws\"]",
      "instances": []
    },
    {
      "module": "module.eventbridge",
      "mode": "data",
      "type": "aws_iam_policy_document",
      "name": "api_destination",
      "provider": "provider[\"registry.terraform.io/hashicorp/aws\"]",
      "instances": []
    },
    {
      "module": "module.eventbridge",
      "mode": "data",
      "type": "aws_iam_policy_document",
      "name": "assume_role",
      "provider": "provider[\"registry.terraform.io/hashicorp/aws\"]",
      "instances": [
        {
          "index_key": 0,
          "schema_version": 0,
          "attributes": {
            "id": "335005817",
            "json": "{\n  \"Version\": \"2012-10-17\",\n  \"Statement\": [\n    {\n      \"Effect\": \"Allow\",\n      \"Action\": \"sts:AssumeRole\",\n      \"Principal\": {\n        \"Service\": \"events.amazonaws.com\"\n      }\n    }\n  ]\n}",
            "minified_json": "{\"Version\":\"2012-10-17\",\"Statement\":[{\"Effect\":\"Allow\",\"Action\":\"sts:AssumeRole\",\"Principal\":{\"Service\":\"events.amazonaws.com\"}}]}",
            "override_json": null,
            "override_policy_documents": null,
            "policy_id": null,
            "source_json": null,
            "source_policy_documents": null,
            "statement": [
              {
                "actions": [
                  "sts:AssumeRole"
                ],
                "condition": [],
                "effect": "Allow",
                "not_actions": [],
                "not_principals": [],
                "not_resources": [],
                "principals": [
                  {
                    "identifiers": [
                      "events.amazonaws.com"
                    ],
                    "type": "Service"
                  }
                ],
                "resources": [],
                "sid": ""
              }
            ],
            "version": "2012-10-17"
          },
          "sensitive_attributes": []
        }
      ]
    },
    {
      "module": "module.eventbridge",
      "mode": "data",
      "type": "aws_iam_policy_document",
      "name": "assume_role_pipe",
      "provider": "provider[\"registry.terraform.io/hashicorp/aws\"]",
      "instances": []
    },
    {
      "module": "module.eventbridge",
      "mode": "data",
      "type": "aws_iam_policy_document",
      "name": "cloudwatch",
      "provider": "provider[\"registry.terraform.io/hashicorp/aws\"]",
      "instances": []
    },
    {
      "module": "module.eventbridge",
      "mode": "data",
      "type": "aws_iam_policy_document",
      "name": "ecs",
      "provider": "provider[\"registry.terraform.io/hashicorp/aws\"]",
      "instances": []
    },
    {
      "module": "module.eventbridge",
      "mode": "data",
      "type": "aws_iam_policy_document",
      "name": "kinesis",
      "provider": "provider[\"registry.terraform.io/hashicorp/aws\"]",
      "instances": []
    },
    {
      "module": "module.eventbridge",
      "mode": "data",
      "type": "aws_iam_policy_document",
      "name": "kinesis_firehose",
      "provider": "provider[\"registry.terraform.io/hashicorp/aws\"]",
      "instances": []
    },
    {
      "module": "module.eventbridge",
      "mode": "data",
      "type": "aws_iam_policy_document",
      "name": "lambda",
      "provider": "provider[\"registry.terraform.io/hashicorp/aws\"]",
      "instances": []
    },
    {
      "module": "module.eventbridge",
      "mode": "data",
      "type": "aws_iam_policy_document",
      "name": "service",
      "provider": "provider[\"registry.terraform.io/hashicorp/aws\"]",
      "instances": []
    },
    {
      "module": "module.eventbridge",
      "mode": "data",
      "type": "aws_iam_policy_document",
      "name": "sfn",
      "provider": "provider[\"registry.terraform.io/hashicorp/aws\"]",
      "instances": []
    },
    {
      "module": "module.eventbridge",
      "mode": "data",
      "type": "aws_iam_policy_document",
      "name": "sns",
      "provider": "provider[\"registry.terraform.io/hashicorp/aws\"]",
      "instances": []
    },
    {
      "module": "module.eventbridge",
      "mode": "data",
      "type": "aws_iam_policy_document",
      "name": "sqs",
      "provider": "provider[\"registry.terraform.io/hashicorp/aws\"]",
      "instances": []
    },
    {
      "module": "module.eventbridge",
      "mode": "data",
      "type": "aws_partition",
      "name": "current",
      "provider": "provider[\"registry.terraform.io/hashicorp/aws\"]",
      "instances": [
        {
          "schema_version": 0,
          "attributes": {
            "dns_suffix": "amazonaws.com",
            "id": "aws",
            "partition": "aws",
            "reverse_dns_prefix": "com.amazonaws"
          },
          "sensitive_attributes": []
        }
      ]
    },
    {
      "module": "module.eventbridge",
      "mode": "data",
      "type": "aws_region",
      "name": "current",
      "provider": "provider[\"registry.terraform.io/hashicorp/aws\"]",
      "instances": [
        {
          "schema_version": 0,
          "attributes": {
            "description": "US West (Oregon)",
            "endpoint": "ec2.us-west-2.amazonaws.com",
            "id": "us-west-2",
            "name": "us-west-2",
            "region": "us-west-2"
          },
          "sensitive_attributes": []
        }
      ]
    },
    {
      "module": "module.eventbridge",
      "mode": "managed",
      "type": "aws_cloudwatch_event_api_destination",
      "name": "this",
      "provider": "provider[\"registry.terraform.io/hashicorp/aws\"]",
      "instances": []
    },
    {
      "module": "module.eventbridge",
      "mode": "managed",
      "type": "aws_cloudwatch_event_archive",
      "name": "this",
      "provider": "provider[\"registry.terraform.io/hashicorp/aws\"]",
      "instances": []
    },
    {
      "module": "module.eventbridge",
      "mode": "managed",
      "type": "aws_cloudwatch_event_bus",
      "name": "this",
      "provider": "provider[\"registry.terraform.io/hashicorp/aws\"]",
      "instances": []
    },
    {
      "module": "module.eventbridge",
      "mode": "managed",
      "type": "aws_cloudwatch_event_connection",
      "name": "this",
      "provider": "provider[\"registry.terraform.io/hashicorp/aws\"]",
      "instances": []
    },
    {
      "module": "module.eventbridge",
      "mode": "managed",
      "type": "aws_cloudwatch_event_permission",
      "name": "this",
      "provider": "provider[\"registry.terraform.io/hashicorp/aws\"]",
      "instances": []
    },
    {
      "module": "module.eventbridge",
      "mode": "managed",
      "type": "aws_cloudwatch_event_rule",
      "name": "this",
      "provider": "provider[\"registry.terraform.io/hashicorp/aws\"]",
      "instances": [
        {
          "index_key": "crons",
          "schema_version": 1,
          "attributes": {
            "arn": "arn:aws:events:us-west-2:958948421283:rule/crons-rule",
            "description": "Daily EC2 backup",
            "event_bus_name": "default",
            "event_pattern": null,
            "force_destroy": false,
            "id": "crons-rule",
            "is_enabled": true,
            "name": "crons-rule",
            "name_prefix": "",
            "region": "us-west-2",
            "role_arn": "",
            "schedule_expression": "cron(0 0 * * ? *)",
            "state": "ENABLED",
            "tags": {
              "Name": "crons-rule"
            },
            "tags_all": {
              "Environment": "dev",
              "Name": "crons-rule",
              "Project": "website-uptime-monitor",
              "Terraform": "true"
            }
          },
          "sensitive_attributes": [],
          "private": "eyJzY2hlbWFfdmVyc2lvbiI6IjEifQ==",
          "dependencies": [
            "module.eventbridge.aws_cloudwatch_event_bus.this",
            "module.eventbridge.aws_iam_role.eventbridge",
            "module.eventbridge.data.aws_iam_policy_document.assume_role"
          ],
          "create_before_destroy": true
        }
      ]
    },
    {
      "module": "module.eventbridge",
      "mode": "managed",
      "type": "aws_cloudwatch_event_target",
      "name": "this",
      "provider": "provider[\"registry.terraform.io/hashicorp/aws\"]",
      "instances": [
        {
          "index_key": "ec2-backup-lambda",
          "schema_version": 1,
          "attributes": {
            "appsync_target": [],
            "arn": "arn:aws:lambda:us-west-2:958948421283:function:website-uptime-monitor-fn-dev",
            "batch_target": [],
            "dead_letter_config": [],
            "ecs_target": [],
            "event_bus_name": "default",
            "force_destroy": false,
            "http_target": [],
            "id": "crons-rule-terraform-20251002101829503900000002",
            "input": "",
            "input_path": "",
            "input_transformer": [],
            "kinesis_target": [],
            "redshift_target": [],
            "region": "us-west-2",
            "retry_policy": [],
            "role_arn": "",
            "rule": "crons-rule",
            "run_command_targets": [],
            "sagemaker_pipeline_target": [],
            "sqs_target": [],
            "target_id": "terraform-20251002101829503900000002"
          },
          "sensitive_attributes": [],
          "private": "eyJzY2hlbWFfdmVyc2lvbiI6IjEifQ==",
          "dependencies": [
            "module.dynamodb_table.aws_dynamodb_table.autoscaled",
            "module.dynamodb_table.aws_dynamodb_table.autoscaled_gsi_ignore",
            "module.dynamodb_table.aws_dynamodb_table.this",
            "module.eventbridge.aws_cloudwatch_event_api_destination.this",
            "module.eventbridge.aws_cloudwatch_event_bus.this",
            "module.eventbridge.aws_cloudwatch_event_connection.this",
            "module.eventbridge.aws_cloudwatch_event_rule.this",
            "module.eventbridge.aws_iam_role.eventbridge",
            "module.eventbridge.data.aws_iam_policy_document.assume_role",
            "module.lambda_function.aws_cloudwatch_log_group.lambda",
            "module.lambda_function.aws_iam_role.lambda",
            "module.lambda_function.aws_iam_role_policy.additional_inline",
            "module.lambda_function.aws_iam_role_policy.additional_json",
            "module.lambda_function.aws_iam_role_policy.additional_jsons",
            "module.lambda_function.aws_iam_role_policy.async",
            "module.lambda_function.aws_iam_role_policy.dead_letter",
            "module.lambda_function.aws_iam_role_policy.logs",
            "module.lambda_function.aws_iam_role_policy.tracing",
            "module.lambda_function.aws_iam_role_policy.vpc",
            "module.lambda_function.aws_iam_role_policy_attachment.additional_many",
            "module.lambda_function.aws_iam_role_policy_attachment.additional_one",
            "module.lambda_function.aws_lambda_function.this",
            "module.lambda_function.aws_s3_object.lambda_package",
            "module.lambda_function.data.aws_arn.log_group_arn",
            "module.lambda_function.data.aws_cloudwatch_log_group.lambda",
            "module.lambda_function.data.aws_iam_policy.tracing",
            "module.lambda_function.data.aws_iam_policy.vpc",
            "module.lambda_function.data.aws_iam_policy_document.additional_inline",
            "module.lambda_function.data.aws_iam_policy_document.assume_role",
            "module.lambda_function.data.aws_iam_policy_document.async",
            "module.lambda_function.data.aws_iam_policy_document.dead_letter",
            "module.lambda_function.data.aws_iam_policy_document.logs",
            "module.lambda_function.data.aws_partition.current",
            "module.lambda_function.data.external.archive_prepare",
            "module.lambda_function.local_file.archive_plan",
            "module.lambda_function.null_resource.archive",
            "module.sns_topic.aws_sns_topic.this"
          ]
        }
      ]
    },
    {
      "module": "module.eventbridge",
      "mode": "managed",
      "type": "aws_iam_policy",
      "name": "additional_inline",
      "provider": "provider[\"registry.terraform.io/hashicorp/aws\"]",
      "instances": []
    },
    {
      "module": "module.eventbridge",
      "mode": "managed",
      "type": "aws_iam_policy",
      "name": "additional_json",
      "provider": "provider[\"registry.terraform.io/hashicorp/aws\"]",
      "instances": []
    },
    {
      "module": "module.eventbridge",
      "mode": "managed",
      "type": "aws_iam_policy",
      "name": "additional_jsons",
      "provider": "provider[\"registry.terraform.io/hashicorp/aws\"]",
      "instances": []
    },
    {
      "module": "module.eventbridge",
      "mode": "managed",
      "type": "aws_iam_policy",
      "name": "api_destination",
      "provider": "provider[\"registry.terraform.io/hashicorp/aws\"]",
      "instances": []
    },
    {
      "module": "module.eventbridge",
      "mode": "managed",
      "type": "aws_iam_policy",
      "name": "cloudwatch",
      "provider": "provider[\"registry.terraform.io/hashicorp/aws\"]",
      "instances": []
    },
    {
      "module": "module.eventbridge",
      "mode": "managed",
      "type": "aws_iam_policy",
      "name": "ecs",
      "provider": "provider[\"registry.terraform.io/hashicorp/aws\"]",
      "instances": []
    },
    {
      "module": "module.eventbridge",
      "mode": "managed",
      "type": "aws_iam_policy",
      "name": "kinesis",
      "provider": "provider[\"registry.terraform.io/hashicorp/aws\"]",
      "instances": []
    },
    {
      "module": "module.eventbridge",
      "mode": "managed",
      "type": "aws_iam_policy",
      "name": "kinesis_firehose",
      "provider": "provider[\"registry.terraform.io/hashicorp/aws\"]",
      "instances": []
    },
    {
      "module": "module.eventbridge",
      "mode": "managed",
      "type": "aws_iam_policy",
      "name": "lambda",
      "provider": "provider[\"registry.terraform.io/hashicorp/aws\"]",
      "instances": []
    },
    {
      "module": "module.eventbridge",
      "mode": "managed",
      "type": "aws_iam_policy",
      "name": "service",
      "provider": "provider[\"registry.terraform.io/hashicorp/aws\"]",
      "instances": []
    },
    {
      "module": "module.eventbridge",
      "mode": "managed",
      "type": "aws_iam_policy",
      "name": "sfn",
      "provider": "provider[\"registry.terraform.io/hashicorp/aws\"]",
      "instances": []
    },
    {
      "module": "module.eventbridge",
      "mode": "managed",
      "type": "aws_iam_policy",
      "name": "sns",
      "provider": "provider[\"registry.terraform.io/hashicorp/aws\"]",
      "instances": []
    },
    {
      "module": "module.eventbridge",
      "mode": "managed",
      "type": "aws_iam_policy",
      "name": "sqs",
      "provider": "provider[\"registry.terraform.io/hashicorp/aws\"]",
      "instances": []
    },
    {
      "module": "module.eventbridge",
      "mode": "managed",
      "type": "aws_iam_policy",
      "name": "tracing",
      "provider": "provider[\"registry.terraform.io/hashicorp/aws\"]",
      "instances": []
    },
    {
      "module": "module.eventbridge",
      "mode": "managed",
      "type": "aws_iam_policy_attachment",
      "name": "additional_inline",
      "provider": "provider[\"registry.terraform.io/hashicorp/aws\"]",
      "instances": []
    },
    {
      "module": "module.eventbridge",
      "mode": "managed",
      "type": "aws_iam_policy_attachment",
      "name": "additional_json",
      "provider": "provider[\"registry.terraform.io/hashicorp/aws\"]",
      "instances": []
    },
    {
      "module": "module.eventbridge",
      "mode": "managed",
      "type": "aws_iam_policy_attachment",
      "name": "additional_jsons",
      "provider": "provider[\"registry.terraform.io/hashicorp/aws\"]",
      "instances": []
    },
    {
      "module": "module.eventbridge",
      "mode": "managed",
      "type": "aws_iam_policy_attachment",
      "name": "api_destination",
      "provider": "provider[\"registry.terraform.io/hashicorp/aws\"]",
      "instances": []
    },
    {
      "module": "module.eventbridge",
      "mode": "managed",
      "type": "aws_iam_policy_attachment",
      "name": "cloudwatch",
      "provider": "provider[\"registry.terraform.io/hashicorp/aws\"]",
      "instances": []
    },
    {
      "module": "module.eventbridge",
      "mode": "managed",
      "type": "aws_iam_policy_attachment",
      "name": "ecs",
      "provider": "provider[\"registry.terraform.io/hashicorp/aws\"]",
      "instances": []
    },
    {
      "module": "module.eventbridge",
      "mode": "managed",
      "type": "aws_iam_policy_attachment",
      "name": "kinesis",
      "provider": "provider[\"registry.terraform.io/hashicorp/aws\"]",
      "instances": []
    },
    {
      "module": "module.eventbridge",
      "mode": "managed",
      "type": "aws_iam_policy_attachment",
      "name": "kinesis_firehose",
      "provider": "provider[\"registry.terraform.io/hashicorp/aws\"]",
      "instances": []
    },
    {
      "module": "module.eventbridge",
      "mode": "managed",
      "type": "aws_iam_policy_attachment",
      "name": "lambda",
      "provider": "provider[\"registry.terraform.io/hashicorp/aws\"]",
      "instances": []
    },
    {
      "module": "module.eventbridge",
      "mode": "managed",
      "type": "aws_iam_policy_attachment",
      "name": "service",
      "provider": "provider[\"registry.terraform.io/hashicorp/aws\"]",
      "instances": []
    },
    {
      "module": "module.eventbridge",
      "mode": "managed",
      "type": "aws_iam_policy_attachment",
      "name": "sfn",
      "provider": "provider[\"registry.terraform.io/hashicorp/aws\"]",
      "instances": []
    },
    {
      "module": "module.eventbridge",
      "mode": "managed",
      "type": "aws_iam_policy_attachment",
      "name": "sns",
      "provider": "provider[\"registry.terraform.io/hashicorp/aws\"]",
      "instances": []
    },
    {
      "module": "module.eventbridge",
      "mode": "managed",
      "type": "aws_iam_policy_attachment",
      "name": "sqs",
      "provider": "provider[\"registry.terraform.io/hashicorp/aws\"]",
      "instances": []
    },
    {
      "module": "module.eventbridge",
      "mode": "managed",
      "type": "aws_iam_policy_attachment",
      "name": "tracing",
      "provider": "provider[\"registry.terraform.io/hashicorp/aws\"]",
      "instances": []
    },
    {
      "module": "module.eventbridge",
      "mode": "managed",
      "type": "aws_iam_role",
      "name": "eventbridge",
      "provider": "provider[\"registry.terraform.io/hashicorp/aws\"]",
      "instances": [
        {
          "index_key": 0,
          "schema_version": 0,
          "attributes": {
            "arn": "arn:aws:iam::958948421283:role/default",
            "assume_role_policy": "{\"Statement\":[{\"Action\":\"sts:AssumeRole\",\"Effect\":\"Allow\",\"Principal\":{\"Service\":\"events.amazonaws.com\"}}],\"Version\":\"2012-10-17\"}",
            "create_date": "2025-10-02T10:18:13Z",
            "description": "",
            "force_detach_policies": true,
            "id": "default",
            "inline_policy": [],
            "managed_policy_arns": [],
            "max_session_duration": 3600,
            "name": "default",
            "name_prefix": "",
            "path": "/",
            "permissions_boundary": "",
            "tags": {
              "Name": "default"
            },
            "tags_all": {
              "Environment": "dev",
              "Name": "default",
              "Project": "website-uptime-monitor",
              "Terraform": "true"
            },
            "unique_id": "AROA56ROHV2R3AXD4I4HP"
          },
          "sensitive_attributes": [],
          "private": "bnVsbA==",
          "dependencies": [
            "module.eventbridge.data.aws_iam_policy_document.assume_role"
          ],
          "create_before_destroy": true
        }
      ]
    },
    {
      "module": "module.eventbridge",
      "mode": "managed",
      "type": "aws_iam_role",
      "name": "eventbridge_pipe",
      "provider": "provider[\"registry.terraform.io/hashicorp/aws\"]",
      "instances": []
    },
    {
      "module": "module.eventbridge",
      "mode": "managed",
      "type": "aws_iam_role_policy_attachment",
      "name": "additional_many",
      "provider": "provider[\"registry.terraform.io/hashicorp/aws\"]",
      "instances": []
    },
    {
      "module": "module.eventbridge",
      "mode": "managed",
      "type": "aws_iam_role_policy_attachment",
      "name": "additional_one",
      "provider": "provider[\"registry.terraform.io/hashicorp/aws\"]",
      "instances": []
    },
    {
      "module": "module.eventbridge",
      "mode": "managed",
      "type": "aws_pipes_pipe",
      "name": "this",
      "provider": "provider[\"registry.terraform.io/hashicorp/aws\"]",
      "instances": []
    },
    {
      "module": "module.eventbridge",
      "mode": "managed",
      "type": "aws_scheduler_schedule",
      "name": "this",
      "provider": "provider[\"registry.terraform.io/hashicorp/aws\"]",
      "instances": []
    },
    {
      "module": "module.eventbridge",
      "mode": "managed",
      "type": "aws_scheduler_schedule_group",
      "name": "this",
      "provider": "provider[\"registry.terraform.io/hashicorp/aws\"]",
      "instances": []
    },
    {
      "module": "module.eventbridge",
      "mode": "managed",
      "type": "aws_schemas_discoverer",
      "name": "this",
      "provider": "provider[\"registry.terraform.io/hashicorp/aws\"]",
      "instances": []
    },
    {
      "module": "module.lambda_function",
      "mode": "data",
      "type": "aws_arn",
      "name": "log_group_arn",
      "provider": "provider[\"registry.terraform.io/hashicorp/aws\"]",
      "instances": []
    },
    {
      "module": "module.lambda_function",
      "mode": "data",
      "type": "aws_caller_identity",
      "name": "current",
      "provider": "provider[\"registry.terraform.io/hashicorp/aws\"]",
      "instances": [
        {
          "schema_version": 0,
          "attributes": {
            "account_id": "958948421283",
            "arn": "arn:aws:iam::958948421283:user/cli-user",
            "id": "958948421283",
            "user_id": "AIDA56ROHV2RRL33TY4LX"
          },
          "sensitive_attributes": []
        }
      ]
    },
    {
      "module": "module.lambda_function",
      "mode": "data",
      "type": "aws_cloudwatch_log_group",
      "name": "lambda",
      "provider": "provider[\"registry.terraform.io/hashicorp/aws\"]",
      "instances": []
    },
    {
      "module": "module.lambda_function",
      "mode": "data",
      "type": "aws_iam_policy",
      "name": "tracing",
      "provider": "provider[\"registry.terraform.io/hashicorp/aws\"]",
      "instances": []
    },
    {
      "module": "module.lambda_function",
      "mode": "data",
      "type": "aws_iam_policy",
      "name": "vpc",
      "provider": "provider[\"registry.terraform.io/hashicorp/aws\"]",
      "instances": []
    },
    {
      "module": "module.lambda_function",
      "mode": "data",
      "type": "aws_iam_policy_document",
      "name": "additional_inline",
      "provider": "provider[\"registry.terraform.io/hashicorp/aws\"]",
      "instances": []
    },
    {
      "module": "module.lambda_function",
      "mode": "data",
      "type": "aws_iam_policy_document",
      "name": "assume_role",
      "provider": "provider[\"registry.terraform.io/hashicorp/aws\"]",
      "instances": [
        {
          "index_key": 0,
          "schema_version": 0,
          "attributes": {
            "id": "1604711841",
            "json": "{\n  \"Version\": \"2012-10-17\",\n  \"Statement\": [\n    {\n      \"Effect\": \"Allow\",\n      \"Action\": \"sts:AssumeRole\",\n      \"Principal\": {\n        \"Service\": \"lambda.amazonaws.com\"\n      }\n    }\n  ]\n}",
            "minified_json": "{\"Version\":\"2012-10-17\",\"Statement\":[{\"Effect\":\"Allow\",\"Action\":\"sts:AssumeRole\",\"Principal\":{\"Service\":\"lambda.amazonaws.com\"}}]}",
            "override_json": null,
            "override_policy_documents": null,
            "policy_id": null,
            "source_json": null,
            "source_policy_documents": null,
            "statement": [
              {
                "actions": [
                  "sts:AssumeRole"
                ],
                "condition": [],
                "effect": "Allow",
                "not_actions": [],
                "not_principals": [],
                "not_resources": [],
                "principals": [
                  {
                    "identifiers": [
                      "lambda.amazonaws.com"
                    ],
                    "type": "Service"
                  }
                ],
                "resources": [],
                "sid": ""
              }
            ],
            "version": "2012-10-17"
          },
          "sensitive_attributes": []
        }
      ]
    },
    {
      "module": "module.lambda_function",
      "mode": "data",
      "type": "aws_iam_policy_document",
      "name": "async",
      "provider": "provider[\"registry.terraform.io/hashicorp/aws\"]",
      "instances": []
    },
    {
      "module": "module.lambda_function",
      "mode": "data",
      "type": "aws_iam_policy_document",
      "name": "dead_letter",
      "provider": "provider[\"registry.terraform.io/hashicorp/aws\"]",
      "instances": []
    },
    {
      "module": "module.lambda_function",
      "mode": "data",
      "type": "aws_iam_policy_document",
      "name": "logs",
      "provider": "provider[\"registry.terraform.io/hashicorp/aws\"]",
      "instances": [
        {
          "index_key": 0,
          "schema_version": 0,
          "attributes": {
            "id": "1300080092",
            "json": "{\n  \"Version\": \"2012-10-17\",\n  \"Statement\": [\n    {\n      \"Effect\": \"Allow\",\n      \"Action\": [\n        \"logs:PutLogEvents\",\n        \"logs:CreateLogStream\",\n        \"logs:CreateLogGroup\"\n      ],\n      \"Resource\": [\n        \"arn:aws:logs:us-west-2:958948421283:log-group:/aws/lambda/website-uptime-monitor-fn-dev:*:*\",\n        \"arn:aws:logs:us-west-2:958948421283:log-group:/aws/lambda/website-uptime-monitor-fn-dev:*\"\n      ]\n    }\n  ]\n}",
            "minified_json": "{\"Version\":\"2012-10-17\",\"Statement\":[{\"Effect\":\"Allow\",\"Action\":[\"logs:PutLogEvents\",\"logs:CreateLogStream\",\"logs:CreateLogGroup\"],\"Resource\":[\"arn:aws:logs:us-west-2:958948421283:log-group:/aws/lambda/website-uptime-monitor-fn-dev:*:*\",\"arn:aws:logs:us-west-2:958948421283:log-group:/aws/lambda/website-uptime-monitor-fn-dev:*\"]}]}",
            "override_json": null,
            "override_policy_documents": null,
            "policy_id": null,
            "source_json": null,
            "source_policy_documents": null,
            "statement": [
              {
                "actions": [
                  "logs:CreateLogGroup",
                  "logs:CreateLogStream",
                  "logs:PutLogEvents"
                ],
                "condition": [],
                "effect": "Allow",
                "not_actions": [],
                "not_principals": [],
                "not_resources": [],
                "principals": [],
                "resources": [
                  "arn:aws:logs:us-west-2:958948421283:log-group:/aws/lambda/website-uptime-monitor-fn-dev:*",
                  "arn:aws:logs:us-west-2:958948421283:log-group:/aws/lambda/website-uptime-monitor-fn-dev:*:*"
                ],
                "sid": ""
              }
            ],
            "version": "2012-10-17"
          },
          "sensitive_attributes": []
        }
      ]
    },
    {
      "module": "module.lambda_function",
      "mode": "data",
      "type": "aws_partition",
      "name": "current",
      "provider": "provider[\"registry.terraform.io/hashicorp/aws\"]",
      "instances": [
        {
          "schema_version": 0,
          "attributes": {
            "dns_suffix": "amazonaws.com",
            "id": "aws",
            "partition": "aws",
            "reverse_dns_prefix": "com.amazonaws"
          },
          "sensitive_attributes": []
        }
      ]
    },
    {
      "module": "module.lambda_function",
      "mode": "data",
      "type": "aws_region",
      "name": "current",
      "provider": "provider[\"registry.terraform.io/hashicorp/aws\"]",
      "instances": [
        {
          "schema_version": 0,
          "attributes": {
            "description": "US West (Oregon)",
            "endpoint": "ec2.us-west-2.amazonaws.com",
            "id": "us-west-2",
            "name": "us-west-2",
            "region": "us-west-2"
          },
          "sensitive_attributes": []
        }
      ]
    },
    {
      "module": "module.lambda_function",
      "mode": "data",
      "type": "external",
      "name": "archive_prepare",
      "provider": "provider[\"registry.terraform.io/hashicorp/external\"]",
      "instances": [
        {
          "index_key": 0,
          "schema_version": 0,
          "attributes": {
            "id": "-",
            "program": [
              "python.exe",
              ".terraform/modules/lambda_function/package.py",
              "prepare"
            ],
            "query": {
              "artifacts_dir": "./.terraform/lambda-builds/",
              "docker": null,
              "hash_extra": "",
              "hash_extra_paths": "[]",
              "paths": "{\"cwd\":\"E:/Internal/Desktop/devops/aws-website-uptime-monitor\",\"module\":\".terraform/modules/lambda_function\",\"root\":\".\"}",
              "recreate_missing_package": "true",
              "runtime": "nodejs22.x",
              "source_path": "[\"./lambda/lambda_function.mjs\",{\"npm_requirements\":\"./lambda/package.json\"}]"
            },
            "result": {
              "build_plan": "{\"filename\": \"./.terraform/lambda-builds/f785c738819d1e605c3ff00b9f4676c1dc8637af17712dd7656d29b98a7b6284.zip\", \"runtime\": \"nodejs22.x\", \"artifacts_dir\": \"./.terraform/lambda-builds/\", \"build_plan\": [[[\"zip\", \"./lambda/lambda_function.mjs\", null]], [[\"npm\", \"nodejs22.x\", \"./lambda/package.json\", null, null]]]}",
              "build_plan_filename": "./.terraform/lambda-builds/f785c738819d1e605c3ff00b9f4676c1dc8637af17712dd7656d29b98a7b6284.plan.json",
              "filename": "./.terraform/lambda-builds/f785c738819d1e605c3ff00b9f4676c1dc8637af17712dd7656d29b98a7b6284.zip",
              "timestamp": "1759402124877279000",
              "was_missing": "true"
            },
            "working_dir": null
          },
          "sensitive_attributes": []
        }
      ]
    },
    {
      "module": "module.lambda_function",
      "mode": "managed",
      "type": "aws_cloudwatch_log_group",
      "name": "lambda",
      "provider": "provider[\"registry.terraform.io/hashicorp/aws\"]",
      "instances": [
        {
          "index_key": 0,
          "schema_version": 0,
          "attributes": {
            "arn": "arn:aws:logs:us-west-2:958948421283:log-group:/aws/lambda/website-uptime-monitor-fn-dev",
            "id": "/aws/lambda/website-uptime-monitor-fn-dev",
            "kms_key_id": "",
            "log_group_class": "STANDARD",
            "name": "/aws/lambda/website-uptime-monitor-fn-dev",
            "name_prefix": "",
            "region": "us-west-2",
            "retention_in_days": 0,
            "skip_destroy": false,
            "tags": {},
            "tags_all": {
              "Environment": "dev",
              "Project": "website-uptime-monitor",
              "Terraform": "true"
            }
          },
          "sensitive_attributes": [],
          "private": "bnVsbA==",
          "create_before_destroy": true
        }
      ]
    },
    {
      "module": "module.lambda_function",
      "mode": "managed",
      "type": "aws_iam_role",
      "name": "lambda",
      "provider": "provider[\"registry.terraform.io/hashicorp/aws\"]",
      "instances": [
        {
          "index_key": 0,
          "schema_version": 0,
          "attributes": {
            "arn": "arn:aws:iam::958948421283:role/website-uptime-monitor-fn-dev",
            "assume_role_policy": "{\"Statement\":[{\"Action\":\"sts:AssumeRole\",\"Effect\":\"Allow\",\"Principal\":{\"Service\":\"lambda.amazonaws.com\"}}],\"Version\":\"2012-10-17\"}",
            "create_date": "2025-10-02T10:25:16Z",
            "description": "",
            "force_detach_policies": true,
            "id": "website-uptime-monitor-fn-dev",
            "inline_policy": [
              {
                "name": "website-uptime-monitor-fn-dev",
                "policy": "{\"Version\":\"2012-10-17\",\"Statement\":[{\"Action\":[\"dynamodb:PutItem\"],\"Effect\":\"Allow\",\"Resource\":\"arn:aws:dynamodb:us-west-2:958948421283:table/website-uptime-monitor-dynamodb-dev\",\"Sid\":\"DynamoDBWriteAccess\"},{\"Action\":[\"sns:Publish\"],\"Effect\":\"Allow\",\"Resource\":\"arn:aws:sns:us-west-2:958948421283:website-uptime-monitor-sns-dev\",\"Sid\":\"SNSPublishAccess\"},{\"Action\":[\"logs:CreateLogGroup\",\"logs:CreateLogStream\",\"logs:PutLogEvents\"],\"Effect\":\"Allow\",\"Resource\":\"*\",\"Sid\":\"CloudWatchLogsAccess\"}]}"
              },
              {
                "name": "website-uptime-monitor-fn-dev-logs",
                "policy": "{\"Version\":\"2012-10-17\",\"Statement\":[{\"Action\":[\"logs:PutLogEvents\",\"logs:CreateLogStream\",\"logs:CreateLogGroup\"],\"Effect\":\"Allow\",\"Resource\":[\"arn:aws:logs:us-west-2:958948421283:log-group:/aws/lambda/website-uptime-monitor-fn-dev:*:*\",\"arn:aws:logs:us-west-2:958948421283:log-group:/aws/lambda/website-uptime-monitor-fn-dev:*\"]}]}"
              }
            ],
            "managed_policy_arns": [],
            "max_session_duration": 3600,
            "name": "website-uptime-monitor-fn-dev",
            "name_prefix": "",
            "path": "/",
            "permissions_boundary": "",
            "tags": {},
            "tags_all": {
              "Environment": "dev",
              "Project": "website-uptime-monitor",
              "Terraform": "true"
            },
            "unique_id": "AROA56ROHV2RXHAUBB7TP"
          },
          "sensitive_attributes": [],
          "private": "bnVsbA==",
          "dependencies": [
            "module.lambda_function.data.aws_iam_policy_document.assume_role"
          ],
          "create_before_destroy": true
        }
      ]
    },
    {
      "module": "module.lambda_function",
      "mode": "managed",
      "type": "aws_iam_role_policy",
      "name": "additional_inline",
      "provider": "provider[\"registry.terraform.io/hashicorp/aws\"]",
      "instances": []
    },
    {
      "module": "module.lambda_function",
      "mode": "managed",
      "type": "aws_iam_role_policy",
      "name": "additional_json",
      "provider": "provider[\"registry.terraform.io/hashicorp/aws\"]",
      "instances": [
        {
          "index_key": 0,
          "schema_version": 0,
          "attributes": {
            "id": "website-uptime-monitor-fn-dev:website-uptime-monitor-fn-dev",
            "name": "website-uptime-monitor-fn-dev",
            "name_prefix": "",
            "policy": "{\"Version\":\"2012-10-17\",\"Statement\":[{\"Action\":[\"dynamodb:PutItem\"],\"Effect\":\"Allow\",\"Resource\":\"arn:aws:dynamodb:us-west-2:958948421283:table/website-uptime-monitor-dynamodb-dev\",\"Sid\":\"DynamoDBWriteAccess\"},{\"Action\":[\"sns:Publish\"],\"Effect\":\"Allow\",\"Resource\":\"arn:aws:sns:us-west-2:958948421283:website-uptime-monitor-sns-dev\",\"Sid\":\"SNSPublishAccess\"},{\"Action\":[\"logs:CreateLogGroup\",\"logs:CreateLogStream\",\"logs:PutLogEvents\"],\"Effect\":\"Allow\",\"Resource\":\"*\",\"Sid\":\"CloudWatchLogsAccess\"}]}",
            "role": "website-uptime-monitor-fn-dev"
          },
          "sensitive_attributes": [],
          "private": "bnVsbA==",
          "dependencies": [
            "module.dynamodb_table.aws_dynamodb_table.autoscaled",
            "module.dynamodb_table.aws_dynamodb_table.autoscaled_gsi_ignore",
            "module.dynamodb_table.aws_dynamodb_table.this",
            "module.lambda_function.aws_iam_role.lambda",
            "module.lambda_function.data.aws_iam_policy_document.assume_role",
            "module.sns_topic.aws_sns_topic.this"
          ],
          "create_before_destroy": true
        }
      ]
    },
    {
      "module": "module.lambda_function",
      "mode": "managed",
      "type": "aws_iam_role_policy",
      "name": "additional_jsons",
      "provider": "provider[\"registry.terraform.io/hashicorp/aws\"]",
      "instances": []
    },
    {
      "module": "module.lambda_function",
      "mode": "managed",
      "type": "aws_iam_role_policy",
      "name": "async",
      "provider": "provider[\"registry.terraform.io/hashicorp/aws\"]",
      "instances": []
    },
    {
      "module": "module.lambda_function",
      "mode": "managed",
      "type": "aws_iam_role_policy",
      "name": "dead_letter",
      "provider": "provider[\"registry.terraform.io/hashicorp/aws\"]",
      "instances": []
    },
    {
      "module": "module.lambda_function",
      "mode": "managed",
      "type": "aws_iam_role_policy",
      "name": "logs",
      "provider": "provider[\"registry.terraform.io/hashicorp/aws\"]",
      "instances": [
        {
          "index_key": 0,
          "schema_version": 0,
          "attributes": {
            "id": "website-uptime-monitor-fn-dev:website-uptime-monitor-fn-dev-logs",
            "name": "website-uptime-monitor-fn-dev-logs",
            "name_prefix": "",
            "policy": "{\"Version\":\"2012-10-17\",\"Statement\":[{\"Action\":[\"logs:PutLogEvents\",\"logs:CreateLogStream\",\"logs:CreateLogGroup\"],\"Effect\":\"Allow\",\"Resource\":[\"arn:aws:logs:us-west-2:958948421283:log-group:/aws/lambda/website-uptime-monitor-fn-dev:*:*\",\"arn:aws:logs:us-west-2:958948421283:log-group:/aws/lambda/website-uptime-monitor-fn-dev:*\"]}]}",
            "role": "website-uptime-monitor-fn-dev"
          },
          "sensitive_attributes": [],
          "private": "bnVsbA==",
          "dependencies": [
            "module.lambda_function.aws_cloudwatch_log_group.lambda",
            "module.lambda_function.aws_iam_role.lambda",
            "module.lambda_function.data.aws_arn.log_group_arn",
            "module.lambda_function.data.aws_cloudwatch_log_group.lambda",
            "module.lambda_function.data.aws_iam_policy_document.assume_role",
            "module.lambda_function.data.aws_iam_policy_document.logs"
          ],
          "create_before_destroy": true
        }
      ]
    },
    {
      "module": "module.lambda_function",
      "mode": "managed",
      "type": "aws_iam_role_policy",
      "name": "tracing",
      "provider": "provider[\"registry.terraform.io/hashicorp/aws\"]",
      "instances": []
    },
    {
      "module": "module.lambda_function",
      "mode": "managed",
      "type": "aws_iam_role_policy",
      "name": "vpc",
      "provider": "provider[\"registry.terraform.io/hashicorp/aws\"]",
      "instances": []
    },
    {
      "module": "module.lambda_function",
      "mode": "managed",
      "type": "aws_iam_role_policy_attachment",
      "name": "additional_many",
      "provider": "provider[\"registry.terraform.io/hashicorp/aws\"]",
      "instances": []
    },
    {
      "module": "module.lambda_function",
      "mode": "managed",
      "type": "aws_iam_role_policy_attachment",
      "name": "additional_one",
      "provider": "provider[\"registry.terraform.io/hashicorp/aws\"]",
      "instances": []
    },
    {
      "module": "module.lambda_function",
      "mode": "managed",
      "type": "aws_lambda_function",
      "name": "this",
      "provider": "provider[\"registry.terraform.io/hashicorp/aws\"]",
      "instances": [
        {
          "index_key": 0,
          "schema_version": 0,
          "attributes": {
            "architectures": [
              "x86_64"
            ],
            "arn": "arn:aws:lambda:us-west-2:958948421283:function:website-uptime-monitor-fn-dev",
            "code_sha256": "Q3p8HwNUd/tEjQqr+b+aS4grEmVBeFu2dFf7ckjNRh0=",
            "code_signing_config_arn": "",
            "dead_letter_config": [],
            "description": "",
            "environment": [
              {
                "variables": {
                  "DYNAMODB_TABLE": "website-uptime-monitor-dynamodb-dev",
                  "ENVIRONMENT": "dev",
                  "EXPECTED_KEYWORD": "Example Domain",
                  "SNS_TOPIC_ARN": "arn:aws:sns:us-west-2:958948421283:website-uptime-monitor-sns-dev",
                  "WEBSITE_URL": "https://example.com/"
                }
              }
            ],
            "ephemeral_storage": [
              {
                "size": 512
              }
            ],
            "file_system_config": [],
            "filename": "./.terraform/lambda-builds/f785c738819d1e605c3ff00b9f4676c1dc8637af17712dd7656d29b98a7b6284.zip",
            "function_name": "website-uptime-monitor-fn-dev",
            "handler": "lambda_function.handler",
            "id": "website-uptime-monitor-fn-dev",
            "image_config": [],
            "image_uri": "",
            "invoke_arn": "arn:aws:apigateway:us-west-2:lambda:path/2015-03-31/functions/arn:aws:lambda:us-west-2:958948421283:function:website-uptime-monitor-fn-dev/invocations",
            "kms_key_arn": "",
            "last_modified": "2025-10-02T10:48:59.000+0000",
            "layers": [],
            "logging_config": [
              {
                "application_log_level": "",
                "log_format": "Text",
                "log_group": "/aws/lambda/website-uptime-monitor-fn-dev",
                "system_log_level": ""
              }
            ],
            "memory_size": 128,
            "package_type": "Zip",
            "publish": false,
            "qualified_arn": "arn:aws:lambda:us-west-2:958948421283:function:website-uptime-monitor-fn-dev:$LATEST",
            "qualified_invoke_arn": "arn:aws:apigateway:us-west-2:lambda:path/2015-03-31/functions/arn:aws:lambda:us-west-2:958948421283:function:website-uptime-monitor-fn-dev:$LATEST/invocations",
            "region": "us-west-2",
            "replace_security_groups_on_destroy": null,
            "replacement_security_group_ids": null,
            "reserved_concurrent_executions": -1,
            "role": "arn:aws:iam::958948421283:role/website-uptime-monitor-fn-dev",
            "runtime": "nodejs22.x",
            "s3_bucket": null,
            "s3_key": null,
            "s3_object_version": null,
            "signing_job_arn": "",
            "signing_profile_version_arn": "",
            "skip_destroy": false,
            "snap_start": [],
            "source_code_hash": "HYkpH4wkWCrfWl/32+Gm+cnYUNAuZlXjiuCKTbhHho0=",
            "source_code_size": 83100,
            "source_kms_key_arn": "",
            "tags": {
              "terraform-aws-modules": "lambda"
            },
            "tags_all": {
              "Environment": "dev",
              "Project": "website-uptime-monitor",
              "Terraform": "true",
              "terraform-aws-modules": "lambda"
            },
            "timeout": 3,
            "timeouts": null,
            "tracing_config": [
              {
                "mode": "PassThrough"
              }
            ],
            "version": "$LATEST",
            "vpc_config": []
          },
          "sensitive_attributes": [],
          "private": "eyJlMmJmYjczMC1lY2FhLTExZTYtOGY4OC0zNDM2M2JjN2M0YzAiOnsiY3JlYXRlIjo2MDAwMDAwMDAwMDAsImRlbGV0ZSI6NjAwMDAwMDAwMDAwLCJ1cGRhdGUiOjYwMDAwMDAwMDAwMH19",
          "dependencies": [
            "module.dynamodb_table.aws_dynamodb_table.autoscaled",
            "module.dynamodb_table.aws_dynamodb_table.autoscaled_gsi_ignore",
            "module.dynamodb_table.aws_dynamodb_table.this",
            "module.lambda_function.aws_cloudwatch_log_group.lambda",
            "module.lambda_function.aws_iam_role.lambda",
            "module.lambda_function.aws_iam_role_policy.additional_inline",
            "module.lambda_function.aws_iam_role_policy.additional_json",
            "module.lambda_function.aws_iam_role_policy.additional_jsons",
            "module.lambda_function.aws_iam_role_policy.async",
            "module.lambda_function.aws_iam_role_policy.dead_letter",
            "module.lambda_function.aws_iam_role_policy.logs",
            "module.lambda_function.aws_iam_role_policy.tracing",
            "module.lambda_function.aws_iam_role_policy.vpc",
            "module.lambda_function.aws_iam_role_policy_attachment.additional_many",
            "module.lambda_function.aws_iam_role_policy_attachment.additional_one",
            "module.lambda_function.aws_s3_object.lambda_package",
            "module.lambda_function.data.aws_arn.log_group_arn",
            "module.lambda_function.data.aws_cloudwatch_log_group.lambda",
            "module.lambda_function.data.aws_iam_policy.tracing",
            "module.lambda_function.data.aws_iam_policy.vpc",
            "module.lambda_function.data.aws_iam_policy_document.additional_inline",
            "module.lambda_function.data.aws_iam_policy_document.assume_role",
            "module.lambda_function.data.aws_iam_policy_document.async",
            "module.lambda_function.data.aws_iam_policy_document.dead_letter",
            "module.lambda_function.data.aws_iam_policy_document.logs",
            "module.lambda_function.data.aws_partition.current",
            "module.lambda_function.data.external.archive_prepare",
            "module.lambda_function.local_file.archive_plan",
            "module.lambda_function.null_resource.archive",
            "module.sns_topic.aws_sns_topic.this"
          ],
          "create_before_destroy": true
        }
      ]
    },
    {
      "module": "module.lambda_function",
      "mode": "managed",
      "type": "aws_lambda_layer_version",
      "name": "this",
      "provider": "provider[\"registry.terraform.io/hashicorp/aws\"]",
      "instances": []
    },
    {
      "module": "module.lambda_function",
      "mode": "managed",
      "type": "aws_lambda_permission",
      "name": "unqualified_alias_triggers",
      "provider": "provider[\"registry.terraform.io/hashicorp/aws\"]",
      "instances": [
        {
          "index_key": "eventbridge",
          "schema_version": 0,
          "attributes": {
            "action": "lambda:InvokeFunction",
            "event_source_token": null,
            "function_name": "website-uptime-monitor-fn-dev",
            "function_url_auth_type": null,
            "id": "eventbridge20251002102532923100000001",
            "principal": "events.amazonaws.com",
            "principal_org_id": null,
            "qualifier": "",
            "region": "us-west-2",
            "source_account": null,
            "source_arn": "arn:aws:events:us-west-2:958948421283:rule/crons-rule",
            "statement_id": "eventbridge20251002102532923100000001",
            "statement_id_prefix": "eventbridge"
          },
          "sensitive_attributes": [],
          "private": "bnVsbA==",
          "dependencies": [
            "module.dynamodb_table.aws_dynamodb_table.autoscaled",
            "module.dynamodb_table.aws_dynamodb_table.autoscaled_gsi_ignore",
            "module.dynamodb_table.aws_dynamodb_table.this",
            "module.eventbridge.aws_cloudwatch_event_bus.this",
            "module.eventbridge.aws_cloudwatch_event_rule.this",
            "module.eventbridge.aws_iam_role.eventbridge",
            "module.eventbridge.data.aws_iam_policy_document.assume_role",
            "module.lambda_function.aws_cloudwatch_log_group.lambda",
            "module.lambda_function.aws_iam_role.lambda",
            "module.lambda_function.aws_iam_role_policy.additional_inline",
            "module.lambda_function.aws_iam_role_policy.additional_json",
            "module.lambda_function.aws_iam_role_policy.additional_jsons",
            "module.lambda_function.aws_iam_role_policy.async",
            "module.lambda_function.aws_iam_role_policy.dead_letter",
            "module.lambda_function.aws_iam_role_policy.logs",
            "module.lambda_function.aws_iam_role_policy.tracing",
            "module.lambda_function.aws_iam_role_policy.vpc",
            "module.lambda_function.aws_iam_role_policy_attachment.additional_many",
            "module.lambda_function.aws_iam_role_policy_attachment.additional_one",
            "module.lambda_function.aws_lambda_function.this",
            "module.lambda_function.aws_s3_object.lambda_package",
            "module.lambda_function.data.aws_arn.log_group_arn",
            "module.lambda_function.data.aws_cloudwatch_log_group.lambda",
            "module.lambda_function.data.aws_iam_policy.tracing",
            "module.lambda_function.data.aws_iam_policy.vpc",
            "module.lambda_function.data.aws_iam_policy_document.additional_inline",
            "module.lambda_function.data.aws_iam_policy_document.assume_role",
            "module.lambda_function.data.aws_iam_policy_document.async",
            "module.lambda_function.data.aws_iam_policy_document.dead_letter",
            "module.lambda_function.data.aws_iam_policy_document.logs",
            "module.lambda_function.data.aws_partition.current",
            "module.lambda_function.data.external.archive_prepare",
            "module.lambda_function.local_file.archive_plan",
            "module.lambda_function.null_resource.archive",
            "module.sns_topic.aws_sns_topic.this"
          ],
          "create_before_destroy": true
        }
      ]
    },
    {
      "module": "module.lambda_function",
      "mode": "managed",
      "type": "aws_s3_object",
      "name": "lambda_package",
      "provider": "provider[\"registry.terraform.io/hashicorp/aws\"]",
      "instances": []
    },
    {
      "module": "module.lambda_function",
      "mode": "managed",
      "type": "local_file",
      "name": "archive_plan",
      "provider": "provider[\"registry.terraform.io/hashicorp/local\"]",
      "instances": [
        {
          "index_key": 0,
          "schema_version": 0,
          "attributes": {
            "content": "{\"filename\": \"./.terraform/lambda-builds/f785c738819d1e605c3ff00b9f4676c1dc8637af17712dd7656d29b98a7b6284.zip\", \"runtime\": \"nodejs22.x\", \"artifacts_dir\": \"./.terraform/lambda-builds/\", \"build_plan\": [[[\"zip\", \"./lambda/lambda_function.mjs\", null]], [[\"npm\", \"nodejs22.x\", \"./lambda/package.json\", null, null]]]}",
            "content_base64": null,
            "content_base64sha256": "GUzU66Z9jAHbhZLCK+7DlPpfObRWX+C+7n+gS7Ix628=",
            "content_base64sha512": "sdHF91zQCs+aWI4tgGEeT6V6cKoSRkxoz3FGoVXTZQ0lpiPnmiooky/a1k/Oh345nYaxtpa/HDDZFTopoU6ycA==",
            "content_md5": "64b314b630070a70b5a2e42add04c321",
            "content_sha1": "220e8e5d3412cee640451978361c19e39d5a2f0c",
            "content_sha256": "194cd4eba67d8c01db8592c22beec394fa5f39b4565fe0beee7fa04bb231eb6f",
            "content_sha512": "b1d1c5f75cd00acf9a588e2d80611e4fa57a70aa12464c68cf7146a155d3650d25a623e79a2a28932fdad64fce877e399d86b1b696bf1c30d9153a29a14eb270",
            "directory_permission": "0755",
            "file_permission": "0644",
            "filename": "./.terraform/lambda-builds/f785c738819d1e605c3ff00b9f4676c1dc8637af17712dd7656d29b98a7b6284.plan.json",
            "id": "220e8e5d3412cee640451978361c19e39d5a2f0c",
            "sensitive_content": null,
            "source": null
          },
          "sensitive_attributes": [
            [
              {
                "type": "get_attr",
                "value": "content"
              }
            ],
            [
              {
                "type": "get_attr",
                "value": "sensitive_content"
              }
            ]
          ],
          "dependencies": [
            "module.lambda_function.data.external.archive_prepare"
          ],
          "create_before_destroy": true
        },
        {
          "index_key": 0,
          "deposed": "1b5145fe",
          "schema_version": 0,
          "attributes": {
            "content": "{\"filename\": \"./.terraform/lambda-builds/1688e3040e8f4d35eb5563924e4b2e427ea3133aed57fc1ed0a396e010f15fca.zip\", \"runtime\": \"nodejs22.x\", \"artifacts_dir\": \"./.terraform/lambda-builds/\", \"build_plan\": [[[\"zip\", \"./lambda/lambda_function.mjs\", null]]]}",
            "content_base64": null,
            "content_base64sha256": "V+qbfW1YMEWRnJgL2ANna5pUIgK9JPEVrdxbvYUFgMQ=",
            "content_base64sha512": "sGcGBlMRBk6CQy8tsRjUPAHkqlPsfWGaOu9YpH/36BLlPGt8qqcZaQeXPvZi+O3Ra0bKcLr7+Q1DWWvyWO4mtw==",
            "content_md5": "270913ab5014cffa2e38ad93bc625355",
            "content_sha1": "85feb7d43bdc4adb7d45e9546bd65684ed14fc9b",
            "content_sha256": "57ea9b7d6d583045919c980bd803676b9a542202bd24f115addc5bbd850580c4",
            "content_sha512": "b06706065311064e82432f2db118d43c01e4aa53ec7d619a3aef58a47ff7e812e53c6b7caaa7196907973ef662f8edd16b46ca70bafbf90d43596bf258ee26b7",
            "directory_permission": "0755",
            "file_permission": "0644",
            "filename": "./.terraform/lambda-builds/1688e3040e8f4d35eb5563924e4b2e427ea3133aed57fc1ed0a396e010f15fca.plan.json",
            "id": "85feb7d43bdc4adb7d45e9546bd65684ed14fc9b",
            "sensitive_content": null,
            "source": null
          },
          "sensitive_attributes": [
            [
              {
                "type": "get_attr",
                "value": "content"
              }
            ],
            [
              {
                "type": "get_attr",
                "value": "sensitive_content"
              }
            ]
          ],
          "dependencies": [
            "module.lambda_function.data.external.archive_prepare"
          ],
          "create_before_destroy": true
        },
        {
          "index_key": 0,
          "deposed": "5c69b360",
          "schema_version": 0,
          "attributes": {
            "content": "{\"filename\": \"./.terraform/lambda-builds/49d110dbd8acd4afa891c10c4211cd0a8898e78f313056c31615ea2cf553a085.zip\", \"runtime\": \"nodejs22.x\", \"artifacts_dir\": \"./.terraform/lambda-builds/\", \"build_plan\": [[[\"zip\", \"./lambda/lambda_function.mjs\", null]]]}",
            "content_base64": null,
            "content_base64sha256": "cpfYJ8OW7a0oYPjUcBy2AFa0OnXzYqg99OvTcVAWqNQ=",
            "content_base64sha512": "Wd95UVRM4B1S3YgdvzNt+jOkEiFUhKKztCL/x6KXgR936xEcbNHc86+YFtgOujKivXjSFnCi5uiHQ6/AIzl9UA==",
            "content_md5": "a05964ec69f4819a8f8977b569961827",
            "content_sha1": "ca5f1e3450b8ae966181bba9ddce5c788057d2c1",
            "content_sha256": "7297d827c396edad2860f8d4701cb60056b43a75f362a83df4ebd3715016a8d4",
            "content_sha512": "59df7951544ce01d52dd881dbf336dfa33a412215484a2b3b422ffc7a297811f77eb111c6cd1dcf3af9816d80eba32a2bd78d21670a2e6e88743afc023397d50",
            "directory_permission": "0755",
            "file_permission": "0644",
            "filename": "./.terraform/lambda-builds/49d110dbd8acd4afa891c10c4211cd0a8898e78f313056c31615ea2cf553a085.plan.json",
            "id": "ca5f1e3450b8ae966181bba9ddce5c788057d2c1",
            "sensitive_content": null,
            "source": null
          },
          "sensitive_attributes": [
            [
              {
                "type": "get_attr",
                "value": "content"
              }
            ],
            [
              {
                "type": "get_attr",
                "value": "sensitive_content"
              }
            ]
          ],
          "dependencies": [
            "module.lambda_function.data.external.archive_prepare"
          ],
          "create_before_destroy": true
        },
        {
          "index_key": 0,
          "deposed": "c5490486",
          "schema_version": 0,
          "attributes": {
            "content": "{\"filename\": \"./.terraform/lambda-builds/15db3937e5fda0c4a54ab133808567bd035e8d85364b4d4c8de4e787b924873b.zip\", \"runtime\": \"nodejs22.x\", \"artifacts_dir\": \"./.terraform/lambda-builds/\", \"build_plan\": [[[\"zip\", \"./lambda/lambda_function.mjs\", null]], [[\"npm\", \"nodejs22.x\", \"./lambda/package.json\", null, null]]]}",
            "content_base64": null,
            "content_base64sha256": "bu188ty9ZoHM71H1Bmab9DAPR7T/m+7APx2ngJc+1lI=",
            "content_base64sha512": "hoDdqZaLRjqqNHJz4HEwv4W9UXvUGJxoerN2Xw49aj1BjAQCIYyuK5UDnvbhReRXuR+uH09i4H/LN1qFKIORnQ==",
            "content_md5": "2b29a76a9580555a151a5a4c381c1b0e",
            "content_sha1": "91401d12f19e283f1f1fe41cae7dfb37b5598cf4",
            "content_sha256": "6eed7cf2dcbd6681ccef51f506669bf4300f47b4ff9beec03f1da780973ed652",
            "content_sha512": "8680dda9968b463aaa347273e07130bf85bd517bd4189c687ab3765f0e3d6a3d418c0402218cae2b95039ef6e145e457b91fae1f4f62e07fcb375a852883919d",
            "directory_permission": "0755",
            "file_permission": "0644",
            "filename": "./.terraform/lambda-builds/15db3937e5fda0c4a54ab133808567bd035e8d85364b4d4c8de4e787b924873b.plan.json",
            "id": "91401d12f19e283f1f1fe41cae7dfb37b5598cf4",
            "sensitive_content": null,
            "source": null
          },
          "sensitive_attributes": [
            [
              {
                "type": "get_attr",
                "value": "content"
              }
            ],
            [
              {
                "type": "get_attr",
                "value": "sensitive_content"
              }
            ]
          ],
          "dependencies": [
            "module.lambda_function.data.external.archive_prepare"
          ],
          "create_before_destroy": true
        }
      ]
    },
    {
      "module": "module.lambda_function",
      "mode": "managed",
      "type": "null_resource",
      "name": "archive",
      "provider": "provider[\"registry.terraform.io/hashicorp/null\"]",
      "instances": [
        {
          "index_key": 0,
          "schema_version": 0,
          "attributes": {
            "id": "589380814",
            "triggers": {
              "filename": "./.terraform/lambda-builds/f785c738819d1e605c3ff00b9f4676c1dc8637af17712dd7656d29b98a7b6284.zip",
              "timestamp": "1759402124877279000"
            }
          },
          "sensitive_attributes": [],
          "dependencies": [
            "module.lambda_function.data.external.archive_prepare",
            "module.lambda_function.local_file.archive_plan"
          ],
          "create_before_destroy": true
        },
        {
          "index_key": 0,
          "deposed": "1232ff2a",
          "schema_version": 0,
          "attributes": {
            "id": "769669818",
            "triggers": {
              "filename": "./.terraform/lambda-builds/49d110dbd8acd4afa891c10c4211cd0a8898e78f313056c31615ea2cf553a085.zip",
              "timestamp": "1759401149224577000"
            }
          },
          "sensitive_attributes": [],
          "dependencies": [
            "module.lambda_function.data.external.archive_prepare",
            "module.lambda_function.local_file.archive_plan"
          ],
          "create_before_destroy": true
        },
        {
          "index_key": 0,
          "deposed": "4b605f67",
          "schema_version": 0,
          "attributes": {
            "id": "1280111388",
            "triggers": {
              "filename": "./.terraform/lambda-builds/15db3937e5fda0c4a54ab133808567bd035e8d85364b4d4c8de4e787b924873b.zip",
              "timestamp": "1759401916816257000"
            }
          },
          "sensitive_attributes": [],
          "dependencies": [
            "module.lambda_function.data.external.archive_prepare",
            "module.lambda_function.local_file.archive_plan"
          ],
          "create_before_destroy": true
        },
        {
          "index_key": 0,
          "deposed": "53b0f53a",
          "schema_version": 0,
          "attributes": {
            "id": "140062517",
            "triggers": {
              "filename": "./.terraform/lambda-builds/1688e3040e8f4d35eb5563924e4b2e427ea3133aed57fc1ed0a396e010f15fca.zip",
              "timestamp": "1759401573552373800"
            }
          },
          "sensitive_attributes": [],
          "dependencies": [
            "module.lambda_function.data.external.archive_prepare",
            "module.lambda_function.local_file.archive_plan"
          ],
          "create_before_destroy": true
        }
      ]
    },
    {
      "module": "module.lambda_function",
      "mode": "managed",
      "type": "null_resource",
      "name": "sam_metadata_aws_lambda_function",
      "provider": "provider[\"registry.terraform.io/hashicorp/null\"]",
      "instances": []
    },
    {
      "module": "module.lambda_function",
      "mode": "managed",
      "type": "null_resource",
      "name": "sam_metadata_aws_lambda_layer_version",
      "provider": "provider[\"registry.terraform.io/hashicorp/null\"]",
      "instances": []
    },
    {
      "module": "module.sns_topic",
      "mode": "data",
      "type": "aws_caller_identity",
      "name": "current",
      "provider": "provider[\"registry.terraform.io/hashicorp/aws\"]",
      "instances": [
        {
          "schema_version": 0,
          "attributes": {
            "account_id": "958948421283",
            "arn": "arn:aws:iam::958948421283:user/cli-user",
            "id": "958948421283",
            "user_id": "AIDA56ROHV2RRL33TY4LX"
          },
          "sensitive_attributes": []
        }
      ]
    },
    {
      "module": "module.sns_topic",
      "mode": "data",
      "type": "aws_iam_policy_document",
      "name": "this",
      "provider": "provider[\"registry.terraform.io/hashicorp/aws\"]",
      "instances": [
        {
          "index_key": 0,
          "schema_version": 0,
          "attributes": {
            "id": "542511009",
            "json": "{\n  \"Version\": \"2012-10-17\",\n  \"Statement\": [\n    {\n      \"Sid\": \"DefaultStatementID\",\n      \"Effect\": \"Allow\",\n      \"Action\": [\n        \"sns:Subscribe\",\n        \"sns:SetTopicAttributes\",\n        \"sns:RemovePermission\",\n        \"sns:Publish\",\n        \"sns:ListSubscriptionsByTopic\",\n        \"sns:GetTopicAttributes\",\n        \"sns:DeleteTopic\",\n        \"sns:AddPermission\"\n      ],\n      \"Resource\": \"arn:aws:sns:us-west-2:958948421283:website-uptime-monitor-sns-dev\",\n      \"Principal\": {\n        \"AWS\": \"*\"\n      },\n      \"Condition\": {\n        \"StringEquals\": {\n          \"AWS:SourceAccount\": \"958948421283\"\n        }\n      }\n    }\n  ]\n}",
            "minified_json": "{\"Version\":\"2012-10-17\",\"Statement\":[{\"Sid\":\"DefaultStatementID\",\"Effect\":\"Allow\",\"Action\":[\"sns:Subscribe\",\"sns:SetTopicAttributes\",\"sns:RemovePermission\",\"sns:Publish\",\"sns:ListSubscriptionsByTopic\",\"sns:GetTopicAttributes\",\"sns:DeleteTopic\",\"sns:AddPermission\"],\"Resource\":\"arn:aws:sns:us-west-2:958948421283:website-uptime-monitor-sns-dev\",\"Principal\":{\"AWS\":\"*\"},\"Condition\":{\"StringEquals\":{\"AWS:SourceAccount\":\"958948421283\"}}}]}",
            "override_json": null,
            "override_policy_documents": null,
            "policy_id": null,
            "source_json": null,
            "source_policy_documents": null,
            "statement": [
              {
                "actions": [
                  "sns:AddPermission",
                  "sns:DeleteTopic",
                  "sns:GetTopicAttributes",
                  "sns:ListSubscriptionsByTopic",
                  "sns:Publish",
                  "sns:RemovePermission",
                  "sns:SetTopicAttributes",
                  "sns:Subscribe"
                ],
                "condition": [
                  {
                    "test": "StringEquals",
                    "values": [
                      "958948421283"
                    ],
                    "variable": "AWS:SourceAccount"
                  }
                ],
                "effect": "Allow",
                "not_actions": [],
                "not_principals": [],
                "not_resources": [],
                "principals": [
                  {
                    "identifiers": [
                      "*"
                    ],
                    "type": "AWS"
                  }
                ],
                "resources": [
                  "arn:aws:sns:us-west-2:958948421283:website-uptime-monitor-sns-dev"
                ],
                "sid": "DefaultStatementID"
              }
            ],
            "version": "2012-10-17"
          },
          "sensitive_attributes": []
        }
      ]
    },
    {
      "module": "module.sns_topic",
      "mode": "managed",
      "type": "aws_sns_topic",
      "name": "this",
      "provider": "provider[\"registry.terraform.io/hashicorp/aws\"]",
      "instances": [
        {
          "index_key": 0,
          "schema_version": 0,
          "attributes": {
            "application_failure_feedback_role_arn": "",
            "application_success_feedback_role_arn": "",
            "application_success_feedback_sample_rate": 0,
            "archive_policy": "",
            "arn": "arn:aws:sns:us-west-2:958948421283:website-uptime-monitor-sns-dev",
            "beginning_archive_time": "",
            "content_based_deduplication": false,
            "delivery_policy": "",
            "display_name": "",
            "fifo_throughput_scope": "",
            "fifo_topic": false,
            "firehose_failure_feedback_role_arn": "",
            "firehose_success_feedback_role_arn": "",
            "firehose_success_feedback_sample_rate": 0,
            "http_failure_feedback_role_arn": "",
            "http_success_feedback_role_arn": "",
            "http_success_feedback_sample_rate": 0,
            "id": "arn:aws:sns:us-west-2:958948421283:website-uptime-monitor-sns-dev",
            "kms_master_key_id": "",
            "lambda_failure_feedback_role_arn": "",
            "lambda_success_feedback_role_arn": "",
            "lambda_success_feedback_sample_rate": 0,
            "name": "website-uptime-monitor-sns-dev",
            "name_prefix": "",
            "owner": "958948421283",
            "policy": "{\"Statement\":[{\"Action\":[\"sns:Subscribe\",\"sns:SetTopicAttributes\",\"sns:RemovePermission\",\"sns:Publish\",\"sns:ListSubscriptionsByTopic\",\"sns:GetTopicAttributes\",\"sns:DeleteTopic\",\"sns:AddPermission\"],\"Condition\":{\"StringEquals\":{\"AWS:SourceAccount\":\"958948421283\"}},\"Effect\":\"Allow\",\"Principal\":{\"AWS\":\"*\"},\"Resource\":\"arn:aws:sns:us-west-2:958948421283:website-uptime-monitor-sns-dev\",\"Sid\":\"DefaultStatementID\"}],\"Version\":\"2012-10-17\"}",
            "region": "us-west-2",
            "signature_version": 0,
            "sqs_failure_feedback_role_arn": "",
            "sqs_success_feedback_role_arn": "",
            "sqs_success_feedback_sample_rate": 0,
            "tags": {},
            "tags_all": {
              "Environment": "dev",
              "Project": "website-uptime-monitor",
              "Terraform": "true"
            },
            "tracing_config": ""
          },
          "sensitive_attributes": [],
          "private": "bnVsbA==",
          "create_before_destroy": true
        }
      ]
    },
    {
      "module": "module.sns_topic",
      "mode": "managed",
      "type": "aws_sns_topic_data_protection_policy",
      "name": "this",
      "provider": "provider[\"registry.terraform.io/hashicorp/aws\"]",
      "instances": []
    },
    {
      "module": "module.sns_topic",
      "mode": "managed",
      "type": "aws_sns_topic_policy",
      "name": "this",
      "provider": "provider[\"registry.terraform.io/hashicorp/aws\"]",
      "instances": [
        {
          "index_key": 0,
          "schema_version": 0,
          "attributes": {
            "arn": "arn:aws:sns:us-west-2:958948421283:website-uptime-monitor-sns-dev",
            "id": "arn:aws:sns:us-west-2:958948421283:website-uptime-monitor-sns-dev",
            "owner": "958948421283",
            "policy": "{\"Statement\":[{\"Action\":[\"sns:Subscribe\",\"sns:SetTopicAttributes\",\"sns:RemovePermission\",\"sns:Publish\",\"sns:ListSubscriptionsByTopic\",\"sns:GetTopicAttributes\",\"sns:DeleteTopic\",\"sns:AddPermission\"],\"Condition\":{\"StringEquals\":{\"AWS:SourceAccount\":\"958948421283\"}},\"Effect\":\"Allow\",\"Principal\":{\"AWS\":\"*\"},\"Resource\":\"arn:aws:sns:us-west-2:958948421283:website-uptime-monitor-sns-dev\",\"Sid\":\"DefaultStatementID\"}],\"Version\":\"2012-10-17\"}",
            "region": "us-west-2"
          },
          "sensitive_attributes": [],
          "private": "bnVsbA==",
          "dependencies": [
            "module.sns_topic.aws_sns_topic.this",
            "module.sns_topic.data.aws_caller_identity.current",
            "module.sns_topic.data.aws_iam_policy_document.this"
          ]
        }
      ]
    },
    {
      "module": "module.sns_topic",
      "mode": "managed",
      "type": "aws_sns_topic_subscription",
      "name": "this",
      "provider": "provider[\"registry.terraform.io/hashicorp/aws\"]",
      "instances": [
        {
          "index_key": "email",
          "schema_version": 0,
          "attributes": {
            "arn": "arn:aws:sns:us-west-2:958948421283:website-uptime-monitor-sns-dev:449b65a2-cdff-460b-a60b-22fc31b6ee41",
            "confirmation_timeout_in_minutes": 1,
            "confirmation_was_authenticated": false,
            "delivery_policy": "",
            "endpoint": "hasanashab.18205@gmail.com",
            "endpoint_auto_confirms": false,
            "filter_policy": "",
            "filter_policy_scope": "",
            "id": "arn:aws:sns:us-west-2:958948421283:website-uptime-monitor-sns-dev:449b65a2-cdff-460b-a60b-22fc31b6ee41",
            "owner_id": "958948421283",
            "pending_confirmation": false,
            "protocol": "email",
            "raw_message_delivery": false,
            "redrive_policy": "",
            "region": "us-west-2",
            "replay_policy": "",
            "subscription_role_arn": "",
            "topic_arn": "arn:aws:sns:us-west-2:958948421283:website-uptime-monitor-sns-dev"
          },
          "sensitive_attributes": [],
          "private": "bnVsbA==",
          "dependencies": [
            "module.sns_topic.aws_sns_topic.this"
          ]
        }
      ]
    }
  ],
  "check_results": null
}
