{
  "version": 4,
  "terraform_version": "1.11.1",
  "serial": 806,
  "lineage": "9150e72e-d746-85cd-de0c-5c98deedb89e",
  "outputs": {
    "dashboard_api_url": {
      "value": "https://weuhiuyjbd.execute-api.us-west-2.amazonaws.com",
      "type": "string"
    },
    "dashboard_url": {
      "value": "https://d1qkm7dzjmi0sd.cloudfront.net",
      "type": "string"
    }
  },
  "resources": [
    {
      "module": "module.dashboard.module.backend",
      "mode": "data",
      "type": "aws_dynamodb_table",
      "name": "this",
      "provider": "provider[\"registry.terraform.io/hashicorp/aws\"]",
      "instances": [
        {
          "schema_version": 0,
          "attributes": {
            "arn": "arn:aws:dynamodb:us-west-2:958948421283:table/website-uptime-monitor-dynamodb-dev",
            "attribute": [
              {
                "name": "id",
                "type": "S"
              }
            ],
            "billing_mode": "PAY_PER_REQUEST",
            "deletion_protection_enabled": false,
            "global_secondary_index": [],
            "hash_key": "id",
            "id": "website-uptime-monitor-dynamodb-dev",
            "local_secondary_index": [],
            "name": "website-uptime-monitor-dynamodb-dev",
            "on_demand_throughput": [],
            "point_in_time_recovery": [
              {
                "enabled": false,
                "recovery_period_in_days": 0
              }
            ],
            "range_key": null,
            "read_capacity": 0,
            "region": "us-west-2",
            "replica": [],
            "server_side_encryption": [],
            "stream_arn": "",
            "stream_enabled": false,
            "stream_label": "",
            "stream_view_type": "",
            "table_class": "STANDARD",
            "tags": {
              "Environment": "dev",
              "Name": "website-uptime-monitor-dynamodb-dev",
              "Project": "website-uptime-monitor",
              "Terraform": "true"
            },
            "ttl": [
              {
                "attribute_name": "",
                "enabled": false
              }
            ],
            "warm_throughput": [],
            "write_capacity": 0
          },
          "sensitive_attributes": []
        }
      ]
    },
    {
      "module": "module.dashboard.module.backend.module.api_gateway",
      "mode": "managed",
      "type": "aws_apigatewayv2_api",
      "name": "this",
      "provider": "provider[\"registry.terraform.io/hashicorp/aws\"]",
      "instances": [
        {
          "index_key": 0,
          "schema_version": 0,
          "attributes": {
            "api_endpoint": "https://weuhiuyjbd.execute-api.us-west-2.amazonaws.com",
            "api_key_selection_expression": "$request.header.x-api-key",
            "arn": "arn:aws:apigateway:us-west-2::/apis/weuhiuyjbd",
            "body": null,
            "cors_configuration": [
              {
                "allow_credentials": false,
                "allow_headers": [
                  "authorization",
                  "content-type",
                  "x-amz-date",
                  "x-amz-security-token",
                  "x-amz-user-agent",
                  "x-api-key"
                ],
                "allow_methods": [
                  "*"
                ],
                "allow_origins": [
                  "*"
                ],
                "expose_headers": null,
                "max_age": 0
              }
            ],
            "credentials_arn": null,
            "description": "Backend API",
            "disable_execute_api_endpoint": false,
            "execution_arn": "arn:aws:execute-api:us-west-2:958948421283:weuhiuyjbd",
            "fail_on_warnings": null,
            "id": "weuhiuyjbd",
            "ip_address_type": "ipv4",
            "name": "website-uptime-monitor-dash-dev-http",
            "protocol_type": "HTTP",
            "region": "us-west-2",
            "route_key": null,
            "route_selection_expression": "$request.method $request.path",
            "tags": {
              "terraform-aws-modules": "apigateway-v2"
            },
            "tags_all": {
              "Environment": "dev",
              "Project": "website-uptime-monitor",
              "Terraform": "true",
              "terraform-aws-modules": "apigateway-v2"
            },
            "target": null,
            "version": ""
          },
          "sensitive_attributes": [],
          "private": "bnVsbA==",
          "create_before_destroy": true
        }
      ]
    },
    {
      "module": "module.dashboard.module.backend.module.api_gateway",
      "mode": "managed",
      "type": "aws_apigatewayv2_integration",
      "name": "this",
      "provider": "provider[\"registry.terraform.io/hashicorp/aws\"]",
      "instances": [
        {
          "index_key": "GET /metrics",
          "schema_version": 0,
          "attributes": {
            "api_id": "weuhiuyjbd",
            "connection_id": "",
            "connection_type": "INTERNET",
            "content_handling_strategy": "",
            "credentials_arn": "",
            "description": "",
            "id": "5z64sls",
            "integration_method": "POST",
            "integration_response_selection_expression": "",
            "integration_subtype": "",
            "integration_type": "AWS_PROXY",
            "integration_uri": "arn:aws:apigateway:us-west-2:lambda:path/2015-03-31/functions/arn:aws:lambda:us-west-2:958948421283:function:website-uptime-monitor-dash-get-dev/invocations",
            "passthrough_behavior": "",
            "payload_format_version": "2.0",
            "region": "us-west-2",
            "request_parameters": null,
            "request_templates": null,
            "response_parameters": [],
            "template_selection_expression": "",
            "timeout_milliseconds": 30000,
            "tls_config": []
          },
          "sensitive_attributes": [],
          "private": "bnVsbA==",
          "dependencies": [
            "module.dashboard.module.backend.data.aws_dynamodb_table.this",
            "module.dashboard.module.backend.module.api_gateway.aws_apigatewayv2_api.this",
            "module.dashboard.module.backend.module.api_gateway.aws_apigatewayv2_vpc_link.this",
            "module.dashboard.module.backend.module.lambda_functions.aws_cloudwatch_log_group.lambda",
            "module.dashboard.module.backend.module.lambda_functions.aws_iam_role.lambda",
            "module.dashboard.module.backend.module.lambda_functions.aws_iam_role_policy.additional_inline",
            "module.dashboard.module.backend.module.lambda_functions.aws_iam_role_policy.additional_json",
            "module.dashboard.module.backend.module.lambda_functions.aws_iam_role_policy.additional_jsons",
            "module.dashboard.module.backend.module.lambda_functions.aws_iam_role_policy.async",
            "module.dashboard.module.backend.module.lambda_functions.aws_iam_role_policy.dead_letter",
            "module.dashboard.module.backend.module.lambda_functions.aws_iam_role_policy.logs",
            "module.dashboard.module.backend.module.lambda_functions.aws_iam_role_policy.tracing",
            "module.dashboard.module.backend.module.lambda_functions.aws_iam_role_policy.vpc",
            "module.dashboard.module.backend.module.lambda_functions.aws_iam_role_policy_attachment.additional_many",
            "module.dashboard.module.backend.module.lambda_functions.aws_iam_role_policy_attachment.additional_one",
            "module.dashboard.module.backend.module.lambda_functions.aws_lambda_event_source_mapping.this",
            "module.dashboard.module.backend.module.lambda_functions.aws_lambda_function.this",
            "module.dashboard.module.backend.module.lambda_functions.aws_lambda_function_event_invoke_config.this",
            "module.dashboard.module.backend.module.lambda_functions.aws_lambda_function_recursion_config.this",
            "module.dashboard.module.backend.module.lambda_functions.aws_lambda_function_url.this",
            "module.dashboard.module.backend.module.lambda_functions.aws_lambda_layer_version.this",
            "module.dashboard.module.backend.module.lambda_functions.aws_lambda_permission.current_version_triggers",
            "module.dashboard.module.backend.module.lambda_functions.aws_lambda_permission.unqualified_alias_triggers",
            "module.dashboard.module.backend.module.lambda_functions.aws_lambda_provisioned_concurrency_config.current_version",
            "module.dashboard.module.backend.module.lambda_functions.aws_s3_object.lambda_package",
            "module.dashboard.module.backend.module.lambda_functions.data.aws_arn.log_group_arn",
            "module.dashboard.module.backend.module.lambda_functions.data.aws_caller_identity.current",
            "module.dashboard.module.backend.module.lambda_functions.data.aws_cloudwatch_log_group.lambda",
            "module.dashboard.module.backend.module.lambda_functions.data.aws_iam_policy.tracing",
            "module.dashboard.module.backend.module.lambda_functions.data.aws_iam_policy.vpc",
            "module.dashboard.module.backend.module.lambda_functions.data.aws_iam_policy_document.additional_inline",
            "module.dashboard.module.backend.module.lambda_functions.data.aws_iam_policy_document.assume_role",
            "module.dashboard.module.backend.module.lambda_functions.data.aws_iam_policy_document.async",
            "module.dashboard.module.backend.module.lambda_functions.data.aws_iam_policy_document.dead_letter",
            "module.dashboard.module.backend.module.lambda_functions.data.aws_iam_policy_document.logs",
            "module.dashboard.module.backend.module.lambda_functions.data.aws_partition.current",
            "module.dashboard.module.backend.module.lambda_functions.data.aws_region.current",
            "module.dashboard.module.backend.module.lambda_functions.data.external.archive_prepare",
            "module.dashboard.module.backend.module.lambda_functions.local_file.archive_plan",
            "module.dashboard.module.backend.module.lambda_functions.null_resource.archive",
            "module.dashboard.module.backend.module.lambda_functions.null_resource.sam_metadata_aws_lambda_function",
            "module.dashboard.module.backend.module.lambda_functions.null_resource.sam_metadata_aws_lambda_layer_version",
            "module.dynamodb_table.aws_dynamodb_table.autoscaled",
            "module.dynamodb_table.aws_dynamodb_table.autoscaled_gsi_ignore",
            "module.dynamodb_table.aws_dynamodb_table.this"
          ],
          "create_before_destroy": true
        },
        {
          "index_key": "GET /recent-pings",
          "schema_version": 0,
          "attributes": {
            "api_id": "weuhiuyjbd",
            "connection_id": "",
            "connection_type": "INTERNET",
            "content_handling_strategy": "",
            "credentials_arn": "",
            "description": "",
            "id": "84tyb56",
            "integration_method": "POST",
            "integration_response_selection_expression": "",
            "integration_subtype": "",
            "integration_type": "AWS_PROXY",
            "integration_uri": "arn:aws:apigateway:us-west-2:lambda:path/2015-03-31/functions/arn:aws:lambda:us-west-2:958948421283:function:website-uptime-monitor-dash-create-dev/invocations",
            "passthrough_behavior": "",
            "payload_format_version": "2.0",
            "region": "us-west-2",
            "request_parameters": null,
            "request_templates": null,
            "response_parameters": [],
            "template_selection_expression": "",
            "timeout_milliseconds": 30000,
            "tls_config": []
          },
          "sensitive_attributes": [],
          "private": "bnVsbA==",
          "dependencies": [
            "module.dashboard.module.backend.data.aws_dynamodb_table.this",
            "module.dashboard.module.backend.module.api_gateway.aws_apigatewayv2_api.this",
            "module.dashboard.module.backend.module.api_gateway.aws_apigatewayv2_vpc_link.this",
            "module.dashboard.module.backend.module.lambda_functions.aws_cloudwatch_log_group.lambda",
            "module.dashboard.module.backend.module.lambda_functions.aws_iam_role.lambda",
            "module.dashboard.module.backend.module.lambda_functions.aws_iam_role_policy.additional_inline",
            "module.dashboard.module.backend.module.lambda_functions.aws_iam_role_policy.additional_json",
            "module.dashboard.module.backend.module.lambda_functions.aws_iam_role_policy.additional_jsons",
            "module.dashboard.module.backend.module.lambda_functions.aws_iam_role_policy.async",
            "module.dashboard.module.backend.module.lambda_functions.aws_iam_role_policy.dead_letter",
            "module.dashboard.module.backend.module.lambda_functions.aws_iam_role_policy.logs",
            "module.dashboard.module.backend.module.lambda_functions.aws_iam_role_policy.tracing",
            "module.dashboard.module.backend.module.lambda_functions.aws_iam_role_policy.vpc",
            "module.dashboard.module.backend.module.lambda_functions.aws_iam_role_policy_attachment.additional_many",
            "module.dashboard.module.backend.module.lambda_functions.aws_iam_role_policy_attachment.additional_one",
            "module.dashboard.module.backend.module.lambda_functions.aws_lambda_event_source_mapping.this",
            "module.dashboard.module.backend.module.lambda_functions.aws_lambda_function.this",
            "module.dashboard.module.backend.module.lambda_functions.aws_lambda_function_event_invoke_config.this",
            "module.dashboard.module.backend.module.lambda_functions.aws_lambda_function_recursion_config.this",
            "module.dashboard.module.backend.module.lambda_functions.aws_lambda_function_url.this",
            "module.dashboard.module.backend.module.lambda_functions.aws_lambda_layer_version.this",
            "module.dashboard.module.backend.module.lambda_functions.aws_lambda_permission.current_version_triggers",
            "module.dashboard.module.backend.module.lambda_functions.aws_lambda_permission.unqualified_alias_triggers",
            "module.dashboard.module.backend.module.lambda_functions.aws_lambda_provisioned_concurrency_config.current_version",
            "module.dashboard.module.backend.module.lambda_functions.aws_s3_object.lambda_package",
            "module.dashboard.module.backend.module.lambda_functions.data.aws_arn.log_group_arn",
            "module.dashboard.module.backend.module.lambda_functions.data.aws_caller_identity.current",
            "module.dashboard.module.backend.module.lambda_functions.data.aws_cloudwatch_log_group.lambda",
            "module.dashboard.module.backend.module.lambda_functions.data.aws_iam_policy.tracing",
            "module.dashboard.module.backend.module.lambda_functions.data.aws_iam_policy.vpc",
            "module.dashboard.module.backend.module.lambda_functions.data.aws_iam_policy_document.additional_inline",
            "module.dashboard.module.backend.module.lambda_functions.data.aws_iam_policy_document.assume_role",
            "module.dashboard.module.backend.module.lambda_functions.data.aws_iam_policy_document.async",
            "module.dashboard.module.backend.module.lambda_functions.data.aws_iam_policy_document.dead_letter",
            "module.dashboard.module.backend.module.lambda_functions.data.aws_iam_policy_document.logs",
            "module.dashboard.module.backend.module.lambda_functions.data.aws_partition.current",
            "module.dashboard.module.backend.module.lambda_functions.data.aws_region.current",
            "module.dashboard.module.backend.module.lambda_functions.data.external.archive_prepare",
            "module.dashboard.module.backend.module.lambda_functions.local_file.archive_plan",
            "module.dashboard.module.backend.module.lambda_functions.null_resource.archive",
            "module.dashboard.module.backend.module.lambda_functions.null_resource.sam_metadata_aws_lambda_function",
            "module.dashboard.module.backend.module.lambda_functions.null_resource.sam_metadata_aws_lambda_layer_version",
            "module.dynamodb_table.aws_dynamodb_table.autoscaled",
            "module.dynamodb_table.aws_dynamodb_table.autoscaled_gsi_ignore",
            "module.dynamodb_table.aws_dynamodb_table.this"
          ],
          "create_before_destroy": true
        },
        {
          "index_key": "GET /uptime-data",
          "schema_version": 0,
          "attributes": {
            "api_id": "weuhiuyjbd",
            "connection_id": "",
            "connection_type": "INTERNET",
            "content_handling_strategy": "",
            "credentials_arn": "",
            "description": "",
            "id": "26d6hxs",
            "integration_method": "POST",
            "integration_response_selection_expression": "",
            "integration_subtype": "",
            "integration_type": "AWS_PROXY",
            "integration_uri": "arn:aws:apigateway:us-west-2:lambda:path/2015-03-31/functions/arn:aws:lambda:us-west-2:958948421283:function:website-uptime-monitor-dash-list-dev/invocations",
            "passthrough_behavior": "",
            "payload_format_version": "2.0",
            "region": "us-west-2",
            "request_parameters": null,
            "request_templates": null,
            "response_parameters": [],
            "template_selection_expression": "",
            "timeout_milliseconds": 30000,
            "tls_config": []
          },
          "sensitive_attributes": [],
          "private": "bnVsbA==",
          "dependencies": [
            "module.dashboard.module.backend.data.aws_dynamodb_table.this",
            "module.dashboard.module.backend.module.api_gateway.aws_apigatewayv2_api.this",
            "module.dashboard.module.backend.module.api_gateway.aws_apigatewayv2_vpc_link.this",
            "module.dashboard.module.backend.module.lambda_functions.aws_cloudwatch_log_group.lambda",
            "module.dashboard.module.backend.module.lambda_functions.aws_iam_role.lambda",
            "module.dashboard.module.backend.module.lambda_functions.aws_iam_role_policy.additional_inline",
            "module.dashboard.module.backend.module.lambda_functions.aws_iam_role_policy.additional_json",
            "module.dashboard.module.backend.module.lambda_functions.aws_iam_role_policy.additional_jsons",
            "module.dashboard.module.backend.module.lambda_functions.aws_iam_role_policy.async",
            "module.dashboard.module.backend.module.lambda_functions.aws_iam_role_policy.dead_letter",
            "module.dashboard.module.backend.module.lambda_functions.aws_iam_role_policy.logs",
            "module.dashboard.module.backend.module.lambda_functions.aws_iam_role_policy.tracing",
            "module.dashboard.module.backend.module.lambda_functions.aws_iam_role_policy.vpc",
            "module.dashboard.module.backend.module.lambda_functions.aws_iam_role_policy_attachment.additional_many",
            "module.dashboard.module.backend.module.lambda_functions.aws_iam_role_policy_attachment.additional_one",
            "module.dashboard.module.backend.module.lambda_functions.aws_lambda_event_source_mapping.this",
            "module.dashboard.module.backend.module.lambda_functions.aws_lambda_function.this",
            "module.dashboard.module.backend.module.lambda_functions.aws_lambda_function_event_invoke_config.this",
            "module.dashboard.module.backend.module.lambda_functions.aws_lambda_function_recursion_config.this",
            "module.dashboard.module.backend.module.lambda_functions.aws_lambda_function_url.this",
            "module.dashboard.module.backend.module.lambda_functions.aws_lambda_layer_version.this",
            "module.dashboard.module.backend.module.lambda_functions.aws_lambda_permission.current_version_triggers",
            "module.dashboard.module.backend.module.lambda_functions.aws_lambda_permission.unqualified_alias_triggers",
            "module.dashboard.module.backend.module.lambda_functions.aws_lambda_provisioned_concurrency_config.current_version",
            "module.dashboard.module.backend.module.lambda_functions.aws_s3_object.lambda_package",
            "module.dashboard.module.backend.module.lambda_functions.data.aws_arn.log_group_arn",
            "module.dashboard.module.backend.module.lambda_functions.data.aws_caller_identity.current",
            "module.dashboard.module.backend.module.lambda_functions.data.aws_cloudwatch_log_group.lambda",
            "module.dashboard.module.backend.module.lambda_functions.data.aws_iam_policy.tracing",
            "module.dashboard.module.backend.module.lambda_functions.data.aws_iam_policy.vpc",
            "module.dashboard.module.backend.module.lambda_functions.data.aws_iam_policy_document.additional_inline",
            "module.dashboard.module.backend.module.lambda_functions.data.aws_iam_policy_document.assume_role",
            "module.dashboard.module.backend.module.lambda_functions.data.aws_iam_policy_document.async",
            "module.dashboard.module.backend.module.lambda_functions.data.aws_iam_policy_document.dead_letter",
            "module.dashboard.module.backend.module.lambda_functions.data.aws_iam_policy_document.logs",
            "module.dashboard.module.backend.module.lambda_functions.data.aws_partition.current",
            "module.dashboard.module.backend.module.lambda_functions.data.aws_region.current",
            "module.dashboard.module.backend.module.lambda_functions.data.external.archive_prepare",
            "module.dashboard.module.backend.module.lambda_functions.local_file.archive_plan",
            "module.dashboard.module.backend.module.lambda_functions.null_resource.archive",
            "module.dashboard.module.backend.module.lambda_functions.null_resource.sam_metadata_aws_lambda_function",
            "module.dashboard.module.backend.module.lambda_functions.null_resource.sam_metadata_aws_lambda_layer_version",
            "module.dynamodb_table.aws_dynamodb_table.autoscaled",
            "module.dynamodb_table.aws_dynamodb_table.autoscaled_gsi_ignore",
            "module.dynamodb_table.aws_dynamodb_table.this"
          ],
          "create_before_destroy": true
        }
      ]
    },
    {
      "module": "module.dashboard.module.backend.module.api_gateway",
      "mode": "managed",
      "type": "aws_apigatewayv2_route",
      "name": "this",
      "provider": "provider[\"registry.terraform.io/hashicorp/aws\"]",
      "instances": [
        {
          "index_key": "GET /metrics",
          "schema_version": 0,
          "attributes": {
            "api_id": "weuhiuyjbd",
            "api_key_required": false,
            "authorization_scopes": null,
            "authorization_type": "NONE",
            "authorizer_id": "",
            "id": "lvvfv3n",
            "model_selection_expression": "",
            "operation_name": "",
            "region": "us-west-2",
            "request_models": null,
            "request_parameter": [],
            "route_key": "GET /metrics",
            "route_response_selection_expression": "",
            "target": "integrations/5z64sls"
          },
          "sensitive_attributes": [],
          "private": "bnVsbA==",
          "dependencies": [
            "module.dashboard.module.backend.data.aws_dynamodb_table.this",
            "module.dashboard.module.backend.module.api_gateway.aws_apigatewayv2_api.this",
            "module.dashboard.module.backend.module.api_gateway.aws_apigatewayv2_authorizer.this",
            "module.dashboard.module.backend.module.api_gateway.aws_apigatewayv2_integration.this",
            "module.dashboard.module.backend.module.api_gateway.aws_apigatewayv2_vpc_link.this",
            "module.dashboard.module.backend.module.lambda_functions.aws_cloudwatch_log_group.lambda",
            "module.dashboard.module.backend.module.lambda_functions.aws_iam_role.lambda",
            "module.dashboard.module.backend.module.lambda_functions.aws_iam_role_policy.additional_inline",
            "module.dashboard.module.backend.module.lambda_functions.aws_iam_role_policy.additional_json",
            "module.dashboard.module.backend.module.lambda_functions.aws_iam_role_policy.additional_jsons",
            "module.dashboard.module.backend.module.lambda_functions.aws_iam_role_policy.async",
            "module.dashboard.module.backend.module.lambda_functions.aws_iam_role_policy.dead_letter",
            "module.dashboard.module.backend.module.lambda_functions.aws_iam_role_policy.logs",
            "module.dashboard.module.backend.module.lambda_functions.aws_iam_role_policy.tracing",
            "module.dashboard.module.backend.module.lambda_functions.aws_iam_role_policy.vpc",
            "module.dashboard.module.backend.module.lambda_functions.aws_iam_role_policy_attachment.additional_many",
            "module.dashboard.module.backend.module.lambda_functions.aws_iam_role_policy_attachment.additional_one",
            "module.dashboard.module.backend.module.lambda_functions.aws_lambda_event_source_mapping.this",
            "module.dashboard.module.backend.module.lambda_functions.aws_lambda_function.this",
            "module.dashboard.module.backend.module.lambda_functions.aws_lambda_function_event_invoke_config.this",
            "module.dashboard.module.backend.module.lambda_functions.aws_lambda_function_recursion_config.this",
            "module.dashboard.module.backend.module.lambda_functions.aws_lambda_function_url.this",
            "module.dashboard.module.backend.module.lambda_functions.aws_lambda_layer_version.this",
            "module.dashboard.module.backend.module.lambda_functions.aws_lambda_permission.current_version_triggers",
            "module.dashboard.module.backend.module.lambda_functions.aws_lambda_permission.unqualified_alias_triggers",
            "module.dashboard.module.backend.module.lambda_functions.aws_lambda_provisioned_concurrency_config.current_version",
            "module.dashboard.module.backend.module.lambda_functions.aws_s3_object.lambda_package",
            "module.dashboard.module.backend.module.lambda_functions.data.aws_arn.log_group_arn",
            "module.dashboard.module.backend.module.lambda_functions.data.aws_caller_identity.current",
            "module.dashboard.module.backend.module.lambda_functions.data.aws_cloudwatch_log_group.lambda",
            "module.dashboard.module.backend.module.lambda_functions.data.aws_iam_policy.tracing",
            "module.dashboard.module.backend.module.lambda_functions.data.aws_iam_policy.vpc",
            "module.dashboard.module.backend.module.lambda_functions.data.aws_iam_policy_document.additional_inline",
            "module.dashboard.module.backend.module.lambda_functions.data.aws_iam_policy_document.assume_role",
            "module.dashboard.module.backend.module.lambda_functions.data.aws_iam_policy_document.async",
            "module.dashboard.module.backend.module.lambda_functions.data.aws_iam_policy_document.dead_letter",
            "module.dashboard.module.backend.module.lambda_functions.data.aws_iam_policy_document.logs",
            "module.dashboard.module.backend.module.lambda_functions.data.aws_partition.current",
            "module.dashboard.module.backend.module.lambda_functions.data.aws_region.current",
            "module.dashboard.module.backend.module.lambda_functions.data.external.archive_prepare",
            "module.dashboard.module.backend.module.lambda_functions.local_file.archive_plan",
            "module.dashboard.module.backend.module.lambda_functions.null_resource.archive",
            "module.dashboard.module.backend.module.lambda_functions.null_resource.sam_metadata_aws_lambda_function",
            "module.dashboard.module.backend.module.lambda_functions.null_resource.sam_metadata_aws_lambda_layer_version",
            "module.dynamodb_table.aws_dynamodb_table.autoscaled",
            "module.dynamodb_table.aws_dynamodb_table.autoscaled_gsi_ignore",
            "module.dynamodb_table.aws_dynamodb_table.this"
          ],
          "create_before_destroy": true
        },
        {
          "index_key": "GET /recent-pings",
          "schema_version": 0,
          "attributes": {
            "api_id": "weuhiuyjbd",
            "api_key_required": false,
            "authorization_scopes": null,
            "authorization_type": "NONE",
            "authorizer_id": "",
            "id": "gzop6sm",
            "model_selection_expression": "",
            "operation_name": "",
            "region": "us-west-2",
            "request_models": null,
            "request_parameter": [],
            "route_key": "GET /recent-pings",
            "route_response_selection_expression": "",
            "target": "integrations/84tyb56"
          },
          "sensitive_attributes": [],
          "private": "bnVsbA==",
          "dependencies": [
            "module.dashboard.module.backend.data.aws_dynamodb_table.this",
            "module.dashboard.module.backend.module.api_gateway.aws_apigatewayv2_api.this",
            "module.dashboard.module.backend.module.api_gateway.aws_apigatewayv2_authorizer.this",
            "module.dashboard.module.backend.module.api_gateway.aws_apigatewayv2_integration.this",
            "module.dashboard.module.backend.module.api_gateway.aws_apigatewayv2_vpc_link.this",
            "module.dashboard.module.backend.module.lambda_functions.aws_cloudwatch_log_group.lambda",
            "module.dashboard.module.backend.module.lambda_functions.aws_iam_role.lambda",
            "module.dashboard.module.backend.module.lambda_functions.aws_iam_role_policy.additional_inline",
            "module.dashboard.module.backend.module.lambda_functions.aws_iam_role_policy.additional_json",
            "module.dashboard.module.backend.module.lambda_functions.aws_iam_role_policy.additional_jsons",
            "module.dashboard.module.backend.module.lambda_functions.aws_iam_role_policy.async",
            "module.dashboard.module.backend.module.lambda_functions.aws_iam_role_policy.dead_letter",
            "module.dashboard.module.backend.module.lambda_functions.aws_iam_role_policy.logs",
            "module.dashboard.module.backend.module.lambda_functions.aws_iam_role_policy.tracing",
            "module.dashboard.module.backend.module.lambda_functions.aws_iam_role_policy.vpc",
            "module.dashboard.module.backend.module.lambda_functions.aws_iam_role_policy_attachment.additional_many",
            "module.dashboard.module.backend.module.lambda_functions.aws_iam_role_policy_attachment.additional_one",
            "module.dashboard.module.backend.module.lambda_functions.aws_lambda_event_source_mapping.this",
            "module.dashboard.module.backend.module.lambda_functions.aws_lambda_function.this",
            "module.dashboard.module.backend.module.lambda_functions.aws_lambda_function_event_invoke_config.this",
            "module.dashboard.module.backend.module.lambda_functions.aws_lambda_function_recursion_config.this",
            "module.dashboard.module.backend.module.lambda_functions.aws_lambda_function_url.this",
            "module.dashboard.module.backend.module.lambda_functions.aws_lambda_layer_version.this",
            "module.dashboard.module.backend.module.lambda_functions.aws_lambda_permission.current_version_triggers",
            "module.dashboard.module.backend.module.lambda_functions.aws_lambda_permission.unqualified_alias_triggers",
            "module.dashboard.module.backend.module.lambda_functions.aws_lambda_provisioned_concurrency_config.current_version",
            "module.dashboard.module.backend.module.lambda_functions.aws_s3_object.lambda_package",
            "module.dashboard.module.backend.module.lambda_functions.data.aws_arn.log_group_arn",
            "module.dashboard.module.backend.module.lambda_functions.data.aws_caller_identity.current",
            "module.dashboard.module.backend.module.lambda_functions.data.aws_cloudwatch_log_group.lambda",
            "module.dashboard.module.backend.module.lambda_functions.data.aws_iam_policy.tracing",
            "module.dashboard.module.backend.module.lambda_functions.data.aws_iam_policy.vpc",
            "module.dashboard.module.backend.module.lambda_functions.data.aws_iam_policy_document.additional_inline",
            "module.dashboard.module.backend.module.lambda_functions.data.aws_iam_policy_document.assume_role",
            "module.dashboard.module.backend.module.lambda_functions.data.aws_iam_policy_document.async",
            "module.dashboard.module.backend.module.lambda_functions.data.aws_iam_policy_document.dead_letter",
            "module.dashboard.module.backend.module.lambda_functions.data.aws_iam_policy_document.logs",
            "module.dashboard.module.backend.module.lambda_functions.data.aws_partition.current",
            "module.dashboard.module.backend.module.lambda_functions.data.aws_region.current",
            "module.dashboard.module.backend.module.lambda_functions.data.external.archive_prepare",
            "module.dashboard.module.backend.module.lambda_functions.local_file.archive_plan",
            "module.dashboard.module.backend.module.lambda_functions.null_resource.archive",
            "module.dashboard.module.backend.module.lambda_functions.null_resource.sam_metadata_aws_lambda_function",
            "module.dashboard.module.backend.module.lambda_functions.null_resource.sam_metadata_aws_lambda_layer_version",
            "module.dynamodb_table.aws_dynamodb_table.autoscaled",
            "module.dynamodb_table.aws_dynamodb_table.autoscaled_gsi_ignore",
            "module.dynamodb_table.aws_dynamodb_table.this"
          ],
          "create_before_destroy": true
        },
        {
          "index_key": "GET /uptime-data",
          "schema_version": 0,
          "attributes": {
            "api_id": "weuhiuyjbd",
            "api_key_required": false,
            "authorization_scopes": null,
            "authorization_type": "NONE",
            "authorizer_id": "",
            "id": "0hydpkh",
            "model_selection_expression": "",
            "operation_name": "",
            "region": "us-west-2",
            "request_models": null,
            "request_parameter": [],
            "route_key": "GET /uptime-data",
            "route_response_selection_expression": "",
            "target": "integrations/26d6hxs"
          },
          "sensitive_attributes": [],
          "private": "bnVsbA==",
          "dependencies": [
            "module.dashboard.module.backend.data.aws_dynamodb_table.this",
            "module.dashboard.module.backend.module.api_gateway.aws_apigatewayv2_api.this",
            "module.dashboard.module.backend.module.api_gateway.aws_apigatewayv2_authorizer.this",
            "module.dashboard.module.backend.module.api_gateway.aws_apigatewayv2_integration.this",
            "module.dashboard.module.backend.module.api_gateway.aws_apigatewayv2_vpc_link.this",
            "module.dashboard.module.backend.module.lambda_functions.aws_cloudwatch_log_group.lambda",
            "module.dashboard.module.backend.module.lambda_functions.aws_iam_role.lambda",
            "module.dashboard.module.backend.module.lambda_functions.aws_iam_role_policy.additional_inline",
            "module.dashboard.module.backend.module.lambda_functions.aws_iam_role_policy.additional_json",
            "module.dashboard.module.backend.module.lambda_functions.aws_iam_role_policy.additional_jsons",
            "module.dashboard.module.backend.module.lambda_functions.aws_iam_role_policy.async",
            "module.dashboard.module.backend.module.lambda_functions.aws_iam_role_policy.dead_letter",
            "module.dashboard.module.backend.module.lambda_functions.aws_iam_role_policy.logs",
            "module.dashboard.module.backend.module.lambda_functions.aws_iam_role_policy.tracing",
            "module.dashboard.module.backend.module.lambda_functions.aws_iam_role_policy.vpc",
            "module.dashboard.module.backend.module.lambda_functions.aws_iam_role_policy_attachment.additional_many",
            "module.dashboard.module.backend.module.lambda_functions.aws_iam_role_policy_attachment.additional_one",
            "module.dashboard.module.backend.module.lambda_functions.aws_lambda_event_source_mapping.this",
            "module.dashboard.module.backend.module.lambda_functions.aws_lambda_function.this",
            "module.dashboard.module.backend.module.lambda_functions.aws_lambda_function_event_invoke_config.this",
            "module.dashboard.module.backend.module.lambda_functions.aws_lambda_function_recursion_config.this",
            "module.dashboard.module.backend.module.lambda_functions.aws_lambda_function_url.this",
            "module.dashboard.module.backend.module.lambda_functions.aws_lambda_layer_version.this",
            "module.dashboard.module.backend.module.lambda_functions.aws_lambda_permission.current_version_triggers",
            "module.dashboard.module.backend.module.lambda_functions.aws_lambda_permission.unqualified_alias_triggers",
            "module.dashboard.module.backend.module.lambda_functions.aws_lambda_provisioned_concurrency_config.current_version",
            "module.dashboard.module.backend.module.lambda_functions.aws_s3_object.lambda_package",
            "module.dashboard.module.backend.module.lambda_functions.data.aws_arn.log_group_arn",
            "module.dashboard.module.backend.module.lambda_functions.data.aws_caller_identity.current",
            "module.dashboard.module.backend.module.lambda_functions.data.aws_cloudwatch_log_group.lambda",
            "module.dashboard.module.backend.module.lambda_functions.data.aws_iam_policy.tracing",
            "module.dashboard.module.backend.module.lambda_functions.data.aws_iam_policy.vpc",
            "module.dashboard.module.backend.module.lambda_functions.data.aws_iam_policy_document.additional_inline",
            "module.dashboard.module.backend.module.lambda_functions.data.aws_iam_policy_document.assume_role",
            "module.dashboard.module.backend.module.lambda_functions.data.aws_iam_policy_document.async",
            "module.dashboard.module.backend.module.lambda_functions.data.aws_iam_policy_document.dead_letter",
            "module.dashboard.module.backend.module.lambda_functions.data.aws_iam_policy_document.logs",
            "module.dashboard.module.backend.module.lambda_functions.data.aws_partition.current",
            "module.dashboard.module.backend.module.lambda_functions.data.aws_region.current",
            "module.dashboard.module.backend.module.lambda_functions.data.external.archive_prepare",
            "module.dashboard.module.backend.module.lambda_functions.local_file.archive_plan",
            "module.dashboard.module.backend.module.lambda_functions.null_resource.archive",
            "module.dashboard.module.backend.module.lambda_functions.null_resource.sam_metadata_aws_lambda_function",
            "module.dashboard.module.backend.module.lambda_functions.null_resource.sam_metadata_aws_lambda_layer_version",
            "module.dynamodb_table.aws_dynamodb_table.autoscaled",
            "module.dynamodb_table.aws_dynamodb_table.autoscaled_gsi_ignore",
            "module.dynamodb_table.aws_dynamodb_table.this"
          ],
          "create_before_destroy": true
        }
      ]
    },
    {
      "module": "module.dashboard.module.backend.module.api_gateway",
      "mode": "managed",
      "type": "aws_apigatewayv2_stage",
      "name": "this",
      "provider": "provider[\"registry.terraform.io/hashicorp/aws\"]",
      "instances": [
        {
          "index_key": 0,
          "schema_version": 0,
          "attributes": {
            "access_log_settings": [
              {
                "destination_arn": "arn:aws:logs:us-west-2:958948421283:log-group:/aws/apigateway/website-uptime-monitor-dash-dev-http/default",
                "format": "{\"context\":{\"domainName\":\"$context.domainName\",\"error\":{\"message\":\"$context.error.message\",\"responseType\":\"$context.error.responseType\"},\"identity\":{\"sourceIP\":\"$context.identity.sourceIp\"},\"integration\":{\"error\":\"$context.integration.error\",\"integrationStatus\":\"$context.integration.integrationStatus\"},\"integrationErrorMessage\":\"$context.integrationErrorMessage\",\"protocol\":\"$context.protocol\",\"requestId\":\"$context.requestId\",\"requestTime\":\"$context.requestTime\",\"responseLength\":\"$context.responseLength\",\"routeKey\":\"$context.routeKey\",\"stage\":\"$context.stage\",\"status\":\"$context.status\"}}"
              }
            ],
            "api_id": "weuhiuyjbd",
            "arn": "arn:aws:apigateway:us-west-2::/apis/weuhiuyjbd/stages/$default",
            "auto_deploy": true,
            "client_certificate_id": "",
            "default_route_settings": [
              {
                "data_trace_enabled": false,
                "detailed_metrics_enabled": true,
                "logging_level": "",
                "throttling_burst_limit": 500,
                "throttling_rate_limit": 1000
              }
            ],
            "deployment_id": "",
            "description": "",
            "execution_arn": "arn:aws:execute-api:us-west-2:958948421283:weuhiuyjbd/$default",
            "id": "$default",
            "invoke_url": "https://weuhiuyjbd.execute-api.us-west-2.amazonaws.com/",
            "name": "$default",
            "region": "us-west-2",
            "route_settings": [
              {
                "data_trace_enabled": false,
                "detailed_metrics_enabled": true,
                "logging_level": "",
                "route_key": "GET /metrics",
                "throttling_burst_limit": 500,
                "throttling_rate_limit": 1000
              },
              {
                "data_trace_enabled": false,
                "detailed_metrics_enabled": true,
                "logging_level": "",
                "route_key": "GET /recent-pings",
                "throttling_burst_limit": 500,
                "throttling_rate_limit": 1000
              },
              {
                "data_trace_enabled": false,
                "detailed_metrics_enabled": true,
                "logging_level": "",
                "route_key": "GET /uptime-data",
                "throttling_burst_limit": 500,
                "throttling_rate_limit": 1000
              }
            ],
            "stage_variables": null,
            "tags": null,
            "tags_all": {
              "Environment": "dev",
              "Project": "website-uptime-monitor",
              "Terraform": "true"
            }
          },
          "sensitive_attributes": [],
          "private": "bnVsbA==",
          "dependencies": [
            "module.dashboard.module.backend.data.aws_dynamodb_table.this",
            "module.dashboard.module.backend.module.api_gateway.aws_apigatewayv2_api.this",
            "module.dashboard.module.backend.module.api_gateway.aws_apigatewayv2_authorizer.this",
            "module.dashboard.module.backend.module.api_gateway.aws_apigatewayv2_deployment.this",
            "module.dashboard.module.backend.module.api_gateway.aws_apigatewayv2_integration.this",
            "module.dashboard.module.backend.module.api_gateway.aws_apigatewayv2_route.this",
            "module.dashboard.module.backend.module.api_gateway.aws_apigatewayv2_route_response.this",
            "module.dashboard.module.backend.module.api_gateway.aws_apigatewayv2_vpc_link.this",
            "module.dashboard.module.backend.module.api_gateway.aws_cloudwatch_log_group.this",
            "module.dashboard.module.backend.module.lambda_functions.aws_cloudwatch_log_group.lambda",
            "module.dashboard.module.backend.module.lambda_functions.aws_iam_role.lambda",
            "module.dashboard.module.backend.module.lambda_functions.aws_iam_role_policy.additional_inline",
            "module.dashboard.module.backend.module.lambda_functions.aws_iam_role_policy.additional_json",
            "module.dashboard.module.backend.module.lambda_functions.aws_iam_role_policy.additional_jsons",
            "module.dashboard.module.backend.module.lambda_functions.aws_iam_role_policy.async",
            "module.dashboard.module.backend.module.lambda_functions.aws_iam_role_policy.dead_letter",
            "module.dashboard.module.backend.module.lambda_functions.aws_iam_role_policy.logs",
            "module.dashboard.module.backend.module.lambda_functions.aws_iam_role_policy.tracing",
            "module.dashboard.module.backend.module.lambda_functions.aws_iam_role_policy.vpc",
            "module.dashboard.module.backend.module.lambda_functions.aws_iam_role_policy_attachment.additional_many",
            "module.dashboard.module.backend.module.lambda_functions.aws_iam_role_policy_attachment.additional_one",
            "module.dashboard.module.backend.module.lambda_functions.aws_lambda_event_source_mapping.this",
            "module.dashboard.module.backend.module.lambda_functions.aws_lambda_function.this",
            "module.dashboard.module.backend.module.lambda_functions.aws_lambda_function_event_invoke_config.this",
            "module.dashboard.module.backend.module.lambda_functions.aws_lambda_function_recursion_config.this",
            "module.dashboard.module.backend.module.lambda_functions.aws_lambda_function_url.this",
            "module.dashboard.module.backend.module.lambda_functions.aws_lambda_layer_version.this",
            "module.dashboard.module.backend.module.lambda_functions.aws_lambda_permission.current_version_triggers",
            "module.dashboard.module.backend.module.lambda_functions.aws_lambda_permission.unqualified_alias_triggers",
            "module.dashboard.module.backend.module.lambda_functions.aws_lambda_provisioned_concurrency_config.current_version",
            "module.dashboard.module.backend.module.lambda_functions.aws_s3_object.lambda_package",
            "module.dashboard.module.backend.module.lambda_functions.data.aws_arn.log_group_arn",
            "module.dashboard.module.backend.module.lambda_functions.data.aws_caller_identity.current",
            "module.dashboard.module.backend.module.lambda_functions.data.aws_cloudwatch_log_group.lambda",
            "module.dashboard.module.backend.module.lambda_functions.data.aws_iam_policy.tracing",
            "module.dashboard.module.backend.module.lambda_functions.data.aws_iam_policy.vpc",
            "module.dashboard.module.backend.module.lambda_functions.data.aws_iam_policy_document.additional_inline",
            "module.dashboard.module.backend.module.lambda_functions.data.aws_iam_policy_document.assume_role",
            "module.dashboard.module.backend.module.lambda_functions.data.aws_iam_policy_document.async",
            "module.dashboard.module.backend.module.lambda_functions.data.aws_iam_policy_document.dead_letter",
            "module.dashboard.module.backend.module.lambda_functions.data.aws_iam_policy_document.logs",
            "module.dashboard.module.backend.module.lambda_functions.data.aws_partition.current",
            "module.dashboard.module.backend.module.lambda_functions.data.aws_region.current",
            "module.dashboard.module.backend.module.lambda_functions.data.external.archive_prepare",
            "module.dashboard.module.backend.module.lambda_functions.local_file.archive_plan",
            "module.dashboard.module.backend.module.lambda_functions.null_resource.archive",
            "module.dashboard.module.backend.module.lambda_functions.null_resource.sam_metadata_aws_lambda_function",
            "module.dashboard.module.backend.module.lambda_functions.null_resource.sam_metadata_aws_lambda_layer_version",
            "module.dynamodb_table.aws_dynamodb_table.autoscaled",
            "module.dynamodb_table.aws_dynamodb_table.autoscaled_gsi_ignore",
            "module.dynamodb_table.aws_dynamodb_table.this"
          ]
        }
      ]
    },
    {
      "module": "module.dashboard.module.backend.module.api_gateway",
      "mode": "managed",
      "type": "aws_cloudwatch_log_group",
      "name": "this",
      "provider": "provider[\"registry.terraform.io/hashicorp/aws\"]",
      "instances": [
        {
          "index_key": "this",
          "schema_version": 0,
          "attributes": {
            "arn": "arn:aws:logs:us-west-2:958948421283:log-group:/aws/apigateway/website-uptime-monitor-dash-dev-http/default",
            "id": "/aws/apigateway/website-uptime-monitor-dash-dev-http/default",
            "kms_key_id": "",
            "log_group_class": "STANDARD",
            "name": "/aws/apigateway/website-uptime-monitor-dash-dev-http/default",
            "name_prefix": "",
            "region": "us-west-2",
            "retention_in_days": 30,
            "skip_destroy": false,
            "tags": null,
            "tags_all": {
              "Environment": "dev",
              "Project": "website-uptime-monitor",
              "Terraform": "true"
            }
          },
          "sensitive_attributes": [],
          "private": "bnVsbA=="
        }
      ]
    },
    {
      "module": "module.dashboard.module.backend.module.lambda_functions[\"GET /metrics\"]",
      "mode": "data",
      "type": "aws_caller_identity",
      "name": "current",
      "provider": "provider[\"registry.terraform.io/hashicorp/aws\"]",
      "instances": [
        {
          "schema_version": 0,
          "attributes": {
            "account_id": "958948421283",
            "arn": "arn:aws:iam::958948421283:user/cli-user",
            "id": "958948421283",
            "user_id": "AIDA56ROHV2RRL33TY4LX"
          },
          "sensitive_attributes": []
        }
      ]
    },
    {
      "module": "module.dashboard.module.backend.module.lambda_functions[\"GET /metrics\"]",
      "mode": "data",
      "type": "aws_iam_policy_document",
      "name": "assume_role",
      "provider": "provider[\"registry.terraform.io/hashicorp/aws\"]",
      "instances": [
        {
          "index_key": 0,
          "schema_version": 0,
          "attributes": {
            "id": "1604711841",
            "json": "{\n  \"Version\": \"2012-10-17\",\n  \"Statement\": [\n    {\n      \"Effect\": \"Allow\",\n      \"Action\": \"sts:AssumeRole\",\n      \"Principal\": {\n        \"Service\": \"lambda.amazonaws.com\"\n      }\n    }\n  ]\n}",
            "minified_json": "{\"Version\":\"2012-10-17\",\"Statement\":[{\"Effect\":\"Allow\",\"Action\":\"sts:AssumeRole\",\"Principal\":{\"Service\":\"lambda.amazonaws.com\"}}]}",
            "override_json": null,
            "override_policy_documents": null,
            "policy_id": null,
            "source_json": null,
            "source_policy_documents": null,
            "statement": [
              {
                "actions": [
                  "sts:AssumeRole"
                ],
                "condition": [],
                "effect": "Allow",
                "not_actions": [],
                "not_principals": [],
                "not_resources": [],
                "principals": [
                  {
                    "identifiers": [
                      "lambda.amazonaws.com"
                    ],
                    "type": "Service"
                  }
                ],
                "resources": [],
                "sid": ""
              }
            ],
            "version": "2012-10-17"
          },
          "sensitive_attributes": []
        }
      ]
    },
    {
      "module": "module.dashboard.module.backend.module.lambda_functions[\"GET /metrics\"]",
      "mode": "data",
      "type": "aws_iam_policy_document",
      "name": "logs",
      "provider": "provider[\"registry.terraform.io/hashicorp/aws\"]",
      "instances": [
        {
          "index_key": 0,
          "schema_version": 0,
          "attributes": {
            "id": "1135992975",
            "json": "{\n  \"Version\": \"2012-10-17\",\n  \"Statement\": [\n    {\n      \"Effect\": \"Allow\",\n      \"Action\": [\n        \"logs:PutLogEvents\",\n        \"logs:CreateLogStream\",\n        \"logs:CreateLogGroup\"\n      ],\n      \"Resource\": [\n        \"arn:aws:logs:us-west-2:958948421283:log-group:/aws/lambda/website-uptime-monitor-dash-get-dev:*:*\",\n        \"arn:aws:logs:us-west-2:958948421283:log-group:/aws/lambda/website-uptime-monitor-dash-get-dev:*\"\n      ]\n    }\n  ]\n}",
            "minified_json": "{\"Version\":\"2012-10-17\",\"Statement\":[{\"Effect\":\"Allow\",\"Action\":[\"logs:PutLogEvents\",\"logs:CreateLogStream\",\"logs:CreateLogGroup\"],\"Resource\":[\"arn:aws:logs:us-west-2:958948421283:log-group:/aws/lambda/website-uptime-monitor-dash-get-dev:*:*\",\"arn:aws:logs:us-west-2:958948421283:log-group:/aws/lambda/website-uptime-monitor-dash-get-dev:*\"]}]}",
            "override_json": null,
            "override_policy_documents": null,
            "policy_id": null,
            "source_json": null,
            "source_policy_documents": null,
            "statement": [
              {
                "actions": [
                  "logs:CreateLogGroup",
                  "logs:CreateLogStream",
                  "logs:PutLogEvents"
                ],
                "condition": [],
                "effect": "Allow",
                "not_actions": [],
                "not_principals": [],
                "not_resources": [],
                "principals": [],
                "resources": [
                  "arn:aws:logs:us-west-2:958948421283:log-group:/aws/lambda/website-uptime-monitor-dash-get-dev:*",
                  "arn:aws:logs:us-west-2:958948421283:log-group:/aws/lambda/website-uptime-monitor-dash-get-dev:*:*"
                ],
                "sid": ""
              }
            ],
            "version": "2012-10-17"
          },
          "sensitive_attributes": []
        }
      ]
    },
    {
      "module": "module.dashboard.module.backend.module.lambda_functions[\"GET /metrics\"]",
      "mode": "data",
      "type": "aws_partition",
      "name": "current",
      "provider": "provider[\"registry.terraform.io/hashicorp/aws\"]",
      "instances": [
        {
          "schema_version": 0,
          "attributes": {
            "dns_suffix": "amazonaws.com",
            "id": "aws",
            "partition": "aws",
            "reverse_dns_prefix": "com.amazonaws"
          },
          "sensitive_attributes": []
        }
      ]
    },
    {
      "module": "module.dashboard.module.backend.module.lambda_functions[\"GET /metrics\"]",
      "mode": "data",
      "type": "aws_region",
      "name": "current",
      "provider": "provider[\"registry.terraform.io/hashicorp/aws\"]",
      "instances": [
        {
          "schema_version": 0,
          "attributes": {
            "description": "US West (Oregon)",
            "endpoint": "ec2.us-west-2.amazonaws.com",
            "id": "us-west-2",
            "name": "us-west-2",
            "region": "us-west-2"
          },
          "sensitive_attributes": []
        }
      ]
    },
    {
      "module": "module.dashboard.module.backend.module.lambda_functions[\"GET /metrics\"]",
      "mode": "data",
      "type": "external",
      "name": "archive_prepare",
      "provider": "provider[\"registry.terraform.io/hashicorp/external\"]",
      "instances": [
        {
          "index_key": 0,
          "schema_version": 0,
          "attributes": {
            "id": "-",
            "program": [
              "python.exe",
              ".terraform/modules/dashboard.backend.lambda_functions/package.py",
              "prepare"
            ],
            "query": {
              "artifacts_dir": "./.terraform/lambda-builds/",
              "docker": null,
              "hash_extra": "",
              "hash_extra_paths": "[]",
              "paths": "{\"cwd\":\"E:/Internal/Desktop/devops/aws-website-uptime-monitor/infra\",\"module\":\".terraform/modules/dashboard.backend.lambda_functions\",\"root\":\".\"}",
              "recreate_missing_package": "true",
              "runtime": "nodejs18.x",
              "source_path": "[\"./../dashboard/backend/functions/get.mjs\",{\"npm_requirements\":\"./../dashboard/backend/package.json\"}]"
            },
            "result": {
              "build_plan": "{\"filename\": \"./.terraform/lambda-builds/a0842e5a949dfd64e5ceb8cd76979cb8547d78f73fc4ba2317ce921b8770f32f.zip\", \"runtime\": \"nodejs18.x\", \"artifacts_dir\": \"./.terraform/lambda-builds/\", \"build_plan\": [[[\"zip\", \"./../dashboard/backend/functions/get.mjs\", null]], [[\"npm\", \"nodejs18.x\", \"./../dashboard/backend/package.json\", null, null]]]}",
              "build_plan_filename": "./.terraform/lambda-builds/a0842e5a949dfd64e5ceb8cd76979cb8547d78f73fc4ba2317ce921b8770f32f.plan.json",
              "filename": "./.terraform/lambda-builds/a0842e5a949dfd64e5ceb8cd76979cb8547d78f73fc4ba2317ce921b8770f32f.zip",
              "timestamp": "1759466045374269000",
              "was_missing": "false"
            },
            "working_dir": null
          },
          "sensitive_attributes": []
        }
      ]
    },
    {
      "module": "module.dashboard.module.backend.module.lambda_functions[\"GET /metrics\"]",
      "mode": "managed",
      "type": "aws_cloudwatch_log_group",
      "name": "lambda",
      "provider": "provider[\"registry.terraform.io/hashicorp/aws\"]",
      "instances": [
        {
          "index_key": 0,
          "schema_version": 0,
          "attributes": {
            "arn": "arn:aws:logs:us-west-2:958948421283:log-group:/aws/lambda/website-uptime-monitor-dash-get-dev",
            "id": "/aws/lambda/website-uptime-monitor-dash-get-dev",
            "kms_key_id": "",
            "log_group_class": "STANDARD",
            "name": "/aws/lambda/website-uptime-monitor-dash-get-dev",
            "name_prefix": "",
            "region": "us-west-2",
            "retention_in_days": 0,
            "skip_destroy": false,
            "tags": null,
            "tags_all": {
              "Environment": "dev",
              "Project": "website-uptime-monitor",
              "Terraform": "true"
            }
          },
          "sensitive_attributes": [],
          "private": "bnVsbA==",
          "create_before_destroy": true
        }
      ]
    },
    {
      "module": "module.dashboard.module.backend.module.lambda_functions[\"GET /metrics\"]",
      "mode": "managed",
      "type": "aws_iam_role",
      "name": "lambda",
      "provider": "provider[\"registry.terraform.io/hashicorp/aws\"]",
      "instances": [
        {
          "index_key": 0,
          "schema_version": 0,
          "attributes": {
            "arn": "arn:aws:iam::958948421283:role/website-uptime-monitor-dash-get-dev",
            "assume_role_policy": "{\"Statement\":[{\"Action\":\"sts:AssumeRole\",\"Effect\":\"Allow\",\"Principal\":{\"Service\":\"lambda.amazonaws.com\"}}],\"Version\":\"2012-10-17\"}",
            "create_date": "2025-10-03T09:59:15Z",
            "description": "",
            "force_detach_policies": true,
            "id": "website-uptime-monitor-dash-get-dev",
            "inline_policy": [],
            "managed_policy_arns": [],
            "max_session_duration": 3600,
            "name": "website-uptime-monitor-dash-get-dev",
            "name_prefix": "",
            "path": "/",
            "permissions_boundary": "",
            "tags": null,
            "tags_all": {
              "Environment": "dev",
              "Project": "website-uptime-monitor",
              "Terraform": "true"
            },
            "unique_id": "AROA56ROHV2RW5IQRWJCN"
          },
          "sensitive_attributes": [],
          "private": "bnVsbA==",
          "dependencies": [
            "module.dashboard.module.backend.module.lambda_functions.data.aws_iam_policy_document.assume_role"
          ],
          "create_before_destroy": true
        }
      ]
    },
    {
      "module": "module.dashboard.module.backend.module.lambda_functions[\"GET /metrics\"]",
      "mode": "managed",
      "type": "aws_iam_role_policy",
      "name": "additional_json",
      "provider": "provider[\"registry.terraform.io/hashicorp/aws\"]",
      "instances": [
        {
          "index_key": 0,
          "schema_version": 0,
          "attributes": {
            "id": "website-uptime-monitor-dash-get-dev:website-uptime-monitor-dash-get-dev",
            "name": "website-uptime-monitor-dash-get-dev",
            "name_prefix": "",
            "policy": "{\"Id\":\"PolicyForDynamoDB\",\"Statement\":[{\"Action\":[\"dynamodb:GetItem\",\"dynamodb:PutItem\",\"dynamodb:UpdateItem\",\"dynamodb:DeleteItem\",\"dynamodb:Query\",\"dynamodb:Scan\"],\"Effect\":\"Allow\",\"Resource\":\"arn:aws:dynamodb:us-west-2:958948421283:table/website-uptime-monitor-dynamodb-dev\",\"Sid\":\"AllowDynamoDBAccess\"}],\"Version\":\"2008-10-17\"}",
            "role": "website-uptime-monitor-dash-get-dev"
          },
          "sensitive_attributes": [],
          "private": "bnVsbA==",
          "dependencies": [
            "module.dashboard.module.backend.data.aws_dynamodb_table.this",
            "module.dashboard.module.backend.module.lambda_functions.aws_iam_role.lambda",
            "module.dashboard.module.backend.module.lambda_functions.data.aws_iam_policy_document.assume_role",
            "module.dynamodb_table.aws_dynamodb_table.autoscaled",
            "module.dynamodb_table.aws_dynamodb_table.autoscaled_gsi_ignore",
            "module.dynamodb_table.aws_dynamodb_table.this"
          ],
          "create_before_destroy": true
        }
      ]
    },
    {
      "module": "module.dashboard.module.backend.module.lambda_functions[\"GET /metrics\"]",
      "mode": "managed",
      "type": "aws_iam_role_policy",
      "name": "logs",
      "provider": "provider[\"registry.terraform.io/hashicorp/aws\"]",
      "instances": [
        {
          "index_key": 0,
          "schema_version": 0,
          "attributes": {
            "id": "website-uptime-monitor-dash-get-dev:website-uptime-monitor-dash-get-dev-logs",
            "name": "website-uptime-monitor-dash-get-dev-logs",
            "name_prefix": "",
            "policy": "{\"Version\":\"2012-10-17\",\"Statement\":[{\"Action\":[\"logs:PutLogEvents\",\"logs:CreateLogStream\",\"logs:CreateLogGroup\"],\"Effect\":\"Allow\",\"Resource\":[\"arn:aws:logs:us-west-2:958948421283:log-group:/aws/lambda/website-uptime-monitor-dash-get-dev:*:*\",\"arn:aws:logs:us-west-2:958948421283:log-group:/aws/lambda/website-uptime-monitor-dash-get-dev:*\"]}]}",
            "role": "website-uptime-monitor-dash-get-dev"
          },
          "sensitive_attributes": [],
          "private": "bnVsbA==",
          "dependencies": [
            "module.dashboard.module.backend.module.lambda_functions.aws_cloudwatch_log_group.lambda",
            "module.dashboard.module.backend.module.lambda_functions.aws_iam_role.lambda",
            "module.dashboard.module.backend.module.lambda_functions.data.aws_arn.log_group_arn",
            "module.dashboard.module.backend.module.lambda_functions.data.aws_cloudwatch_log_group.lambda",
            "module.dashboard.module.backend.module.lambda_functions.data.aws_iam_policy_document.assume_role",
            "module.dashboard.module.backend.module.lambda_functions.data.aws_iam_policy_document.logs"
          ],
          "create_before_destroy": true
        }
      ]
    },
    {
      "module": "module.dashboard.module.backend.module.lambda_functions[\"GET /metrics\"]",
      "mode": "managed",
      "type": "aws_lambda_function",
      "name": "this",
      "provider": "provider[\"registry.terraform.io/hashicorp/aws\"]",
      "instances": [
        {
          "index_key": 0,
          "schema_version": 0,
          "attributes": {
            "architectures": [
              "x86_64"
            ],
            "arn": "arn:aws:lambda:us-west-2:958948421283:function:website-uptime-monitor-dash-get-dev",
            "code_sha256": "qkjRKphZ9CObQSj1hyLN7OhkbbAV1uys3xvefkzZgeA=",
            "code_signing_config_arn": "",
            "dead_letter_config": [],
            "description": "",
            "environment": [
              {
                "variables": {
                  "DYNAMODB_TABLE": "website-uptime-monitor-dynamodb-dev",
                  "ENVIRONMENT": "dev"
                }
              }
            ],
            "ephemeral_storage": [
              {
                "size": 512
              }
            ],
            "file_system_config": [],
            "filename": "./.terraform/lambda-builds/a0842e5a949dfd64e5ceb8cd76979cb8547d78f73fc4ba2317ce921b8770f32f.zip",
            "function_name": "website-uptime-monitor-dash-get-dev",
            "handler": "get.handler",
            "id": "website-uptime-monitor-dash-get-dev",
            "image_config": [],
            "image_uri": "",
            "invoke_arn": "arn:aws:apigateway:us-west-2:lambda:path/2015-03-31/functions/arn:aws:lambda:us-west-2:958948421283:function:website-uptime-monitor-dash-get-dev/invocations",
            "kms_key_arn": "",
            "last_modified": "2025-10-03T09:59:36.533+0000",
            "layers": null,
            "logging_config": [
              {
                "application_log_level": "",
                "log_format": "Text",
                "log_group": "/aws/lambda/website-uptime-monitor-dash-get-dev",
                "system_log_level": ""
              }
            ],
            "memory_size": 128,
            "package_type": "Zip",
            "publish": true,
            "qualified_arn": "arn:aws:lambda:us-west-2:958948421283:function:website-uptime-monitor-dash-get-dev:1",
            "qualified_invoke_arn": "arn:aws:apigateway:us-west-2:lambda:path/2015-03-31/functions/arn:aws:lambda:us-west-2:958948421283:function:website-uptime-monitor-dash-get-dev:1/invocations",
            "region": "us-west-2",
            "replace_security_groups_on_destroy": null,
            "replacement_security_group_ids": null,
            "reserved_concurrent_executions": -1,
            "role": "arn:aws:iam::958948421283:role/website-uptime-monitor-dash-get-dev",
            "runtime": "nodejs18.x",
            "s3_bucket": null,
            "s3_key": null,
            "s3_object_version": null,
            "signing_job_arn": "",
            "signing_profile_version_arn": "",
            "skip_destroy": false,
            "snap_start": [],
            "source_code_hash": "qkjRKphZ9CObQSj1hyLN7OhkbbAV1uys3xvefkzZgeA=",
            "source_code_size": 82588,
            "source_kms_key_arn": "",
            "tags": {
              "terraform-aws-modules": "lambda"
            },
            "tags_all": {
              "Environment": "dev",
              "Project": "website-uptime-monitor",
              "Terraform": "true",
              "terraform-aws-modules": "lambda"
            },
            "timeout": 3,
            "timeouts": null,
            "tracing_config": [
              {
                "mode": "PassThrough"
              }
            ],
            "version": "1",
            "vpc_config": []
          },
          "sensitive_attributes": [],
          "private": "eyJlMmJmYjczMC1lY2FhLTExZTYtOGY4OC0zNDM2M2JjN2M0YzAiOnsiY3JlYXRlIjo2MDAwMDAwMDAwMDAsImRlbGV0ZSI6NjAwMDAwMDAwMDAwLCJ1cGRhdGUiOjYwMDAwMDAwMDAwMH19",
          "dependencies": [
            "module.dashboard.module.backend.data.aws_dynamodb_table.this",
            "module.dashboard.module.backend.module.lambda_functions.aws_cloudwatch_log_group.lambda",
            "module.dashboard.module.backend.module.lambda_functions.aws_iam_role.lambda",
            "module.dashboard.module.backend.module.lambda_functions.aws_iam_role_policy.additional_inline",
            "module.dashboard.module.backend.module.lambda_functions.aws_iam_role_policy.additional_json",
            "module.dashboard.module.backend.module.lambda_functions.aws_iam_role_policy.additional_jsons",
            "module.dashboard.module.backend.module.lambda_functions.aws_iam_role_policy.async",
            "module.dashboard.module.backend.module.lambda_functions.aws_iam_role_policy.dead_letter",
            "module.dashboard.module.backend.module.lambda_functions.aws_iam_role_policy.logs",
            "module.dashboard.module.backend.module.lambda_functions.aws_iam_role_policy.tracing",
            "module.dashboard.module.backend.module.lambda_functions.aws_iam_role_policy.vpc",
            "module.dashboard.module.backend.module.lambda_functions.aws_iam_role_policy_attachment.additional_many",
            "module.dashboard.module.backend.module.lambda_functions.aws_iam_role_policy_attachment.additional_one",
            "module.dashboard.module.backend.module.lambda_functions.aws_s3_object.lambda_package",
            "module.dashboard.module.backend.module.lambda_functions.data.aws_arn.log_group_arn",
            "module.dashboard.module.backend.module.lambda_functions.data.aws_cloudwatch_log_group.lambda",
            "module.dashboard.module.backend.module.lambda_functions.data.aws_iam_policy.tracing",
            "module.dashboard.module.backend.module.lambda_functions.data.aws_iam_policy.vpc",
            "module.dashboard.module.backend.module.lambda_functions.data.aws_iam_policy_document.additional_inline",
            "module.dashboard.module.backend.module.lambda_functions.data.aws_iam_policy_document.assume_role",
            "module.dashboard.module.backend.module.lambda_functions.data.aws_iam_policy_document.async",
            "module.dashboard.module.backend.module.lambda_functions.data.aws_iam_policy_document.dead_letter",
            "module.dashboard.module.backend.module.lambda_functions.data.aws_iam_policy_document.logs",
            "module.dashboard.module.backend.module.lambda_functions.data.aws_partition.current",
            "module.dashboard.module.backend.module.lambda_functions.data.external.archive_prepare",
            "module.dashboard.module.backend.module.lambda_functions.local_file.archive_plan",
            "module.dashboard.module.backend.module.lambda_functions.null_resource.archive",
            "module.dynamodb_table.aws_dynamodb_table.autoscaled",
            "module.dynamodb_table.aws_dynamodb_table.autoscaled_gsi_ignore",
            "module.dynamodb_table.aws_dynamodb_table.this"
          ],
          "create_before_destroy": true
        }
      ]
    },
    {
      "module": "module.dashboard.module.backend.module.lambda_functions[\"GET /metrics\"]",
      "mode": "managed",
      "type": "aws_lambda_permission",
      "name": "current_version_triggers",
      "provider": "provider[\"registry.terraform.io/hashicorp/aws\"]",
      "instances": [
        {
          "index_key": "apigw",
          "schema_version": 0,
          "attributes": {
            "action": "lambda:InvokeFunction",
            "event_source_token": null,
            "function_name": "website-uptime-monitor-dash-get-dev",
            "function_url_auth_type": null,
            "id": "apigw20251003095958479000000008",
            "principal": "apigateway.amazonaws.com",
            "principal_org_id": null,
            "qualifier": "1",
            "region": "us-west-2",
            "source_account": null,
            "source_arn": "arn:aws:execute-api:us-west-2:958948421283:weuhiuyjbd/*/*",
            "statement_id": "apigw20251003095958479000000008",
            "statement_id_prefix": "apigw"
          },
          "sensitive_attributes": [],
          "private": "bnVsbA==",
          "dependencies": [
            "module.dashboard.module.backend.data.aws_dynamodb_table.this",
            "module.dashboard.module.backend.module.api_gateway.aws_apigatewayv2_api.this",
            "module.dashboard.module.backend.module.lambda_functions.aws_cloudwatch_log_group.lambda",
            "module.dashboard.module.backend.module.lambda_functions.aws_iam_role.lambda",
            "module.dashboard.module.backend.module.lambda_functions.aws_iam_role_policy.additional_inline",
            "module.dashboard.module.backend.module.lambda_functions.aws_iam_role_policy.additional_json",
            "module.dashboard.module.backend.module.lambda_functions.aws_iam_role_policy.additional_jsons",
            "module.dashboard.module.backend.module.lambda_functions.aws_iam_role_policy.async",
            "module.dashboard.module.backend.module.lambda_functions.aws_iam_role_policy.dead_letter",
            "module.dashboard.module.backend.module.lambda_functions.aws_iam_role_policy.logs",
            "module.dashboard.module.backend.module.lambda_functions.aws_iam_role_policy.tracing",
            "module.dashboard.module.backend.module.lambda_functions.aws_iam_role_policy.vpc",
            "module.dashboard.module.backend.module.lambda_functions.aws_iam_role_policy_attachment.additional_many",
            "module.dashboard.module.backend.module.lambda_functions.aws_iam_role_policy_attachment.additional_one",
            "module.dashboard.module.backend.module.lambda_functions.aws_lambda_function.this",
            "module.dashboard.module.backend.module.lambda_functions.aws_s3_object.lambda_package",
            "module.dashboard.module.backend.module.lambda_functions.data.aws_arn.log_group_arn",
            "module.dashboard.module.backend.module.lambda_functions.data.aws_cloudwatch_log_group.lambda",
            "module.dashboard.module.backend.module.lambda_functions.data.aws_iam_policy.tracing",
            "module.dashboard.module.backend.module.lambda_functions.data.aws_iam_policy.vpc",
            "module.dashboard.module.backend.module.lambda_functions.data.aws_iam_policy_document.additional_inline",
            "module.dashboard.module.backend.module.lambda_functions.data.aws_iam_policy_document.assume_role",
            "module.dashboard.module.backend.module.lambda_functions.data.aws_iam_policy_document.async",
            "module.dashboard.module.backend.module.lambda_functions.data.aws_iam_policy_document.dead_letter",
            "module.dashboard.module.backend.module.lambda_functions.data.aws_iam_policy_document.logs",
            "module.dashboard.module.backend.module.lambda_functions.data.aws_partition.current",
            "module.dashboard.module.backend.module.lambda_functions.data.external.archive_prepare",
            "module.dashboard.module.backend.module.lambda_functions.local_file.archive_plan",
            "module.dashboard.module.backend.module.lambda_functions.null_resource.archive",
            "module.dynamodb_table.aws_dynamodb_table.autoscaled",
            "module.dynamodb_table.aws_dynamodb_table.autoscaled_gsi_ignore",
            "module.dynamodb_table.aws_dynamodb_table.this"
          ],
          "create_before_destroy": true
        }
      ]
    },
    {
      "module": "module.dashboard.module.backend.module.lambda_functions[\"GET /metrics\"]",
      "mode": "managed",
      "type": "aws_lambda_permission",
      "name": "unqualified_alias_triggers",
      "provider": "provider[\"registry.terraform.io/hashicorp/aws\"]",
      "instances": [
        {
          "index_key": "apigw",
          "schema_version": 0,
          "attributes": {
            "action": "lambda:InvokeFunction",
            "event_source_token": null,
            "function_name": "website-uptime-monitor-dash-get-dev",
            "function_url_auth_type": null,
            "id": "apigw20251003095958477900000004",
            "principal": "apigateway.amazonaws.com",
            "principal_org_id": null,
            "qualifier": "",
            "region": "us-west-2",
            "source_account": null,
            "source_arn": "arn:aws:execute-api:us-west-2:958948421283:weuhiuyjbd/*/*",
            "statement_id": "apigw20251003095958477900000004",
            "statement_id_prefix": "apigw"
          },
          "sensitive_attributes": [],
          "private": "bnVsbA==",
          "dependencies": [
            "module.dashboard.module.backend.data.aws_dynamodb_table.this",
            "module.dashboard.module.backend.module.api_gateway.aws_apigatewayv2_api.this",
            "module.dashboard.module.backend.module.lambda_functions.aws_cloudwatch_log_group.lambda",
            "module.dashboard.module.backend.module.lambda_functions.aws_iam_role.lambda",
            "module.dashboard.module.backend.module.lambda_functions.aws_iam_role_policy.additional_inline",
            "module.dashboard.module.backend.module.lambda_functions.aws_iam_role_policy.additional_json",
            "module.dashboard.module.backend.module.lambda_functions.aws_iam_role_policy.additional_jsons",
            "module.dashboard.module.backend.module.lambda_functions.aws_iam_role_policy.async",
            "module.dashboard.module.backend.module.lambda_functions.aws_iam_role_policy.dead_letter",
            "module.dashboard.module.backend.module.lambda_functions.aws_iam_role_policy.logs",
            "module.dashboard.module.backend.module.lambda_functions.aws_iam_role_policy.tracing",
            "module.dashboard.module.backend.module.lambda_functions.aws_iam_role_policy.vpc",
            "module.dashboard.module.backend.module.lambda_functions.aws_iam_role_policy_attachment.additional_many",
            "module.dashboard.module.backend.module.lambda_functions.aws_iam_role_policy_attachment.additional_one",
            "module.dashboard.module.backend.module.lambda_functions.aws_lambda_function.this",
            "module.dashboard.module.backend.module.lambda_functions.aws_s3_object.lambda_package",
            "module.dashboard.module.backend.module.lambda_functions.data.aws_arn.log_group_arn",
            "module.dashboard.module.backend.module.lambda_functions.data.aws_cloudwatch_log_group.lambda",
            "module.dashboard.module.backend.module.lambda_functions.data.aws_iam_policy.tracing",
            "module.dashboard.module.backend.module.lambda_functions.data.aws_iam_policy.vpc",
            "module.dashboard.module.backend.module.lambda_functions.data.aws_iam_policy_document.additional_inline",
            "module.dashboard.module.backend.module.lambda_functions.data.aws_iam_policy_document.assume_role",
            "module.dashboard.module.backend.module.lambda_functions.data.aws_iam_policy_document.async",
            "module.dashboard.module.backend.module.lambda_functions.data.aws_iam_policy_document.dead_letter",
            "module.dashboard.module.backend.module.lambda_functions.data.aws_iam_policy_document.logs",
            "module.dashboard.module.backend.module.lambda_functions.data.aws_partition.current",
            "module.dashboard.module.backend.module.lambda_functions.data.external.archive_prepare",
            "module.dashboard.module.backend.module.lambda_functions.local_file.archive_plan",
            "module.dashboard.module.backend.module.lambda_functions.null_resource.archive",
            "module.dynamodb_table.aws_dynamodb_table.autoscaled",
            "module.dynamodb_table.aws_dynamodb_table.autoscaled_gsi_ignore",
            "module.dynamodb_table.aws_dynamodb_table.this"
          ],
          "create_before_destroy": true
        }
      ]
    },
    {
      "module": "module.dashboard.module.backend.module.lambda_functions[\"GET /metrics\"]",
      "mode": "managed",
      "type": "local_file",
      "name": "archive_plan",
      "provider": "provider[\"registry.terraform.io/hashicorp/local\"]",
      "instances": [
        {
          "index_key": 0,
          "schema_version": 0,
          "attributes": {
            "content": "{\"filename\": \"./.terraform/lambda-builds/a0842e5a949dfd64e5ceb8cd76979cb8547d78f73fc4ba2317ce921b8770f32f.zip\", \"runtime\": \"nodejs18.x\", \"artifacts_dir\": \"./.terraform/lambda-builds/\", \"build_plan\": [[[\"zip\", \"./../dashboard/backend/functions/get.mjs\", null]], [[\"npm\", \"nodejs18.x\", \"./../dashboard/backend/package.json\", null, null]]]}",
            "content_base64": null,
            "content_base64sha256": "4RtTsH38fM+S0StjNpF+ezC/grgZKYT7I5eAljKZWV0=",
            "content_base64sha512": "hjajkr2gpH61HuBWZgG0SUXPyVGX7fAOGzvzb+XtM3RwSa6nptPnVMv7zsrldOpk9Ow2y4tGHaVS/avjDTovow==",
            "content_md5": "a65af934441ea01b5600377be1afa2de",
            "content_sha1": "361d9c5398c41a0519b389c2d06de3aefcbd3efd",
            "content_sha256": "e11b53b07dfc7ccf92d12b6336917e7b30bf82b8192984fb239780963299595d",
            "content_sha512": "8636a392bda0a47eb51ee0566601b44945cfc95197edf00e1b3bf36fe5ed33747049aea7a6d3e754cbfbcecae574ea64f4ec36cb8b461da552fdabe30d3a2fa3",
            "directory_permission": "0755",
            "file_permission": "0644",
            "filename": "./.terraform/lambda-builds/a0842e5a949dfd64e5ceb8cd76979cb8547d78f73fc4ba2317ce921b8770f32f.plan.json",
            "id": "361d9c5398c41a0519b389c2d06de3aefcbd3efd",
            "sensitive_content": null,
            "source": null
          },
          "sensitive_attributes": [
            [
              {
                "type": "get_attr",
                "value": "sensitive_content"
              }
            ],
            [
              {
                "type": "get_attr",
                "value": "content"
              }
            ]
          ],
          "dependencies": [
            "module.dashboard.module.backend.module.lambda_functions.data.external.archive_prepare"
          ],
          "create_before_destroy": true
        }
      ]
    },
    {
      "module": "module.dashboard.module.backend.module.lambda_functions[\"GET /metrics\"]",
      "mode": "managed",
      "type": "null_resource",
      "name": "archive",
      "provider": "provider[\"registry.terraform.io/hashicorp/null\"]",
      "instances": [
        {
          "index_key": 0,
          "schema_version": 0,
          "attributes": {
            "id": "226603263",
            "triggers": {
              "filename": "./.terraform/lambda-builds/a0842e5a949dfd64e5ceb8cd76979cb8547d78f73fc4ba2317ce921b8770f32f.zip",
              "timestamp": "1759466045374269000"
            }
          },
          "sensitive_attributes": [],
          "dependencies": [
            "module.dashboard.module.backend.module.lambda_functions.data.external.archive_prepare",
            "module.dashboard.module.backend.module.lambda_functions.local_file.archive_plan"
          ],
          "create_before_destroy": true
        }
      ]
    },
    {
      "module": "module.dashboard.module.backend.module.lambda_functions[\"GET /recent-pings\"]",
      "mode": "data",
      "type": "aws_caller_identity",
      "name": "current",
      "provider": "provider[\"registry.terraform.io/hashicorp/aws\"]",
      "instances": [
        {
          "schema_version": 0,
          "attributes": {
            "account_id": "958948421283",
            "arn": "arn:aws:iam::958948421283:user/cli-user",
            "id": "958948421283",
            "user_id": "AIDA56ROHV2RRL33TY4LX"
          },
          "sensitive_attributes": []
        }
      ]
    },
    {
      "module": "module.dashboard.module.backend.module.lambda_functions[\"GET /recent-pings\"]",
      "mode": "data",
      "type": "aws_iam_policy_document",
      "name": "assume_role",
      "provider": "provider[\"registry.terraform.io/hashicorp/aws\"]",
      "instances": [
        {
          "index_key": 0,
          "schema_version": 0,
          "attributes": {
            "id": "1604711841",
            "json": "{\n  \"Version\": \"2012-10-17\",\n  \"Statement\": [\n    {\n      \"Effect\": \"Allow\",\n      \"Action\": \"sts:AssumeRole\",\n      \"Principal\": {\n        \"Service\": \"lambda.amazonaws.com\"\n      }\n    }\n  ]\n}",
            "minified_json": "{\"Version\":\"2012-10-17\",\"Statement\":[{\"Effect\":\"Allow\",\"Action\":\"sts:AssumeRole\",\"Principal\":{\"Service\":\"lambda.amazonaws.com\"}}]}",
            "override_json": null,
            "override_policy_documents": null,
            "policy_id": null,
            "source_json": null,
            "source_policy_documents": null,
            "statement": [
              {
                "actions": [
                  "sts:AssumeRole"
                ],
                "condition": [],
                "effect": "Allow",
                "not_actions": [],
                "not_principals": [],
                "not_resources": [],
                "principals": [
                  {
                    "identifiers": [
                      "lambda.amazonaws.com"
                    ],
                    "type": "Service"
                  }
                ],
                "resources": [],
                "sid": ""
              }
            ],
            "version": "2012-10-17"
          },
          "sensitive_attributes": []
        }
      ]
    },
    {
      "module": "module.dashboard.module.backend.module.lambda_functions[\"GET /recent-pings\"]",
      "mode": "data",
      "type": "aws_iam_policy_document",
      "name": "logs",
      "provider": "provider[\"registry.terraform.io/hashicorp/aws\"]",
      "instances": [
        {
          "index_key": 0,
          "schema_version": 0,
          "attributes": {
            "id": "1454925308",
            "json": "{\n  \"Version\": \"2012-10-17\",\n  \"Statement\": [\n    {\n      \"Effect\": \"Allow\",\n      \"Action\": [\n        \"logs:PutLogEvents\",\n        \"logs:CreateLogStream\",\n        \"logs:CreateLogGroup\"\n      ],\n      \"Resource\": [\n        \"arn:aws:logs:us-west-2:958948421283:log-group:/aws/lambda/website-uptime-monitor-dash-create-dev:*:*\",\n        \"arn:aws:logs:us-west-2:958948421283:log-group:/aws/lambda/website-uptime-monitor-dash-create-dev:*\"\n      ]\n    }\n  ]\n}",
            "minified_json": "{\"Version\":\"2012-10-17\",\"Statement\":[{\"Effect\":\"Allow\",\"Action\":[\"logs:PutLogEvents\",\"logs:CreateLogStream\",\"logs:CreateLogGroup\"],\"Resource\":[\"arn:aws:logs:us-west-2:958948421283:log-group:/aws/lambda/website-uptime-monitor-dash-create-dev:*:*\",\"arn:aws:logs:us-west-2:958948421283:log-group:/aws/lambda/website-uptime-monitor-dash-create-dev:*\"]}]}",
            "override_json": null,
            "override_policy_documents": null,
            "policy_id": null,
            "source_json": null,
            "source_policy_documents": null,
            "statement": [
              {
                "actions": [
                  "logs:CreateLogGroup",
                  "logs:CreateLogStream",
                  "logs:PutLogEvents"
                ],
                "condition": [],
                "effect": "Allow",
                "not_actions": [],
                "not_principals": [],
                "not_resources": [],
                "principals": [],
                "resources": [
                  "arn:aws:logs:us-west-2:958948421283:log-group:/aws/lambda/website-uptime-monitor-dash-create-dev:*",
                  "arn:aws:logs:us-west-2:958948421283:log-group:/aws/lambda/website-uptime-monitor-dash-create-dev:*:*"
                ],
                "sid": ""
              }
            ],
            "version": "2012-10-17"
          },
          "sensitive_attributes": []
        }
      ]
    },
    {
      "module": "module.dashboard.module.backend.module.lambda_functions[\"GET /recent-pings\"]",
      "mode": "data",
      "type": "aws_partition",
      "name": "current",
      "provider": "provider[\"registry.terraform.io/hashicorp/aws\"]",
      "instances": [
        {
          "schema_version": 0,
          "attributes": {
            "dns_suffix": "amazonaws.com",
            "id": "aws",
            "partition": "aws",
            "reverse_dns_prefix": "com.amazonaws"
          },
          "sensitive_attributes": []
        }
      ]
    },
    {
      "module": "module.dashboard.module.backend.module.lambda_functions[\"GET /recent-pings\"]",
      "mode": "data",
      "type": "aws_region",
      "name": "current",
      "provider": "provider[\"registry.terraform.io/hashicorp/aws\"]",
      "instances": [
        {
          "schema_version": 0,
          "attributes": {
            "description": "US West (Oregon)",
            "endpoint": "ec2.us-west-2.amazonaws.com",
            "id": "us-west-2",
            "name": "us-west-2",
            "region": "us-west-2"
          },
          "sensitive_attributes": []
        }
      ]
    },
    {
      "module": "module.dashboard.module.backend.module.lambda_functions[\"GET /recent-pings\"]",
      "mode": "data",
      "type": "external",
      "name": "archive_prepare",
      "provider": "provider[\"registry.terraform.io/hashicorp/external\"]",
      "instances": [
        {
          "index_key": 0,
          "schema_version": 0,
          "attributes": {
            "id": "-",
            "program": [
              "python.exe",
              ".terraform/modules/dashboard.backend.lambda_functions/package.py",
              "prepare"
            ],
            "query": {
              "artifacts_dir": "./.terraform/lambda-builds/",
              "docker": null,
              "hash_extra": "",
              "hash_extra_paths": "[]",
              "paths": "{\"cwd\":\"E:/Internal/Desktop/devops/aws-website-uptime-monitor/infra\",\"module\":\".terraform/modules/dashboard.backend.lambda_functions\",\"root\":\".\"}",
              "recreate_missing_package": "true",
              "runtime": "nodejs18.x",
              "source_path": "[\"./../dashboard/backend/functions/create.mjs\",{\"npm_requirements\":\"./../dashboard/backend/package.json\"}]"
            },
            "result": {
              "build_plan": "{\"filename\": \"./.terraform/lambda-builds/8b38704bc9a1fbbf3042014b1b4807bcf272edbe12efeb1f5a21aca0e377de2a.zip\", \"runtime\": \"nodejs18.x\", \"artifacts_dir\": \"./.terraform/lambda-builds/\", \"build_plan\": [[[\"zip\", \"./../dashboard/backend/functions/create.mjs\", null]], [[\"npm\", \"nodejs18.x\", \"./../dashboard/backend/package.json\", null, null]]]}",
              "build_plan_filename": "./.terraform/lambda-builds/8b38704bc9a1fbbf3042014b1b4807bcf272edbe12efeb1f5a21aca0e377de2a.plan.json",
              "filename": "./.terraform/lambda-builds/8b38704bc9a1fbbf3042014b1b4807bcf272edbe12efeb1f5a21aca0e377de2a.zip",
              "timestamp": "1759466045373670200",
              "was_missing": "false"
            },
            "working_dir": null
          },
          "sensitive_attributes": []
        }
      ]
    },
    {
      "module": "module.dashboard.module.backend.module.lambda_functions[\"GET /recent-pings\"]",
      "mode": "managed",
      "type": "aws_cloudwatch_log_group",
      "name": "lambda",
      "provider": "provider[\"registry.terraform.io/hashicorp/aws\"]",
      "instances": [
        {
          "index_key": 0,
          "schema_version": 0,
          "attributes": {
            "arn": "arn:aws:logs:us-west-2:958948421283:log-group:/aws/lambda/website-uptime-monitor-dash-create-dev",
            "id": "/aws/lambda/website-uptime-monitor-dash-create-dev",
            "kms_key_id": "",
            "log_group_class": "STANDARD",
            "name": "/aws/lambda/website-uptime-monitor-dash-create-dev",
            "name_prefix": "",
            "region": "us-west-2",
            "retention_in_days": 0,
            "skip_destroy": false,
            "tags": null,
            "tags_all": {
              "Environment": "dev",
              "Project": "website-uptime-monitor",
              "Terraform": "true"
            }
          },
          "sensitive_attributes": [],
          "private": "bnVsbA==",
          "create_before_destroy": true
        }
      ]
    },
    {
      "module": "module.dashboard.module.backend.module.lambda_functions[\"GET /recent-pings\"]",
      "mode": "managed",
      "type": "aws_iam_role",
      "name": "lambda",
      "provider": "provider[\"registry.terraform.io/hashicorp/aws\"]",
      "instances": [
        {
          "index_key": 0,
          "schema_version": 0,
          "attributes": {
            "arn": "arn:aws:iam::958948421283:role/website-uptime-monitor-dash-create-dev",
            "assume_role_policy": "{\"Statement\":[{\"Action\":\"sts:AssumeRole\",\"Effect\":\"Allow\",\"Principal\":{\"Service\":\"lambda.amazonaws.com\"}}],\"Version\":\"2012-10-17\"}",
            "create_date": "2025-10-03T09:59:15Z",
            "description": "",
            "force_detach_policies": true,
            "id": "website-uptime-monitor-dash-create-dev",
            "inline_policy": [],
            "managed_policy_arns": [],
            "max_session_duration": 3600,
            "name": "website-uptime-monitor-dash-create-dev",
            "name_prefix": "",
            "path": "/",
            "permissions_boundary": "",
            "tags": null,
            "tags_all": {
              "Environment": "dev",
              "Project": "website-uptime-monitor",
              "Terraform": "true"
            },
            "unique_id": "AROA56ROHV2RVOZD6EF6K"
          },
          "sensitive_attributes": [],
          "private": "bnVsbA==",
          "dependencies": [
            "module.dashboard.module.backend.module.lambda_functions.data.aws_iam_policy_document.assume_role"
          ],
          "create_before_destroy": true
        }
      ]
    },
    {
      "module": "module.dashboard.module.backend.module.lambda_functions[\"GET /recent-pings\"]",
      "mode": "managed",
      "type": "aws_iam_role_policy",
      "name": "additional_json",
      "provider": "provider[\"registry.terraform.io/hashicorp/aws\"]",
      "instances": [
        {
          "index_key": 0,
          "schema_version": 0,
          "attributes": {
            "id": "website-uptime-monitor-dash-create-dev:website-uptime-monitor-dash-create-dev",
            "name": "website-uptime-monitor-dash-create-dev",
            "name_prefix": "",
            "policy": "{\"Id\":\"PolicyForDynamoDB\",\"Statement\":[{\"Action\":[\"dynamodb:GetItem\",\"dynamodb:PutItem\",\"dynamodb:UpdateItem\",\"dynamodb:DeleteItem\",\"dynamodb:Query\",\"dynamodb:Scan\"],\"Effect\":\"Allow\",\"Resource\":\"arn:aws:dynamodb:us-west-2:958948421283:table/website-uptime-monitor-dynamodb-dev\",\"Sid\":\"AllowDynamoDBAccess\"}],\"Version\":\"2008-10-17\"}",
            "role": "website-uptime-monitor-dash-create-dev"
          },
          "sensitive_attributes": [],
          "private": "bnVsbA==",
          "dependencies": [
            "module.dashboard.module.backend.data.aws_dynamodb_table.this",
            "module.dashboard.module.backend.module.lambda_functions.aws_iam_role.lambda",
            "module.dashboard.module.backend.module.lambda_functions.data.aws_iam_policy_document.assume_role",
            "module.dynamodb_table.aws_dynamodb_table.autoscaled",
            "module.dynamodb_table.aws_dynamodb_table.autoscaled_gsi_ignore",
            "module.dynamodb_table.aws_dynamodb_table.this"
          ],
          "create_before_destroy": true
        }
      ]
    },
    {
      "module": "module.dashboard.module.backend.module.lambda_functions[\"GET /recent-pings\"]",
      "mode": "managed",
      "type": "aws_iam_role_policy",
      "name": "logs",
      "provider": "provider[\"registry.terraform.io/hashicorp/aws\"]",
      "instances": [
        {
          "index_key": 0,
          "schema_version": 0,
          "attributes": {
            "id": "website-uptime-monitor-dash-create-dev:website-uptime-monitor-dash-create-dev-logs",
            "name": "website-uptime-monitor-dash-create-dev-logs",
            "name_prefix": "",
            "policy": "{\"Version\":\"2012-10-17\",\"Statement\":[{\"Action\":[\"logs:PutLogEvents\",\"logs:CreateLogStream\",\"logs:CreateLogGroup\"],\"Effect\":\"Allow\",\"Resource\":[\"arn:aws:logs:us-west-2:958948421283:log-group:/aws/lambda/website-uptime-monitor-dash-create-dev:*:*\",\"arn:aws:logs:us-west-2:958948421283:log-group:/aws/lambda/website-uptime-monitor-dash-create-dev:*\"]}]}",
            "role": "website-uptime-monitor-dash-create-dev"
          },
          "sensitive_attributes": [],
          "private": "bnVsbA==",
          "dependencies": [
            "module.dashboard.module.backend.module.lambda_functions.aws_cloudwatch_log_group.lambda",
            "module.dashboard.module.backend.module.lambda_functions.aws_iam_role.lambda",
            "module.dashboard.module.backend.module.lambda_functions.data.aws_arn.log_group_arn",
            "module.dashboard.module.backend.module.lambda_functions.data.aws_cloudwatch_log_group.lambda",
            "module.dashboard.module.backend.module.lambda_functions.data.aws_iam_policy_document.assume_role",
            "module.dashboard.module.backend.module.lambda_functions.data.aws_iam_policy_document.logs"
          ],
          "create_before_destroy": true
        }
      ]
    },
    {
      "module": "module.dashboard.module.backend.module.lambda_functions[\"GET /recent-pings\"]",
      "mode": "managed",
      "type": "aws_lambda_function",
      "name": "this",
      "provider": "provider[\"registry.terraform.io/hashicorp/aws\"]",
      "instances": [
        {
          "index_key": 0,
          "schema_version": 0,
          "attributes": {
            "architectures": [
              "x86_64"
            ],
            "arn": "arn:aws:lambda:us-west-2:958948421283:function:website-uptime-monitor-dash-create-dev",
            "code_sha256": "XTUnbEWOF7dGfrzx+16D70kz1E9/OUD4QXeqHk/iDmU=",
            "code_signing_config_arn": "",
            "dead_letter_config": [],
            "description": "",
            "environment": [
              {
                "variables": {
                  "DYNAMODB_TABLE": "website-uptime-monitor-dynamodb-dev",
                  "ENVIRONMENT": "dev"
                }
              }
            ],
            "ephemeral_storage": [
              {
                "size": 512
              }
            ],
            "file_system_config": [],
            "filename": "./.terraform/lambda-builds/8b38704bc9a1fbbf3042014b1b4807bcf272edbe12efeb1f5a21aca0e377de2a.zip",
            "function_name": "website-uptime-monitor-dash-create-dev",
            "handler": "create.handler",
            "id": "website-uptime-monitor-dash-create-dev",
            "image_config": [],
            "image_uri": "",
            "invoke_arn": "arn:aws:apigateway:us-west-2:lambda:path/2015-03-31/functions/arn:aws:lambda:us-west-2:958948421283:function:website-uptime-monitor-dash-create-dev/invocations",
            "kms_key_arn": "",
            "last_modified": "2025-10-03T09:59:52.481+0000",
            "layers": null,
            "logging_config": [
              {
                "application_log_level": "",
                "log_format": "Text",
                "log_group": "/aws/lambda/website-uptime-monitor-dash-create-dev",
                "system_log_level": ""
              }
            ],
            "memory_size": 128,
            "package_type": "Zip",
            "publish": true,
            "qualified_arn": "arn:aws:lambda:us-west-2:958948421283:function:website-uptime-monitor-dash-create-dev:1",
            "qualified_invoke_arn": "arn:aws:apigateway:us-west-2:lambda:path/2015-03-31/functions/arn:aws:lambda:us-west-2:958948421283:function:website-uptime-monitor-dash-create-dev:1/invocations",
            "region": "us-west-2",
            "replace_security_groups_on_destroy": null,
            "replacement_security_group_ids": null,
            "reserved_concurrent_executions": -1,
            "role": "arn:aws:iam::958948421283:role/website-uptime-monitor-dash-create-dev",
            "runtime": "nodejs18.x",
            "s3_bucket": null,
            "s3_key": null,
            "s3_object_version": null,
            "signing_job_arn": "",
            "signing_profile_version_arn": "",
            "skip_destroy": false,
            "snap_start": [],
            "source_code_hash": "XTUnbEWOF7dGfrzx+16D70kz1E9/OUD4QXeqHk/iDmU=",
            "source_code_size": 82322,
            "source_kms_key_arn": "",
            "tags": {
              "terraform-aws-modules": "lambda"
            },
            "tags_all": {
              "Environment": "dev",
              "Project": "website-uptime-monitor",
              "Terraform": "true",
              "terraform-aws-modules": "lambda"
            },
            "timeout": 3,
            "timeouts": null,
            "tracing_config": [
              {
                "mode": "PassThrough"
              }
            ],
            "version": "1",
            "vpc_config": []
          },
          "sensitive_attributes": [],
          "private": "eyJlMmJmYjczMC1lY2FhLTExZTYtOGY4OC0zNDM2M2JjN2M0YzAiOnsiY3JlYXRlIjo2MDAwMDAwMDAwMDAsImRlbGV0ZSI6NjAwMDAwMDAwMDAwLCJ1cGRhdGUiOjYwMDAwMDAwMDAwMH19",
          "dependencies": [
            "module.dashboard.module.backend.data.aws_dynamodb_table.this",
            "module.dashboard.module.backend.module.lambda_functions.aws_cloudwatch_log_group.lambda",
            "module.dashboard.module.backend.module.lambda_functions.aws_iam_role.lambda",
            "module.dashboard.module.backend.module.lambda_functions.aws_iam_role_policy.additional_inline",
            "module.dashboard.module.backend.module.lambda_functions.aws_iam_role_policy.additional_json",
            "module.dashboard.module.backend.module.lambda_functions.aws_iam_role_policy.additional_jsons",
            "module.dashboard.module.backend.module.lambda_functions.aws_iam_role_policy.async",
            "module.dashboard.module.backend.module.lambda_functions.aws_iam_role_policy.dead_letter",
            "module.dashboard.module.backend.module.lambda_functions.aws_iam_role_policy.logs",
            "module.dashboard.module.backend.module.lambda_functions.aws_iam_role_policy.tracing",
            "module.dashboard.module.backend.module.lambda_functions.aws_iam_role_policy.vpc",
            "module.dashboard.module.backend.module.lambda_functions.aws_iam_role_policy_attachment.additional_many",
            "module.dashboard.module.backend.module.lambda_functions.aws_iam_role_policy_attachment.additional_one",
            "module.dashboard.module.backend.module.lambda_functions.aws_s3_object.lambda_package",
            "module.dashboard.module.backend.module.lambda_functions.data.aws_arn.log_group_arn",
            "module.dashboard.module.backend.module.lambda_functions.data.aws_cloudwatch_log_group.lambda",
            "module.dashboard.module.backend.module.lambda_functions.data.aws_iam_policy.tracing",
            "module.dashboard.module.backend.module.lambda_functions.data.aws_iam_policy.vpc",
            "module.dashboard.module.backend.module.lambda_functions.data.aws_iam_policy_document.additional_inline",
            "module.dashboard.module.backend.module.lambda_functions.data.aws_iam_policy_document.assume_role",
            "module.dashboard.module.backend.module.lambda_functions.data.aws_iam_policy_document.async",
            "module.dashboard.module.backend.module.lambda_functions.data.aws_iam_policy_document.dead_letter",
            "module.dashboard.module.backend.module.lambda_functions.data.aws_iam_policy_document.logs",
            "module.dashboard.module.backend.module.lambda_functions.data.aws_partition.current",
            "module.dashboard.module.backend.module.lambda_functions.data.external.archive_prepare",
            "module.dashboard.module.backend.module.lambda_functions.local_file.archive_plan",
            "module.dashboard.module.backend.module.lambda_functions.null_resource.archive",
            "module.dynamodb_table.aws_dynamodb_table.autoscaled",
            "module.dynamodb_table.aws_dynamodb_table.autoscaled_gsi_ignore",
            "module.dynamodb_table.aws_dynamodb_table.this"
          ],
          "create_before_destroy": true
        }
      ]
    },
    {
      "module": "module.dashboard.module.backend.module.lambda_functions[\"GET /recent-pings\"]",
      "mode": "managed",
      "type": "aws_lambda_permission",
      "name": "current_version_triggers",
      "provider": "provider[\"registry.terraform.io/hashicorp/aws\"]",
      "instances": [
        {
          "index_key": "apigw",
          "schema_version": 0,
          "attributes": {
            "action": "lambda:InvokeFunction",
            "event_source_token": null,
            "function_name": "website-uptime-monitor-dash-create-dev",
            "function_url_auth_type": null,
            "id": "apigw20251003095958477900000005",
            "principal": "apigateway.amazonaws.com",
            "principal_org_id": null,
            "qualifier": "1",
            "region": "us-west-2",
            "source_account": null,
            "source_arn": "arn:aws:execute-api:us-west-2:958948421283:weuhiuyjbd/*/*",
            "statement_id": "apigw20251003095958477900000005",
            "statement_id_prefix": "apigw"
          },
          "sensitive_attributes": [],
          "private": "bnVsbA==",
          "dependencies": [
            "module.dashboard.module.backend.data.aws_dynamodb_table.this",
            "module.dashboard.module.backend.module.api_gateway.aws_apigatewayv2_api.this",
            "module.dashboard.module.backend.module.lambda_functions.aws_cloudwatch_log_group.lambda",
            "module.dashboard.module.backend.module.lambda_functions.aws_iam_role.lambda",
            "module.dashboard.module.backend.module.lambda_functions.aws_iam_role_policy.additional_inline",
            "module.dashboard.module.backend.module.lambda_functions.aws_iam_role_policy.additional_json",
            "module.dashboard.module.backend.module.lambda_functions.aws_iam_role_policy.additional_jsons",
            "module.dashboard.module.backend.module.lambda_functions.aws_iam_role_policy.async",
            "module.dashboard.module.backend.module.lambda_functions.aws_iam_role_policy.dead_letter",
            "module.dashboard.module.backend.module.lambda_functions.aws_iam_role_policy.logs",
            "module.dashboard.module.backend.module.lambda_functions.aws_iam_role_policy.tracing",
            "module.dashboard.module.backend.module.lambda_functions.aws_iam_role_policy.vpc",
            "module.dashboard.module.backend.module.lambda_functions.aws_iam_role_policy_attachment.additional_many",
            "module.dashboard.module.backend.module.lambda_functions.aws_iam_role_policy_attachment.additional_one",
            "module.dashboard.module.backend.module.lambda_functions.aws_lambda_function.this",
            "module.dashboard.module.backend.module.lambda_functions.aws_s3_object.lambda_package",
            "module.dashboard.module.backend.module.lambda_functions.data.aws_arn.log_group_arn",
            "module.dashboard.module.backend.module.lambda_functions.data.aws_cloudwatch_log_group.lambda",
            "module.dashboard.module.backend.module.lambda_functions.data.aws_iam_policy.tracing",
            "module.dashboard.module.backend.module.lambda_functions.data.aws_iam_policy.vpc",
            "module.dashboard.module.backend.module.lambda_functions.data.aws_iam_policy_document.additional_inline",
            "module.dashboard.module.backend.module.lambda_functions.data.aws_iam_policy_document.assume_role",
            "module.dashboard.module.backend.module.lambda_functions.data.aws_iam_policy_document.async",
            "module.dashboard.module.backend.module.lambda_functions.data.aws_iam_policy_document.dead_letter",
            "module.dashboard.module.backend.module.lambda_functions.data.aws_iam_policy_document.logs",
            "module.dashboard.module.backend.module.lambda_functions.data.aws_partition.current",
            "module.dashboard.module.backend.module.lambda_functions.data.external.archive_prepare",
            "module.dashboard.module.backend.module.lambda_functions.local_file.archive_plan",
            "module.dashboard.module.backend.module.lambda_functions.null_resource.archive",
            "module.dynamodb_table.aws_dynamodb_table.autoscaled",
            "module.dynamodb_table.aws_dynamodb_table.autoscaled_gsi_ignore",
            "module.dynamodb_table.aws_dynamodb_table.this"
          ],
          "create_before_destroy": true
        }
      ]
    },
    {
      "module": "module.dashboard.module.backend.module.lambda_functions[\"GET /recent-pings\"]",
      "mode": "managed",
      "type": "aws_lambda_permission",
      "name": "unqualified_alias_triggers",
      "provider": "provider[\"registry.terraform.io/hashicorp/aws\"]",
      "instances": [
        {
          "index_key": "apigw",
          "schema_version": 0,
          "attributes": {
            "action": "lambda:InvokeFunction",
            "event_source_token": null,
            "function_name": "website-uptime-monitor-dash-create-dev",
            "function_url_auth_type": null,
            "id": "apigw20251003095958477900000006",
            "principal": "apigateway.amazonaws.com",
            "principal_org_id": null,
            "qualifier": "",
            "region": "us-west-2",
            "source_account": null,
            "source_arn": "arn:aws:execute-api:us-west-2:958948421283:weuhiuyjbd/*/*",
            "statement_id": "apigw20251003095958477900000006",
            "statement_id_prefix": "apigw"
          },
          "sensitive_attributes": [],
          "private": "bnVsbA==",
          "dependencies": [
            "module.dashboard.module.backend.data.aws_dynamodb_table.this",
            "module.dashboard.module.backend.module.api_gateway.aws_apigatewayv2_api.this",
            "module.dashboard.module.backend.module.lambda_functions.aws_cloudwatch_log_group.lambda",
            "module.dashboard.module.backend.module.lambda_functions.aws_iam_role.lambda",
            "module.dashboard.module.backend.module.lambda_functions.aws_iam_role_policy.additional_inline",
            "module.dashboard.module.backend.module.lambda_functions.aws_iam_role_policy.additional_json",
            "module.dashboard.module.backend.module.lambda_functions.aws_iam_role_policy.additional_jsons",
            "module.dashboard.module.backend.module.lambda_functions.aws_iam_role_policy.async",
            "module.dashboard.module.backend.module.lambda_functions.aws_iam_role_policy.dead_letter",
            "module.dashboard.module.backend.module.lambda_functions.aws_iam_role_policy.logs",
            "module.dashboard.module.backend.module.lambda_functions.aws_iam_role_policy.tracing",
            "module.dashboard.module.backend.module.lambda_functions.aws_iam_role_policy.vpc",
            "module.dashboard.module.backend.module.lambda_functions.aws_iam_role_policy_attachment.additional_many",
            "module.dashboard.module.backend.module.lambda_functions.aws_iam_role_policy_attachment.additional_one",
            "module.dashboard.module.backend.module.lambda_functions.aws_lambda_function.this",
            "module.dashboard.module.backend.module.lambda_functions.aws_s3_object.lambda_package",
            "module.dashboard.module.backend.module.lambda_functions.data.aws_arn.log_group_arn",
            "module.dashboard.module.backend.module.lambda_functions.data.aws_cloudwatch_log_group.lambda",
            "module.dashboard.module.backend.module.lambda_functions.data.aws_iam_policy.tracing",
            "module.dashboard.module.backend.module.lambda_functions.data.aws_iam_policy.vpc",
            "module.dashboard.module.backend.module.lambda_functions.data.aws_iam_policy_document.additional_inline",
            "module.dashboard.module.backend.module.lambda_functions.data.aws_iam_policy_document.assume_role",
            "module.dashboard.module.backend.module.lambda_functions.data.aws_iam_policy_document.async",
            "module.dashboard.module.backend.module.lambda_functions.data.aws_iam_policy_document.dead_letter",
            "module.dashboard.module.backend.module.lambda_functions.data.aws_iam_policy_document.logs",
            "module.dashboard.module.backend.module.lambda_functions.data.aws_partition.current",
            "module.dashboard.module.backend.module.lambda_functions.data.external.archive_prepare",
            "module.dashboard.module.backend.module.lambda_functions.local_file.archive_plan",
            "module.dashboard.module.backend.module.lambda_functions.null_resource.archive",
            "module.dynamodb_table.aws_dynamodb_table.autoscaled",
            "module.dynamodb_table.aws_dynamodb_table.autoscaled_gsi_ignore",
            "module.dynamodb_table.aws_dynamodb_table.this"
          ],
          "create_before_destroy": true
        }
      ]
    },
    {
      "module": "module.dashboard.module.backend.module.lambda_functions[\"GET /recent-pings\"]",
      "mode": "managed",
      "type": "local_file",
      "name": "archive_plan",
      "provider": "provider[\"registry.terraform.io/hashicorp/local\"]",
      "instances": [
        {
          "index_key": 0,
          "schema_version": 0,
          "attributes": {
            "content": "{\"filename\": \"./.terraform/lambda-builds/8b38704bc9a1fbbf3042014b1b4807bcf272edbe12efeb1f5a21aca0e377de2a.zip\", \"runtime\": \"nodejs18.x\", \"artifacts_dir\": \"./.terraform/lambda-builds/\", \"build_plan\": [[[\"zip\", \"./../dashboard/backend/functions/create.mjs\", null]], [[\"npm\", \"nodejs18.x\", \"./../dashboard/backend/package.json\", null, null]]]}",
            "content_base64": null,
            "content_base64sha256": "2rfdF+pJhKXZTDxGfA+owMwwVBAitABLpkuLGRmn+bs=",
            "content_base64sha512": "DXRssOh3KFaFOw5J6LFa2xOibFemtcIdjb8Pw2BY/nQF8LEW+x0NKX+M3IvR/VCC7+FkyqlvDxmTsGhBjm40RA==",
            "content_md5": "affaca24f842ea1f6553e30dd6f92cb6",
            "content_sha1": "d5f1a94ab8f9fa6082b5749d75f60cfd4cb1598e",
            "content_sha256": "dab7dd17ea4984a5d94c3c467c0fa8c0cc30541022b4004ba64b8b1919a7f9bb",
            "content_sha512": "0d746cb0e8772856853b0e49e8b15adb13a26c57a6b5c21d8dbf0fc36058fe7405f0b116fb1d0d297f8cdc8bd1fd5082efe164caa96f0f1993b068418e6e3444",
            "directory_permission": "0755",
            "file_permission": "0644",
            "filename": "./.terraform/lambda-builds/8b38704bc9a1fbbf3042014b1b4807bcf272edbe12efeb1f5a21aca0e377de2a.plan.json",
            "id": "d5f1a94ab8f9fa6082b5749d75f60cfd4cb1598e",
            "sensitive_content": null,
            "source": null
          },
          "sensitive_attributes": [
            [
              {
                "type": "get_attr",
                "value": "content"
              }
            ],
            [
              {
                "type": "get_attr",
                "value": "sensitive_content"
              }
            ]
          ],
          "dependencies": [
            "module.dashboard.module.backend.module.lambda_functions.data.external.archive_prepare"
          ],
          "create_before_destroy": true
        }
      ]
    },
    {
      "module": "module.dashboard.module.backend.module.lambda_functions[\"GET /recent-pings\"]",
      "mode": "managed",
      "type": "null_resource",
      "name": "archive",
      "provider": "provider[\"registry.terraform.io/hashicorp/null\"]",
      "instances": [
        {
          "index_key": 0,
          "schema_version": 0,
          "attributes": {
            "id": "361158520",
            "triggers": {
              "filename": "./.terraform/lambda-builds/8b38704bc9a1fbbf3042014b1b4807bcf272edbe12efeb1f5a21aca0e377de2a.zip",
              "timestamp": "1759466045373670200"
            }
          },
          "sensitive_attributes": [],
          "dependencies": [
            "module.dashboard.module.backend.module.lambda_functions.data.external.archive_prepare",
            "module.dashboard.module.backend.module.lambda_functions.local_file.archive_plan"
          ],
          "create_before_destroy": true
        }
      ]
    },
    {
      "module": "module.dashboard.module.backend.module.lambda_functions[\"GET /uptime-data\"]",
      "mode": "data",
      "type": "aws_caller_identity",
      "name": "current",
      "provider": "provider[\"registry.terraform.io/hashicorp/aws\"]",
      "instances": [
        {
          "schema_version": 0,
          "attributes": {
            "account_id": "958948421283",
            "arn": "arn:aws:iam::958948421283:user/cli-user",
            "id": "958948421283",
            "user_id": "AIDA56ROHV2RRL33TY4LX"
          },
          "sensitive_attributes": []
        }
      ]
    },
    {
      "module": "module.dashboard.module.backend.module.lambda_functions[\"GET /uptime-data\"]",
      "mode": "data",
      "type": "aws_iam_policy_document",
      "name": "assume_role",
      "provider": "provider[\"registry.terraform.io/hashicorp/aws\"]",
      "instances": [
        {
          "index_key": 0,
          "schema_version": 0,
          "attributes": {
            "id": "1604711841",
            "json": "{\n  \"Version\": \"2012-10-17\",\n  \"Statement\": [\n    {\n      \"Effect\": \"Allow\",\n      \"Action\": \"sts:AssumeRole\",\n      \"Principal\": {\n        \"Service\": \"lambda.amazonaws.com\"\n      }\n    }\n  ]\n}",
            "minified_json": "{\"Version\":\"2012-10-17\",\"Statement\":[{\"Effect\":\"Allow\",\"Action\":\"sts:AssumeRole\",\"Principal\":{\"Service\":\"lambda.amazonaws.com\"}}]}",
            "override_json": null,
            "override_policy_documents": null,
            "policy_id": null,
            "source_json": null,
            "source_policy_documents": null,
            "statement": [
              {
                "actions": [
                  "sts:AssumeRole"
                ],
                "condition": [],
                "effect": "Allow",
                "not_actions": [],
                "not_principals": [],
                "not_resources": [],
                "principals": [
                  {
                    "identifiers": [
                      "lambda.amazonaws.com"
                    ],
                    "type": "Service"
                  }
                ],
                "resources": [],
                "sid": ""
              }
            ],
            "version": "2012-10-17"
          },
          "sensitive_attributes": []
        }
      ]
    },
    {
      "module": "module.dashboard.module.backend.module.lambda_functions[\"GET /uptime-data\"]",
      "mode": "data",
      "type": "aws_iam_policy_document",
      "name": "logs",
      "provider": "provider[\"registry.terraform.io/hashicorp/aws\"]",
      "instances": [
        {
          "index_key": 0,
          "schema_version": 0,
          "attributes": {
            "id": "961639801",
            "json": "{\n  \"Version\": \"2012-10-17\",\n  \"Statement\": [\n    {\n      \"Effect\": \"Allow\",\n      \"Action\": [\n        \"logs:PutLogEvents\",\n        \"logs:CreateLogStream\",\n        \"logs:CreateLogGroup\"\n      ],\n      \"Resource\": [\n        \"arn:aws:logs:us-west-2:958948421283:log-group:/aws/lambda/website-uptime-monitor-dash-list-dev:*:*\",\n        \"arn:aws:logs:us-west-2:958948421283:log-group:/aws/lambda/website-uptime-monitor-dash-list-dev:*\"\n      ]\n    }\n  ]\n}",
            "minified_json": "{\"Version\":\"2012-10-17\",\"Statement\":[{\"Effect\":\"Allow\",\"Action\":[\"logs:PutLogEvents\",\"logs:CreateLogStream\",\"logs:CreateLogGroup\"],\"Resource\":[\"arn:aws:logs:us-west-2:958948421283:log-group:/aws/lambda/website-uptime-monitor-dash-list-dev:*:*\",\"arn:aws:logs:us-west-2:958948421283:log-group:/aws/lambda/website-uptime-monitor-dash-list-dev:*\"]}]}",
            "override_json": null,
            "override_policy_documents": null,
            "policy_id": null,
            "source_json": null,
            "source_policy_documents": null,
            "statement": [
              {
                "actions": [
                  "logs:CreateLogGroup",
                  "logs:CreateLogStream",
                  "logs:PutLogEvents"
                ],
                "condition": [],
                "effect": "Allow",
                "not_actions": [],
                "not_principals": [],
                "not_resources": [],
                "principals": [],
                "resources": [
                  "arn:aws:logs:us-west-2:958948421283:log-group:/aws/lambda/website-uptime-monitor-dash-list-dev:*",
                  "arn:aws:logs:us-west-2:958948421283:log-group:/aws/lambda/website-uptime-monitor-dash-list-dev:*:*"
                ],
                "sid": ""
              }
            ],
            "version": "2012-10-17"
          },
          "sensitive_attributes": []
        }
      ]
    },
    {
      "module": "module.dashboard.module.backend.module.lambda_functions[\"GET /uptime-data\"]",
      "mode": "data",
      "type": "aws_partition",
      "name": "current",
      "provider": "provider[\"registry.terraform.io/hashicorp/aws\"]",
      "instances": [
        {
          "schema_version": 0,
          "attributes": {
            "dns_suffix": "amazonaws.com",
            "id": "aws",
            "partition": "aws",
            "reverse_dns_prefix": "com.amazonaws"
          },
          "sensitive_attributes": []
        }
      ]
    },
    {
      "module": "module.dashboard.module.backend.module.lambda_functions[\"GET /uptime-data\"]",
      "mode": "data",
      "type": "aws_region",
      "name": "current",
      "provider": "provider[\"registry.terraform.io/hashicorp/aws\"]",
      "instances": [
        {
          "schema_version": 0,
          "attributes": {
            "description": "US West (Oregon)",
            "endpoint": "ec2.us-west-2.amazonaws.com",
            "id": "us-west-2",
            "name": "us-west-2",
            "region": "us-west-2"
          },
          "sensitive_attributes": []
        }
      ]
    },
    {
      "module": "module.dashboard.module.backend.module.lambda_functions[\"GET /uptime-data\"]",
      "mode": "data",
      "type": "external",
      "name": "archive_prepare",
      "provider": "provider[\"registry.terraform.io/hashicorp/external\"]",
      "instances": [
        {
          "index_key": 0,
          "schema_version": 0,
          "attributes": {
            "id": "-",
            "program": [
              "python.exe",
              ".terraform/modules/dashboard.backend.lambda_functions/package.py",
              "prepare"
            ],
            "query": {
              "artifacts_dir": "./.terraform/lambda-builds/",
              "docker": null,
              "hash_extra": "",
              "hash_extra_paths": "[]",
              "paths": "{\"cwd\":\"E:/Internal/Desktop/devops/aws-website-uptime-monitor/infra\",\"module\":\".terraform/modules/dashboard.backend.lambda_functions\",\"root\":\".\"}",
              "recreate_missing_package": "true",
              "runtime": "nodejs18.x",
              "source_path": "[\"./../dashboard/backend/functions/list.mjs\",{\"npm_requirements\":\"./../dashboard/backend/package.json\"}]"
            },
            "result": {
              "build_plan": "{\"filename\": \"./.terraform/lambda-builds/cd29b2f8ef548f2b512e286e4e068f4dbee3b63c801686b1eabafe60e5d8ca20.zip\", \"runtime\": \"nodejs18.x\", \"artifacts_dir\": \"./.terraform/lambda-builds/\", \"build_plan\": [[[\"zip\", \"./../dashboard/backend/functions/list.mjs\", null]], [[\"npm\", \"nodejs18.x\", \"./../dashboard/backend/package.json\", null, null]]]}",
              "build_plan_filename": "./.terraform/lambda-builds/cd29b2f8ef548f2b512e286e4e068f4dbee3b63c801686b1eabafe60e5d8ca20.plan.json",
              "filename": "./.terraform/lambda-builds/cd29b2f8ef548f2b512e286e4e068f4dbee3b63c801686b1eabafe60e5d8ca20.zip",
              "timestamp": "1759466045374276000",
              "was_missing": "false"
            },
            "working_dir": null
          },
          "sensitive_attributes": []
        }
      ]
    },
    {
      "module": "module.dashboard.module.backend.module.lambda_functions[\"GET /uptime-data\"]",
      "mode": "managed",
      "type": "aws_cloudwatch_log_group",
      "name": "lambda",
      "provider": "provider[\"registry.terraform.io/hashicorp/aws\"]",
      "instances": [
        {
          "index_key": 0,
          "schema_version": 0,
          "attributes": {
            "arn": "arn:aws:logs:us-west-2:958948421283:log-group:/aws/lambda/website-uptime-monitor-dash-list-dev",
            "id": "/aws/lambda/website-uptime-monitor-dash-list-dev",
            "kms_key_id": "",
            "log_group_class": "STANDARD",
            "name": "/aws/lambda/website-uptime-monitor-dash-list-dev",
            "name_prefix": "",
            "region": "us-west-2",
            "retention_in_days": 0,
            "skip_destroy": false,
            "tags": null,
            "tags_all": {
              "Environment": "dev",
              "Project": "website-uptime-monitor",
              "Terraform": "true"
            }
          },
          "sensitive_attributes": [],
          "private": "bnVsbA==",
          "create_before_destroy": true
        }
      ]
    },
    {
      "module": "module.dashboard.module.backend.module.lambda_functions[\"GET /uptime-data\"]",
      "mode": "managed",
      "type": "aws_iam_role",
      "name": "lambda",
      "provider": "provider[\"registry.terraform.io/hashicorp/aws\"]",
      "instances": [
        {
          "index_key": 0,
          "schema_version": 0,
          "attributes": {
            "arn": "arn:aws:iam::958948421283:role/website-uptime-monitor-dash-list-dev",
            "assume_role_policy": "{\"Statement\":[{\"Action\":\"sts:AssumeRole\",\"Effect\":\"Allow\",\"Principal\":{\"Service\":\"lambda.amazonaws.com\"}}],\"Version\":\"2012-10-17\"}",
            "create_date": "2025-10-03T09:59:15Z",
            "description": "",
            "force_detach_policies": true,
            "id": "website-uptime-monitor-dash-list-dev",
            "inline_policy": [],
            "managed_policy_arns": [],
            "max_session_duration": 3600,
            "name": "website-uptime-monitor-dash-list-dev",
            "name_prefix": "",
            "path": "/",
            "permissions_boundary": "",
            "tags": null,
            "tags_all": {
              "Environment": "dev",
              "Project": "website-uptime-monitor",
              "Terraform": "true"
            },
            "unique_id": "AROA56ROHV2RWA3VKA2SZ"
          },
          "sensitive_attributes": [],
          "private": "bnVsbA==",
          "dependencies": [
            "module.dashboard.module.backend.module.lambda_functions.data.aws_iam_policy_document.assume_role"
          ],
          "create_before_destroy": true
        }
      ]
    },
    {
      "module": "module.dashboard.module.backend.module.lambda_functions[\"GET /uptime-data\"]",
      "mode": "managed",
      "type": "aws_iam_role_policy",
      "name": "additional_json",
      "provider": "provider[\"registry.terraform.io/hashicorp/aws\"]",
      "instances": [
        {
          "index_key": 0,
          "schema_version": 0,
          "attributes": {
            "id": "website-uptime-monitor-dash-list-dev:website-uptime-monitor-dash-list-dev",
            "name": "website-uptime-monitor-dash-list-dev",
            "name_prefix": "",
            "policy": "{\"Id\":\"PolicyForDynamoDB\",\"Statement\":[{\"Action\":[\"dynamodb:GetItem\",\"dynamodb:PutItem\",\"dynamodb:UpdateItem\",\"dynamodb:DeleteItem\",\"dynamodb:Query\",\"dynamodb:Scan\"],\"Effect\":\"Allow\",\"Resource\":\"arn:aws:dynamodb:us-west-2:958948421283:table/website-uptime-monitor-dynamodb-dev\",\"Sid\":\"AllowDynamoDBAccess\"}],\"Version\":\"2008-10-17\"}",
            "role": "website-uptime-monitor-dash-list-dev"
          },
          "sensitive_attributes": [],
          "private": "bnVsbA==",
          "dependencies": [
            "module.dashboard.module.backend.data.aws_dynamodb_table.this",
            "module.dashboard.module.backend.module.lambda_functions.aws_iam_role.lambda",
            "module.dashboard.module.backend.module.lambda_functions.data.aws_iam_policy_document.assume_role",
            "module.dynamodb_table.aws_dynamodb_table.autoscaled",
            "module.dynamodb_table.aws_dynamodb_table.autoscaled_gsi_ignore",
            "module.dynamodb_table.aws_dynamodb_table.this"
          ],
          "create_before_destroy": true
        }
      ]
    },
    {
      "module": "module.dashboard.module.backend.module.lambda_functions[\"GET /uptime-data\"]",
      "mode": "managed",
      "type": "aws_iam_role_policy",
      "name": "logs",
      "provider": "provider[\"registry.terraform.io/hashicorp/aws\"]",
      "instances": [
        {
          "index_key": 0,
          "schema_version": 0,
          "attributes": {
            "id": "website-uptime-monitor-dash-list-dev:website-uptime-monitor-dash-list-dev-logs",
            "name": "website-uptime-monitor-dash-list-dev-logs",
            "name_prefix": "",
            "policy": "{\"Version\":\"2012-10-17\",\"Statement\":[{\"Action\":[\"logs:PutLogEvents\",\"logs:CreateLogStream\",\"logs:CreateLogGroup\"],\"Effect\":\"Allow\",\"Resource\":[\"arn:aws:logs:us-west-2:958948421283:log-group:/aws/lambda/website-uptime-monitor-dash-list-dev:*:*\",\"arn:aws:logs:us-west-2:958948421283:log-group:/aws/lambda/website-uptime-monitor-dash-list-dev:*\"]}]}",
            "role": "website-uptime-monitor-dash-list-dev"
          },
          "sensitive_attributes": [],
          "private": "bnVsbA==",
          "dependencies": [
            "module.dashboard.module.backend.module.lambda_functions.aws_cloudwatch_log_group.lambda",
            "module.dashboard.module.backend.module.lambda_functions.aws_iam_role.lambda",
            "module.dashboard.module.backend.module.lambda_functions.data.aws_arn.log_group_arn",
            "module.dashboard.module.backend.module.lambda_functions.data.aws_cloudwatch_log_group.lambda",
            "module.dashboard.module.backend.module.lambda_functions.data.aws_iam_policy_document.assume_role",
            "module.dashboard.module.backend.module.lambda_functions.data.aws_iam_policy_document.logs"
          ],
          "create_before_destroy": true
        }
      ]
    },
    {
      "module": "module.dashboard.module.backend.module.lambda_functions[\"GET /uptime-data\"]",
      "mode": "managed",
      "type": "aws_lambda_function",
      "name": "this",
      "provider": "provider[\"registry.terraform.io/hashicorp/aws\"]",
      "instances": [
        {
          "index_key": 0,
          "schema_version": 0,
          "attributes": {
            "architectures": [
              "x86_64"
            ],
            "arn": "arn:aws:lambda:us-west-2:958948421283:function:website-uptime-monitor-dash-list-dev",
            "code_sha256": "iwcdDmKHL+a+/5Ay0htJ9tY6cAVHfhytw7H4GezRP5I=",
            "code_signing_config_arn": "",
            "dead_letter_config": [],
            "description": "",
            "environment": [
              {
                "variables": {
                  "DYNAMODB_TABLE": "website-uptime-monitor-dynamodb-dev",
                  "ENVIRONMENT": "dev"
                }
              }
            ],
            "ephemeral_storage": [
              {
                "size": 512
              }
            ],
            "file_system_config": [],
            "filename": "./.terraform/lambda-builds/cd29b2f8ef548f2b512e286e4e068f4dbee3b63c801686b1eabafe60e5d8ca20.zip",
            "function_name": "website-uptime-monitor-dash-list-dev",
            "handler": "list.handler",
            "id": "website-uptime-monitor-dash-list-dev",
            "image_config": [],
            "image_uri": "",
            "invoke_arn": "arn:aws:apigateway:us-west-2:lambda:path/2015-03-31/functions/arn:aws:lambda:us-west-2:958948421283:function:website-uptime-monitor-dash-list-dev/invocations",
            "kms_key_arn": "",
            "last_modified": "2025-10-03T09:59:44.975+0000",
            "layers": null,
            "logging_config": [
              {
                "application_log_level": "",
                "log_format": "Text",
                "log_group": "/aws/lambda/website-uptime-monitor-dash-list-dev",
                "system_log_level": ""
              }
            ],
            "memory_size": 128,
            "package_type": "Zip",
            "publish": true,
            "qualified_arn": "arn:aws:lambda:us-west-2:958948421283:function:website-uptime-monitor-dash-list-dev:1",
            "qualified_invoke_arn": "arn:aws:apigateway:us-west-2:lambda:path/2015-03-31/functions/arn:aws:lambda:us-west-2:958948421283:function:website-uptime-monitor-dash-list-dev:1/invocations",
            "region": "us-west-2",
            "replace_security_groups_on_destroy": null,
            "replacement_security_group_ids": null,
            "reserved_concurrent_executions": -1,
            "role": "arn:aws:iam::958948421283:role/website-uptime-monitor-dash-list-dev",
            "runtime": "nodejs18.x",
            "s3_bucket": null,
            "s3_key": null,
            "s3_object_version": null,
            "signing_job_arn": "",
            "signing_profile_version_arn": "",
            "skip_destroy": false,
            "snap_start": [],
            "source_code_hash": "iwcdDmKHL+a+/5Ay0htJ9tY6cAVHfhytw7H4GezRP5I=",
            "source_code_size": 82188,
            "source_kms_key_arn": "",
            "tags": {
              "terraform-aws-modules": "lambda"
            },
            "tags_all": {
              "Environment": "dev",
              "Project": "website-uptime-monitor",
              "Terraform": "true",
              "terraform-aws-modules": "lambda"
            },
            "timeout": 3,
            "timeouts": null,
            "tracing_config": [
              {
                "mode": "PassThrough"
              }
            ],
            "version": "1",
            "vpc_config": []
          },
          "sensitive_attributes": [],
          "private": "eyJlMmJmYjczMC1lY2FhLTExZTYtOGY4OC0zNDM2M2JjN2M0YzAiOnsiY3JlYXRlIjo2MDAwMDAwMDAwMDAsImRlbGV0ZSI6NjAwMDAwMDAwMDAwLCJ1cGRhdGUiOjYwMDAwMDAwMDAwMH19",
          "dependencies": [
            "module.dashboard.module.backend.data.aws_dynamodb_table.this",
            "module.dashboard.module.backend.module.lambda_functions.aws_cloudwatch_log_group.lambda",
            "module.dashboard.module.backend.module.lambda_functions.aws_iam_role.lambda",
            "module.dashboard.module.backend.module.lambda_functions.aws_iam_role_policy.additional_inline",
            "module.dashboard.module.backend.module.lambda_functions.aws_iam_role_policy.additional_json",
            "module.dashboard.module.backend.module.lambda_functions.aws_iam_role_policy.additional_jsons",
            "module.dashboard.module.backend.module.lambda_functions.aws_iam_role_policy.async",
            "module.dashboard.module.backend.module.lambda_functions.aws_iam_role_policy.dead_letter",
            "module.dashboard.module.backend.module.lambda_functions.aws_iam_role_policy.logs",
            "module.dashboard.module.backend.module.lambda_functions.aws_iam_role_policy.tracing",
            "module.dashboard.module.backend.module.lambda_functions.aws_iam_role_policy.vpc",
            "module.dashboard.module.backend.module.lambda_functions.aws_iam_role_policy_attachment.additional_many",
            "module.dashboard.module.backend.module.lambda_functions.aws_iam_role_policy_attachment.additional_one",
            "module.dashboard.module.backend.module.lambda_functions.aws_s3_object.lambda_package",
            "module.dashboard.module.backend.module.lambda_functions.data.aws_arn.log_group_arn",
            "module.dashboard.module.backend.module.lambda_functions.data.aws_cloudwatch_log_group.lambda",
            "module.dashboard.module.backend.module.lambda_functions.data.aws_iam_policy.tracing",
            "module.dashboard.module.backend.module.lambda_functions.data.aws_iam_policy.vpc",
            "module.dashboard.module.backend.module.lambda_functions.data.aws_iam_policy_document.additional_inline",
            "module.dashboard.module.backend.module.lambda_functions.data.aws_iam_policy_document.assume_role",
            "module.dashboard.module.backend.module.lambda_functions.data.aws_iam_policy_document.async",
            "module.dashboard.module.backend.module.lambda_functions.data.aws_iam_policy_document.dead_letter",
            "module.dashboard.module.backend.module.lambda_functions.data.aws_iam_policy_document.logs",
            "module.dashboard.module.backend.module.lambda_functions.data.aws_partition.current",
            "module.dashboard.module.backend.module.lambda_functions.data.external.archive_prepare",
            "module.dashboard.module.backend.module.lambda_functions.local_file.archive_plan",
            "module.dashboard.module.backend.module.lambda_functions.null_resource.archive",
            "module.dynamodb_table.aws_dynamodb_table.autoscaled",
            "module.dynamodb_table.aws_dynamodb_table.autoscaled_gsi_ignore",
            "module.dynamodb_table.aws_dynamodb_table.this"
          ],
          "create_before_destroy": true
        }
      ]
    },
    {
      "module": "module.dashboard.module.backend.module.lambda_functions[\"GET /uptime-data\"]",
      "mode": "managed",
      "type": "aws_lambda_permission",
      "name": "current_version_triggers",
      "provider": "provider[\"registry.terraform.io/hashicorp/aws\"]",
      "instances": [
        {
          "index_key": "apigw",
          "schema_version": 0,
          "attributes": {
            "action": "lambda:InvokeFunction",
            "event_source_token": null,
            "function_name": "website-uptime-monitor-dash-list-dev",
            "function_url_auth_type": null,
            "id": "apigw20251003095958479000000009",
            "principal": "apigateway.amazonaws.com",
            "principal_org_id": null,
            "qualifier": "1",
            "region": "us-west-2",
            "source_account": null,
            "source_arn": "arn:aws:execute-api:us-west-2:958948421283:weuhiuyjbd/*/*",
            "statement_id": "apigw20251003095958479000000009",
            "statement_id_prefix": "apigw"
          },
          "sensitive_attributes": [],
          "private": "bnVsbA==",
          "dependencies": [
            "module.dashboard.module.backend.data.aws_dynamodb_table.this",
            "module.dashboard.module.backend.module.api_gateway.aws_apigatewayv2_api.this",
            "module.dashboard.module.backend.module.lambda_functions.aws_cloudwatch_log_group.lambda",
            "module.dashboard.module.backend.module.lambda_functions.aws_iam_role.lambda",
            "module.dashboard.module.backend.module.lambda_functions.aws_iam_role_policy.additional_inline",
            "module.dashboard.module.backend.module.lambda_functions.aws_iam_role_policy.additional_json",
            "module.dashboard.module.backend.module.lambda_functions.aws_iam_role_policy.additional_jsons",
            "module.dashboard.module.backend.module.lambda_functions.aws_iam_role_policy.async",
            "module.dashboard.module.backend.module.lambda_functions.aws_iam_role_policy.dead_letter",
            "module.dashboard.module.backend.module.lambda_functions.aws_iam_role_policy.logs",
            "module.dashboard.module.backend.module.lambda_functions.aws_iam_role_policy.tracing",
            "module.dashboard.module.backend.module.lambda_functions.aws_iam_role_policy.vpc",
            "module.dashboard.module.backend.module.lambda_functions.aws_iam_role_policy_attachment.additional_many",
            "module.dashboard.module.backend.module.lambda_functions.aws_iam_role_policy_attachment.additional_one",
            "module.dashboard.module.backend.module.lambda_functions.aws_lambda_function.this",
            "module.dashboard.module.backend.module.lambda_functions.aws_s3_object.lambda_package",
            "module.dashboard.module.backend.module.lambda_functions.data.aws_arn.log_group_arn",
            "module.dashboard.module.backend.module.lambda_functions.data.aws_cloudwatch_log_group.lambda",
            "module.dashboard.module.backend.module.lambda_functions.data.aws_iam_policy.tracing",
            "module.dashboard.module.backend.module.lambda_functions.data.aws_iam_policy.vpc",
            "module.dashboard.module.backend.module.lambda_functions.data.aws_iam_policy_document.additional_inline",
            "module.dashboard.module.backend.module.lambda_functions.data.aws_iam_policy_document.assume_role",
            "module.dashboard.module.backend.module.lambda_functions.data.aws_iam_policy_document.async",
            "module.dashboard.module.backend.module.lambda_functions.data.aws_iam_policy_document.dead_letter",
            "module.dashboard.module.backend.module.lambda_functions.data.aws_iam_policy_document.logs",
            "module.dashboard.module.backend.module.lambda_functions.data.aws_partition.current",
            "module.dashboard.module.backend.module.lambda_functions.data.external.archive_prepare",
            "module.dashboard.module.backend.module.lambda_functions.local_file.archive_plan",
            "module.dashboard.module.backend.module.lambda_functions.null_resource.archive",
            "module.dynamodb_table.aws_dynamodb_table.autoscaled",
            "module.dynamodb_table.aws_dynamodb_table.autoscaled_gsi_ignore",
            "module.dynamodb_table.aws_dynamodb_table.this"
          ],
          "create_before_destroy": true
        }
      ]
    },
    {
      "module": "module.dashboard.module.backend.module.lambda_functions[\"GET /uptime-data\"]",
      "mode": "managed",
      "type": "aws_lambda_permission",
      "name": "unqualified_alias_triggers",
      "provider": "provider[\"registry.terraform.io/hashicorp/aws\"]",
      "instances": [
        {
          "index_key": "apigw",
          "schema_version": 0,
          "attributes": {
            "action": "lambda:InvokeFunction",
            "event_source_token": null,
            "function_name": "website-uptime-monitor-dash-list-dev",
            "function_url_auth_type": null,
            "id": "apigw20251003095958478400000007",
            "principal": "apigateway.amazonaws.com",
            "principal_org_id": null,
            "qualifier": "",
            "region": "us-west-2",
            "source_account": null,
            "source_arn": "arn:aws:execute-api:us-west-2:958948421283:weuhiuyjbd/*/*",
            "statement_id": "apigw20251003095958478400000007",
            "statement_id_prefix": "apigw"
          },
          "sensitive_attributes": [],
          "private": "bnVsbA==",
          "dependencies": [
            "module.dashboard.module.backend.data.aws_dynamodb_table.this",
            "module.dashboard.module.backend.module.api_gateway.aws_apigatewayv2_api.this",
            "module.dashboard.module.backend.module.lambda_functions.aws_cloudwatch_log_group.lambda",
            "module.dashboard.module.backend.module.lambda_functions.aws_iam_role.lambda",
            "module.dashboard.module.backend.module.lambda_functions.aws_iam_role_policy.additional_inline",
            "module.dashboard.module.backend.module.lambda_functions.aws_iam_role_policy.additional_json",
            "module.dashboard.module.backend.module.lambda_functions.aws_iam_role_policy.additional_jsons",
            "module.dashboard.module.backend.module.lambda_functions.aws_iam_role_policy.async",
            "module.dashboard.module.backend.module.lambda_functions.aws_iam_role_policy.dead_letter",
            "module.dashboard.module.backend.module.lambda_functions.aws_iam_role_policy.logs",
            "module.dashboard.module.backend.module.lambda_functions.aws_iam_role_policy.tracing",
            "module.dashboard.module.backend.module.lambda_functions.aws_iam_role_policy.vpc",
            "module.dashboard.module.backend.module.lambda_functions.aws_iam_role_policy_attachment.additional_many",
            "module.dashboard.module.backend.module.lambda_functions.aws_iam_role_policy_attachment.additional_one",
            "module.dashboard.module.backend.module.lambda_functions.aws_lambda_function.this",
            "module.dashboard.module.backend.module.lambda_functions.aws_s3_object.lambda_package",
            "module.dashboard.module.backend.module.lambda_functions.data.aws_arn.log_group_arn",
            "module.dashboard.module.backend.module.lambda_functions.data.aws_cloudwatch_log_group.lambda",
            "module.dashboard.module.backend.module.lambda_functions.data.aws_iam_policy.tracing",
            "module.dashboard.module.backend.module.lambda_functions.data.aws_iam_policy.vpc",
            "module.dashboard.module.backend.module.lambda_functions.data.aws_iam_policy_document.additional_inline",
            "module.dashboard.module.backend.module.lambda_functions.data.aws_iam_policy_document.assume_role",
            "module.dashboard.module.backend.module.lambda_functions.data.aws_iam_policy_document.async",
            "module.dashboard.module.backend.module.lambda_functions.data.aws_iam_policy_document.dead_letter",
            "module.dashboard.module.backend.module.lambda_functions.data.aws_iam_policy_document.logs",
            "module.dashboard.module.backend.module.lambda_functions.data.aws_partition.current",
            "module.dashboard.module.backend.module.lambda_functions.data.external.archive_prepare",
            "module.dashboard.module.backend.module.lambda_functions.local_file.archive_plan",
            "module.dashboard.module.backend.module.lambda_functions.null_resource.archive",
            "module.dynamodb_table.aws_dynamodb_table.autoscaled",
            "module.dynamodb_table.aws_dynamodb_table.autoscaled_gsi_ignore",
            "module.dynamodb_table.aws_dynamodb_table.this"
          ],
          "create_before_destroy": true
        }
      ]
    },
    {
      "module": "module.dashboard.module.backend.module.lambda_functions[\"GET /uptime-data\"]",
      "mode": "managed",
      "type": "local_file",
      "name": "archive_plan",
      "provider": "provider[\"registry.terraform.io/hashicorp/local\"]",
      "instances": [
        {
          "index_key": 0,
          "schema_version": 0,
          "attributes": {
            "content": "{\"filename\": \"./.terraform/lambda-builds/cd29b2f8ef548f2b512e286e4e068f4dbee3b63c801686b1eabafe60e5d8ca20.zip\", \"runtime\": \"nodejs18.x\", \"artifacts_dir\": \"./.terraform/lambda-builds/\", \"build_plan\": [[[\"zip\", \"./../dashboard/backend/functions/list.mjs\", null]], [[\"npm\", \"nodejs18.x\", \"./../dashboard/backend/package.json\", null, null]]]}",
            "content_base64": null,
            "content_base64sha256": "teuyHqreicuiQV1/TlgtjbRJYCH+Q5Ifc9WA4svDyvQ=",
            "content_base64sha512": "O3g9Gv+bxoNPr7yTh9y7MzKRpyqQacM4YuZJ893guOwU33pQuo0+N/znxOy4r6699tT4ffFMvsgYYIxjKfnC1g==",
            "content_md5": "97dd4d9d3b627786a111e4616876bd25",
            "content_sha1": "b17cf200f18ff97ed246e110c7fde8bd1e6e7259",
            "content_sha256": "b5ebb21eaade89cba2415d7f4e582d8db4496021fe43921f73d580e2cbc3caf4",
            "content_sha512": "3b783d1aff9bc6834fafbc9387dcbb333291a72a9069c33862e649f3dde0b8ec14df7a50ba8d3e37fce7c4ecb8afaebdf6d4f87df14cbec818608c6329f9c2d6",
            "directory_permission": "0755",
            "file_permission": "0644",
            "filename": "./.terraform/lambda-builds/cd29b2f8ef548f2b512e286e4e068f4dbee3b63c801686b1eabafe60e5d8ca20.plan.json",
            "id": "b17cf200f18ff97ed246e110c7fde8bd1e6e7259",
            "sensitive_content": null,
            "source": null
          },
          "sensitive_attributes": [
            [
              {
                "type": "get_attr",
                "value": "content"
              }
            ],
            [
              {
                "type": "get_attr",
                "value": "sensitive_content"
              }
            ]
          ],
          "dependencies": [
            "module.dashboard.module.backend.module.lambda_functions.data.external.archive_prepare"
          ],
          "create_before_destroy": true
        }
      ]
    },
    {
      "module": "module.dashboard.module.backend.module.lambda_functions[\"GET /uptime-data\"]",
      "mode": "managed",
      "type": "null_resource",
      "name": "archive",
      "provider": "provider[\"registry.terraform.io/hashicorp/null\"]",
      "instances": [
        {
          "index_key": 0,
          "schema_version": 0,
          "attributes": {
            "id": "1595656758",
            "triggers": {
              "filename": "./.terraform/lambda-builds/cd29b2f8ef548f2b512e286e4e068f4dbee3b63c801686b1eabafe60e5d8ca20.zip",
              "timestamp": "1759466045374276000"
            }
          },
          "sensitive_attributes": [],
          "dependencies": [
            "module.dashboard.module.backend.module.lambda_functions.data.external.archive_prepare",
            "module.dashboard.module.backend.module.lambda_functions.local_file.archive_plan"
          ],
          "create_before_destroy": true
        }
      ]
    },
    {
      "module": "module.dashboard.module.frontend.module.cdn",
      "mode": "data",
      "type": "aws_cloudfront_cache_policy",
      "name": "this",
      "provider": "provider[\"registry.terraform.io/hashicorp/aws\"]",
      "instances": [
        {
          "index_key": "Managed-CachingOptimized",
          "schema_version": 0,
          "attributes": {
            "arn": "arn:aws:cloudfront::958948421283:cache-policy/658327ea-f89d-4fab-a63d-7e88639e58f6",
            "comment": "Policy with caching enabled. Supports Gzip and Brotli compression.",
            "default_ttl": 86400,
            "etag": "E23ZP02F085DFQ",
            "id": "658327ea-f89d-4fab-a63d-7e88639e58f6",
            "max_ttl": 31536000,
            "min_ttl": 1,
            "name": "Managed-CachingOptimized",
            "parameters_in_cache_key_and_forwarded_to_origin": [
              {
                "cookies_config": [
                  {
                    "cookie_behavior": "none",
                    "cookies": []
                  }
                ],
                "enable_accept_encoding_brotli": true,
                "enable_accept_encoding_gzip": true,
                "headers_config": [
                  {
                    "header_behavior": "none",
                    "headers": []
                  }
                ],
                "query_strings_config": [
                  {
                    "query_string_behavior": "none",
                    "query_strings": []
                  }
                ]
              }
            ]
          },
          "sensitive_attributes": []
        }
      ]
    },
    {
      "module": "module.dashboard.module.frontend.module.cdn",
      "mode": "data",
      "type": "aws_cloudfront_origin_request_policy",
      "name": "this",
      "provider": "provider[\"registry.terraform.io/hashicorp/aws\"]",
      "instances": [
        {
          "index_key": "Managed-CORS-S3Origin",
          "schema_version": 0,
          "attributes": {
            "arn": "arn:aws:cloudfront::958948421283:origin-request-policy/88a5eaf4-2fd4-4709-b370-b4c650ea3fcf",
            "comment": "Policy for S3 origin with CORS",
            "cookies_config": [
              {
                "cookie_behavior": "none",
                "cookies": []
              }
            ],
            "etag": "E23ZP02F085DFQ",
            "headers_config": [
              {
                "header_behavior": "whitelist",
                "headers": [
                  {
                    "items": [
                      "access-control-request-headers",
                      "access-control-request-method",
                      "origin"
                    ]
                  }
                ]
              }
            ],
            "id": "88a5eaf4-2fd4-4709-b370-b4c650ea3fcf",
            "name": "Managed-CORS-S3Origin",
            "query_strings_config": [
              {
                "query_string_behavior": "none",
                "query_strings": []
              }
            ]
          },
          "sensitive_attributes": []
        }
      ]
    },
    {
      "module": "module.dashboard.module.frontend.module.cdn",
      "mode": "data",
      "type": "aws_cloudfront_response_headers_policy",
      "name": "this",
      "provider": "provider[\"registry.terraform.io/hashicorp/aws\"]",
      "instances": [
        {
          "index_key": "Managed-SimpleCORS",
          "schema_version": 0,
          "attributes": {
            "arn": "arn:aws:cloudfront::958948421283:response-headers-policy/60669652-455b-4ae9-85a4-c4c02393f86c",
            "comment": "Allows all origins for simple CORS requests",
            "cors_config": [
              {
                "access_control_allow_credentials": false,
                "access_control_allow_headers": [],
                "access_control_allow_methods": [],
                "access_control_allow_origins": [
                  {
                    "items": [
                      "*"
                    ]
                  }
                ],
                "access_control_expose_headers": [],
                "access_control_max_age_sec": 0,
                "origin_override": false
              }
            ],
            "custom_headers_config": [],
            "etag": "E23ZP02F085DFQ",
            "id": "60669652-455b-4ae9-85a4-c4c02393f86c",
            "name": "Managed-SimpleCORS",
            "remove_headers_config": [],
            "security_headers_config": [],
            "server_timing_headers_config": []
          },
          "sensitive_attributes": []
        }
      ]
    },
    {
      "module": "module.dashboard.module.frontend.module.cdn",
      "mode": "managed",
      "type": "aws_cloudfront_distribution",
      "name": "this",
      "provider": "provider[\"registry.terraform.io/hashicorp/aws\"]",
      "instances": [
        {
          "index_key": 0,
          "schema_version": 1,
          "attributes": {
            "aliases": [],
            "anycast_ip_list_id": "",
            "arn": "arn:aws:cloudfront::958948421283:distribution/E1FAR5PXMRRR74",
            "caller_reference": "terraform-20251003090900830900000001",
            "comment": "CloudFront for website-uptime-monitor-dash-fe-s3-dev bucket",
            "continuous_deployment_policy_id": "",
            "custom_error_response": [],
            "default_cache_behavior": [
              {
                "allowed_methods": [
                  "GET",
                  "HEAD",
                  "OPTIONS"
                ],
                "cache_policy_id": "658327ea-f89d-4fab-a63d-7e88639e58f6",
                "cached_methods": [
                  "GET",
                  "HEAD"
                ],
                "compress": false,
                "default_ttl": 0,
                "field_level_encryption_id": "",
                "forwarded_values": [],
                "function_association": [],
                "grpc_config": [
                  {
                    "enabled": false
                  }
                ],
                "lambda_function_association": [],
                "max_ttl": 0,
                "min_ttl": 0,
                "origin_request_policy_id": "88a5eaf4-2fd4-4709-b370-b4c650ea3fcf",
                "realtime_log_config_arn": "",
                "response_headers_policy_id": "",
                "smooth_streaming": false,
                "target_origin_id": "s3",
                "trusted_key_groups": [],
                "trusted_signers": [],
                "viewer_protocol_policy": "redirect-to-https"
              }
            ],
            "default_root_object": "index.html",
            "domain_name": "d1qkm7dzjmi0sd.cloudfront.net",
            "enabled": true,
            "etag": "E17ED7O6SVICDQ",
            "hosted_zone_id": "Z2FDTNDATAQYW2",
            "http_version": "http2",
            "id": "E1FAR5PXMRRR74",
            "in_progress_validation_batches": 0,
            "is_ipv6_enabled": true,
            "last_modified_time": "2025-10-03 09:59:24.414 +0000 UTC",
            "logging_config": [],
            "ordered_cache_behavior": [
              {
                "allowed_methods": [
                  "GET",
                  "HEAD",
                  "OPTIONS"
                ],
                "cache_policy_id": "658327ea-f89d-4fab-a63d-7e88639e58f6",
                "cached_methods": [
                  "GET",
                  "HEAD"
                ],
                "compress": false,
                "default_ttl": 0,
                "field_level_encryption_id": "",
                "forwarded_values": [],
                "function_association": [],
                "grpc_config": [
                  {
                    "enabled": false
                  }
                ],
                "lambda_function_association": [],
                "max_ttl": 0,
                "min_ttl": 0,
                "origin_request_policy_id": "88a5eaf4-2fd4-4709-b370-b4c650ea3fcf",
                "path_pattern": "/static/*",
                "realtime_log_config_arn": "",
                "response_headers_policy_id": "60669652-455b-4ae9-85a4-c4c02393f86c",
                "smooth_streaming": false,
                "target_origin_id": "s3",
                "trusted_key_groups": [],
                "trusted_signers": [],
                "viewer_protocol_policy": "redirect-to-https"
              }
            ],
            "origin": [
              {
                "connection_attempts": 3,
                "connection_timeout": 10,
                "custom_header": [],
                "custom_origin_config": [],
                "domain_name": "website-uptime-monitor-dash-fe-s3-dev.s3.us-west-2.amazonaws.com",
                "origin_access_control_id": "E3SP7S9GKAB767",
                "origin_id": "s3",
                "origin_path": "",
                "origin_shield": [],
                "response_completion_timeout": 0,
                "s3_origin_config": [],
                "vpc_origin_config": []
              }
            ],
            "origin_group": [],
            "price_class": "PriceClass_100",
            "restrictions": [
              {
                "geo_restriction": [
                  {
                    "locations": [],
                    "restriction_type": "none"
                  }
                ]
              }
            ],
            "retain_on_delete": false,
            "staging": false,
            "status": "Deployed",
            "tags": {},
            "tags_all": {
              "Environment": "dev",
              "Project": "website-uptime-monitor",
              "Terraform": "true"
            },
            "trusted_key_groups": [
              {
                "enabled": false,
                "items": []
              }
            ],
            "trusted_signers": [
              {
                "enabled": false,
                "items": []
              }
            ],
            "viewer_certificate": [
              {
                "acm_certificate_arn": "",
                "cloudfront_default_certificate": true,
                "iam_certificate_id": "",
                "minimum_protocol_version": "TLSv1",
                "ssl_support_method": ""
              }
            ],
            "wait_for_deployment": true,
            "web_acl_id": ""
          },
          "sensitive_attributes": [],
          "private": "eyJzY2hlbWFfdmVyc2lvbiI6IjEifQ==",
          "dependencies": [
            "module.dashboard.module.frontend.module.cdn.aws_cloudfront_origin_access_control.this",
            "module.dashboard.module.frontend.module.cdn.aws_cloudfront_origin_access_identity.this",
            "module.dashboard.module.frontend.module.cdn.aws_cloudfront_vpc_origin.this",
            "module.dashboard.module.frontend.module.cdn.data.aws_cloudfront_cache_policy.this",
            "module.dashboard.module.frontend.module.cdn.data.aws_cloudfront_origin_request_policy.this",
            "module.dashboard.module.frontend.module.cdn.data.aws_cloudfront_response_headers_policy.this",
            "module.dashboard.module.frontend.module.s3_bucket.aws_s3_bucket.this",
            "module.dashboard.module.frontend.module.s3_bucket.aws_s3_directory_bucket.this"
          ]
        }
      ]
    },
    {
      "module": "module.dashboard.module.frontend.module.cdn",
      "mode": "managed",
      "type": "aws_cloudfront_origin_access_control",
      "name": "this",
      "provider": "provider[\"registry.terraform.io/hashicorp/aws\"]",
      "instances": [
        {
          "index_key": "s3_oac",
          "schema_version": 0,
          "attributes": {
            "arn": "arn:aws:cloudfront::958948421283:origin-access-control/E3SP7S9GKAB767",
            "description": "CloudFront access to S3",
            "etag": "ETVPDKIKX0DER",
            "id": "E3SP7S9GKAB767",
            "name": "s3_oac",
            "origin_access_control_origin_type": "s3",
            "signing_behavior": "always",
            "signing_protocol": "sigv4"
          },
          "sensitive_attributes": [],
          "private": "bnVsbA=="
        }
      ]
    },
    {
      "module": "module.dashboard.module.frontend.module.s3_bucket",
      "mode": "data",
      "type": "aws_caller_identity",
      "name": "current",
      "provider": "provider[\"registry.terraform.io/hashicorp/aws\"]",
      "instances": [
        {
          "schema_version": 0,
          "attributes": {
            "account_id": "958948421283",
            "arn": "arn:aws:iam::958948421283:user/cli-user",
            "id": "958948421283",
            "user_id": "AIDA56ROHV2RRL33TY4LX"
          },
          "sensitive_attributes": []
        }
      ]
    },
    {
      "module": "module.dashboard.module.frontend.module.s3_bucket",
      "mode": "data",
      "type": "aws_iam_policy_document",
      "name": "combined",
      "provider": "provider[\"registry.terraform.io/hashicorp/aws\"]",
      "instances": [
        {
          "index_key": 0,
          "schema_version": 0,
          "attributes": {
            "id": "637841345",
            "json": "{\n  \"Version\": \"2012-10-17\",\n  \"Id\": \"PolicyForCloudFrontPrivateContent\",\n  \"Statement\": [\n    {\n      \"Sid\": \"AllowCloudFrontServicePrincipal\",\n      \"Effect\": \"Allow\",\n      \"Action\": \"s3:GetObject\",\n      \"Resource\": \"arn:aws:s3:::website-uptime-monitor-dash-fe-s3-dev/*\",\n      \"Principal\": {\n        \"Service\": \"cloudfront.amazonaws.com\"\n      },\n      \"Condition\": {\n        \"StringEquals\": {\n          \"AWS:SourceArn\": \"arn:aws:cloudfront::958948421283:distribution/E1FAR5PXMRRR74\"\n        }\n      }\n    }\n  ]\n}",
            "minified_json": "{\"Version\":\"2012-10-17\",\"Id\":\"PolicyForCloudFrontPrivateContent\",\"Statement\":[{\"Sid\":\"AllowCloudFrontServicePrincipal\",\"Effect\":\"Allow\",\"Action\":\"s3:GetObject\",\"Resource\":\"arn:aws:s3:::website-uptime-monitor-dash-fe-s3-dev/*\",\"Principal\":{\"Service\":\"cloudfront.amazonaws.com\"},\"Condition\":{\"StringEquals\":{\"AWS:SourceArn\":\"arn:aws:cloudfront::958948421283:distribution/E1FAR5PXMRRR74\"}}}]}",
            "override_json": null,
            "override_policy_documents": null,
            "policy_id": null,
            "source_json": null,
            "source_policy_documents": [
              "{\n  \"Version\": \"2008-10-17\",\n  \"Id\": \"PolicyForCloudFrontPrivateContent\",\n  \"Statement\": [\n    {\n      \"Sid\": \"AllowCloudFrontServicePrincipal\",\n      \"Effect\": \"Allow\",\n      \"Principal\": {\n        \"Service\": \"cloudfront.amazonaws.com\"\n      },\n      \"Action\": \"s3:GetObject\",\n      \"Resource\": \"arn:aws:s3:::website-uptime-monitor-dash-fe-s3-dev/*\",\n      \"Condition\": {\n        \"StringEquals\": {\n          \"AWS:SourceArn\": \"arn:aws:cloudfront::958948421283:distribution/E1FAR5PXMRRR74\"\n        }\n      }\n    }\n  ]\n}\n"
            ],
            "statement": null,
            "version": "2012-10-17"
          },
          "sensitive_attributes": []
        }
      ]
    },
    {
      "module": "module.dashboard.module.frontend.module.s3_bucket",
      "mode": "data",
      "type": "aws_partition",
      "name": "current",
      "provider": "provider[\"registry.terraform.io/hashicorp/aws\"]",
      "instances": [
        {
          "schema_version": 0,
          "attributes": {
            "dns_suffix": "amazonaws.com",
            "id": "aws",
            "partition": "aws",
            "reverse_dns_prefix": "com.amazonaws"
          },
          "sensitive_attributes": []
        }
      ]
    },
    {
      "module": "module.dashboard.module.frontend.module.s3_bucket",
      "mode": "data",
      "type": "aws_region",
      "name": "current",
      "provider": "provider[\"registry.terraform.io/hashicorp/aws\"]",
      "instances": [
        {
          "schema_version": 0,
          "attributes": {
            "description": "US West (Oregon)",
            "endpoint": "ec2.us-west-2.amazonaws.com",
            "id": "us-west-2",
            "name": "us-west-2",
            "region": "us-west-2"
          },
          "sensitive_attributes": []
        }
      ]
    },
    {
      "module": "module.dashboard.module.frontend.module.s3_bucket",
      "mode": "managed",
      "type": "aws_s3_bucket",
      "name": "this",
      "provider": "provider[\"registry.terraform.io/hashicorp/aws\"]",
      "instances": [
        {
          "index_key": 0,
          "schema_version": 0,
          "attributes": {
            "acceleration_status": "",
            "acl": null,
            "arn": "arn:aws:s3:::website-uptime-monitor-dash-fe-s3-dev",
            "bucket": "website-uptime-monitor-dash-fe-s3-dev",
            "bucket_domain_name": "website-uptime-monitor-dash-fe-s3-dev.s3.amazonaws.com",
            "bucket_prefix": "",
            "bucket_region": "us-west-2",
            "bucket_regional_domain_name": "website-uptime-monitor-dash-fe-s3-dev.s3.us-west-2.amazonaws.com",
            "cors_rule": [],
            "force_destroy": true,
            "grant": [
              {
                "id": "ba53e08e283985c62b6c6eff5f23d44decac1bf25366ae00839b1034a5eaa343",
                "permissions": [
                  "FULL_CONTROL"
                ],
                "type": "CanonicalUser",
                "uri": ""
              }
            ],
            "hosted_zone_id": "Z3BJ6K6RIION7M",
            "id": "website-uptime-monitor-dash-fe-s3-dev",
            "lifecycle_rule": [],
            "logging": [],
            "object_lock_configuration": [],
            "object_lock_enabled": false,
            "policy": "",
            "region": "us-west-2",
            "replication_configuration": [],
            "request_payer": "BucketOwner",
            "server_side_encryption_configuration": [
              {
                "rule": [
                  {
                    "apply_server_side_encryption_by_default": [
                      {
                        "kms_master_key_id": "",
                        "sse_algorithm": "AES256"
                      }
                    ],
                    "bucket_key_enabled": false
                  }
                ]
              }
            ],
            "tags": null,
            "tags_all": {
              "Environment": "dev",
              "Project": "website-uptime-monitor",
              "Terraform": "true"
            },
            "timeouts": null,
            "versioning": [
              {
                "enabled": false,
                "mfa_delete": false
              }
            ],
            "website": [],
            "website_domain": null,
            "website_endpoint": null
          },
          "sensitive_attributes": [],
          "private": "eyJlMmJmYjczMC1lY2FhLTExZTYtOGY4OC0zNDM2M2JjN2M0YzAiOnsiY3JlYXRlIjoxMjAwMDAwMDAwMDAwLCJkZWxldGUiOjM2MDAwMDAwMDAwMDAsInJlYWQiOjEyMDAwMDAwMDAwMDAsInVwZGF0ZSI6MTIwMDAwMDAwMDAwMH19"
        }
      ]
    },
    {
      "module": "module.dashboard.module.frontend.module.s3_bucket",
      "mode": "managed",
      "type": "aws_s3_bucket_policy",
      "name": "this",
      "provider": "provider[\"registry.terraform.io/hashicorp/aws\"]",
      "instances": [
        {
          "index_key": 0,
          "schema_version": 0,
          "attributes": {
            "bucket": "website-uptime-monitor-dash-fe-s3-dev",
            "id": "website-uptime-monitor-dash-fe-s3-dev",
            "policy": "{\"Id\":\"PolicyForCloudFrontPrivateContent\",\"Statement\":[{\"Action\":\"s3:GetObject\",\"Condition\":{\"StringEquals\":{\"AWS:SourceArn\":\"arn:aws:cloudfront::958948421283:distribution/E1FAR5PXMRRR74\"}},\"Effect\":\"Allow\",\"Principal\":{\"Service\":\"cloudfront.amazonaws.com\"},\"Resource\":\"arn:aws:s3:::website-uptime-monitor-dash-fe-s3-dev/*\",\"Sid\":\"AllowCloudFrontServicePrincipal\"}],\"Version\":\"2012-10-17\"}",
            "region": "us-west-2"
          },
          "sensitive_attributes": [],
          "private": "bnVsbA==",
          "dependencies": [
            "module.dashboard.module.frontend.module.cdn.aws_cloudfront_distribution.this",
            "module.dashboard.module.frontend.module.cdn.aws_cloudfront_origin_access_control.this",
            "module.dashboard.module.frontend.module.cdn.aws_cloudfront_origin_access_identity.this",
            "module.dashboard.module.frontend.module.cdn.aws_cloudfront_vpc_origin.this",
            "module.dashboard.module.frontend.module.cdn.data.aws_cloudfront_cache_policy.this",
            "module.dashboard.module.frontend.module.cdn.data.aws_cloudfront_origin_request_policy.this",
            "module.dashboard.module.frontend.module.cdn.data.aws_cloudfront_response_headers_policy.this",
            "module.dashboard.module.frontend.module.s3_bucket.aws_s3_bucket.this",
            "module.dashboard.module.frontend.module.s3_bucket.aws_s3_bucket_public_access_block.this",
            "module.dashboard.module.frontend.module.s3_bucket.aws_s3_directory_bucket.this",
            "module.dashboard.module.frontend.module.s3_bucket.data.aws_caller_identity.current",
            "module.dashboard.module.frontend.module.s3_bucket.data.aws_iam_policy_document.access_log_delivery",
            "module.dashboard.module.frontend.module.s3_bucket.data.aws_iam_policy_document.cloudtrail_log_delivery",
            "module.dashboard.module.frontend.module.s3_bucket.data.aws_iam_policy_document.combined",
            "module.dashboard.module.frontend.module.s3_bucket.data.aws_iam_policy_document.deny_incorrect_encryption_headers",
            "module.dashboard.module.frontend.module.s3_bucket.data.aws_iam_policy_document.deny_incorrect_kms_key_sse",
            "module.dashboard.module.frontend.module.s3_bucket.data.aws_iam_policy_document.deny_insecure_transport",
            "module.dashboard.module.frontend.module.s3_bucket.data.aws_iam_policy_document.deny_ssec_encrypted_object_uploads",
            "module.dashboard.module.frontend.module.s3_bucket.data.aws_iam_policy_document.deny_unencrypted_object_uploads",
            "module.dashboard.module.frontend.module.s3_bucket.data.aws_iam_policy_document.elb_log_delivery",
            "module.dashboard.module.frontend.module.s3_bucket.data.aws_iam_policy_document.inventory_and_analytics_destination_policy",
            "module.dashboard.module.frontend.module.s3_bucket.data.aws_iam_policy_document.lb_log_delivery",
            "module.dashboard.module.frontend.module.s3_bucket.data.aws_iam_policy_document.require_latest_tls",
            "module.dashboard.module.frontend.module.s3_bucket.data.aws_iam_policy_document.waf_log_delivery",
            "module.dashboard.module.frontend.module.s3_bucket.data.aws_partition.current",
            "module.dashboard.module.frontend.module.s3_bucket.data.aws_region.current"
          ]
        }
      ]
    },
    {
      "module": "module.dashboard.module.frontend.module.s3_bucket",
      "mode": "managed",
      "type": "aws_s3_bucket_public_access_block",
      "name": "this",
      "provider": "provider[\"registry.terraform.io/hashicorp/aws\"]",
      "instances": [
        {
          "index_key": 0,
          "schema_version": 0,
          "attributes": {
            "block_public_acls": true,
            "block_public_policy": true,
            "bucket": "website-uptime-monitor-dash-fe-s3-dev",
            "id": "website-uptime-monitor-dash-fe-s3-dev",
            "ignore_public_acls": true,
            "region": "us-west-2",
            "restrict_public_buckets": true,
            "skip_destroy": null
          },
          "sensitive_attributes": [],
          "private": "bnVsbA==",
          "dependencies": [
            "module.dashboard.module.frontend.module.s3_bucket.aws_s3_bucket.this"
          ]
        }
      ]
    },
    {
      "module": "module.dynamodb_table",
      "mode": "managed",
      "type": "aws_dynamodb_table",
      "name": "this",
      "provider": "provider[\"registry.terraform.io/hashicorp/aws\"]",
      "instances": [
        {
          "index_key": 0,
          "schema_version": 1,
          "attributes": {
            "arn": "arn:aws:dynamodb:us-west-2:958948421283:table/website-uptime-monitor-dynamodb-dev",
            "attribute": [
              {
                "name": "id",
                "type": "S"
              }
            ],
            "billing_mode": "PAY_PER_REQUEST",
            "deletion_protection_enabled": false,
            "global_secondary_index": [],
            "hash_key": "id",
            "id": "website-uptime-monitor-dynamodb-dev",
            "import_table": [],
            "local_secondary_index": [],
            "name": "website-uptime-monitor-dynamodb-dev",
            "on_demand_throughput": [],
            "point_in_time_recovery": [
              {
                "enabled": false,
                "recovery_period_in_days": 0
              }
            ],
            "range_key": null,
            "read_capacity": 0,
            "region": "us-west-2",
            "replica": [],
            "restore_date_time": null,
            "restore_source_name": null,
            "restore_source_table_arn": null,
            "restore_to_latest_time": null,
            "server_side_encryption": [],
            "stream_arn": "",
            "stream_enabled": false,
            "stream_label": "",
            "stream_view_type": "",
            "table_class": "STANDARD",
            "tags": {
              "Name": "website-uptime-monitor-dynamodb-dev"
            },
            "tags_all": {
              "Environment": "dev",
              "Name": "website-uptime-monitor-dynamodb-dev",
              "Project": "website-uptime-monitor",
              "Terraform": "true"
            },
            "timeouts": {
              "create": "10m",
              "delete": "10m",
              "update": "60m"
            },
            "ttl": [
              {
                "attribute_name": "",
                "enabled": false
              }
            ],
            "warm_throughput": [],
            "write_capacity": 0
          },
          "sensitive_attributes": [],
          "private": "eyJlMmJmYjczMC1lY2FhLTExZTYtOGY4OC0zNDM2M2JjN2M0YzAiOnsiY3JlYXRlIjo2MDAwMDAwMDAwMDAsImRlbGV0ZSI6NjAwMDAwMDAwMDAwLCJ1cGRhdGUiOjM2MDAwMDAwMDAwMDB9LCJzY2hlbWFfdmVyc2lvbiI6IjEifQ==",
          "create_before_destroy": true
        }
      ]
    },
    {
      "module": "module.uptime_monitor",
      "mode": "data",
      "type": "aws_dynamodb_table",
      "name": "this",
      "provider": "provider[\"registry.terraform.io/hashicorp/aws\"]",
      "instances": [
        {
          "schema_version": 0,
          "attributes": {
            "arn": "arn:aws:dynamodb:us-west-2:958948421283:table/website-uptime-monitor-dynamodb-dev",
            "attribute": [
              {
                "name": "id",
                "type": "S"
              }
            ],
            "billing_mode": "PAY_PER_REQUEST",
            "deletion_protection_enabled": false,
            "global_secondary_index": [],
            "hash_key": "id",
            "id": "website-uptime-monitor-dynamodb-dev",
            "local_secondary_index": [],
            "name": "website-uptime-monitor-dynamodb-dev",
            "on_demand_throughput": [],
            "point_in_time_recovery": [
              {
                "enabled": false,
                "recovery_period_in_days": 0
              }
            ],
            "range_key": null,
            "read_capacity": 0,
            "region": "us-west-2",
            "replica": [],
            "server_side_encryption": [],
            "stream_arn": "",
            "stream_enabled": false,
            "stream_label": "",
            "stream_view_type": "",
            "table_class": "STANDARD",
            "tags": {
              "Environment": "dev",
              "Name": "website-uptime-monitor-dynamodb-dev",
              "Project": "website-uptime-monitor",
              "Terraform": "true"
            },
            "ttl": [
              {
                "attribute_name": "",
                "enabled": false
              }
            ],
            "warm_throughput": [],
            "write_capacity": 0
          },
          "sensitive_attributes": []
        }
      ]
    },
    {
      "module": "module.uptime_monitor.module.eventbridge",
      "mode": "data",
      "type": "aws_caller_identity",
      "name": "current",
      "provider": "provider[\"registry.terraform.io/hashicorp/aws\"]",
      "instances": [
        {
          "schema_version": 0,
          "attributes": {
            "account_id": "958948421283",
            "arn": "arn:aws:iam::958948421283:user/cli-user",
            "id": "958948421283",
            "user_id": "AIDA56ROHV2RRL33TY4LX"
          },
          "sensitive_attributes": []
        }
      ]
    },
    {
      "module": "module.uptime_monitor.module.eventbridge",
      "mode": "data",
      "type": "aws_cloudwatch_event_bus",
      "name": "this",
      "provider": "provider[\"registry.terraform.io/hashicorp/aws\"]",
      "instances": [
        {
          "index_key": 0,
          "schema_version": 0,
          "attributes": {
            "arn": "arn:aws:events:us-west-2:958948421283:event-bus/default",
            "dead_letter_config": [],
            "description": "",
            "id": "default",
            "kms_key_identifier": "",
            "log_config": [],
            "name": "default",
            "region": "us-west-2"
          },
          "sensitive_attributes": []
        }
      ]
    },
    {
      "module": "module.uptime_monitor.module.eventbridge",
      "mode": "data",
      "type": "aws_iam_policy_document",
      "name": "assume_role",
      "provider": "provider[\"registry.terraform.io/hashicorp/aws\"]",
      "instances": [
        {
          "index_key": 0,
          "schema_version": 0,
          "attributes": {
            "id": "335005817",
            "json": "{\n  \"Version\": \"2012-10-17\",\n  \"Statement\": [\n    {\n      \"Effect\": \"Allow\",\n      \"Action\": \"sts:AssumeRole\",\n      \"Principal\": {\n        \"Service\": \"events.amazonaws.com\"\n      }\n    }\n  ]\n}",
            "minified_json": "{\"Version\":\"2012-10-17\",\"Statement\":[{\"Effect\":\"Allow\",\"Action\":\"sts:AssumeRole\",\"Principal\":{\"Service\":\"events.amazonaws.com\"}}]}",
            "override_json": null,
            "override_policy_documents": null,
            "policy_id": null,
            "source_json": null,
            "source_policy_documents": null,
            "statement": [
              {
                "actions": [
                  "sts:AssumeRole"
                ],
                "condition": [],
                "effect": "Allow",
                "not_actions": [],
                "not_principals": [],
                "not_resources": [],
                "principals": [
                  {
                    "identifiers": [
                      "events.amazonaws.com"
                    ],
                    "type": "Service"
                  }
                ],
                "resources": [],
                "sid": ""
              }
            ],
            "version": "2012-10-17"
          },
          "sensitive_attributes": []
        }
      ]
    },
    {
      "module": "module.uptime_monitor.module.eventbridge",
      "mode": "data",
      "type": "aws_partition",
      "name": "current",
      "provider": "provider[\"registry.terraform.io/hashicorp/aws\"]",
      "instances": [
        {
          "schema_version": 0,
          "attributes": {
            "dns_suffix": "amazonaws.com",
            "id": "aws",
            "partition": "aws",
            "reverse_dns_prefix": "com.amazonaws"
          },
          "sensitive_attributes": []
        }
      ]
    },
    {
      "module": "module.uptime_monitor.module.eventbridge",
      "mode": "data",
      "type": "aws_region",
      "name": "current",
      "provider": "provider[\"registry.terraform.io/hashicorp/aws\"]",
      "instances": [
        {
          "schema_version": 0,
          "attributes": {
            "description": "US West (Oregon)",
            "endpoint": "ec2.us-west-2.amazonaws.com",
            "id": "us-west-2",
            "name": "us-west-2",
            "region": "us-west-2"
          },
          "sensitive_attributes": []
        }
      ]
    },
    {
      "module": "module.uptime_monitor.module.eventbridge",
      "mode": "managed",
      "type": "aws_cloudwatch_event_rule",
      "name": "this",
      "provider": "provider[\"registry.terraform.io/hashicorp/aws\"]",
      "instances": [
        {
          "index_key": "crons",
          "schema_version": 1,
          "attributes": {
            "arn": "arn:aws:events:us-west-2:958948421283:rule/crons-rule",
            "description": "Website uptime check schedule",
            "event_bus_name": "default",
            "event_pattern": null,
            "force_destroy": false,
            "id": "crons-rule",
            "is_enabled": true,
            "name": "crons-rule",
            "name_prefix": "",
            "region": "us-west-2",
            "role_arn": "",
            "schedule_expression": "cron(0 0 * * ? *)",
            "state": "ENABLED",
            "tags": {
              "Name": "crons-rule"
            },
            "tags_all": {
              "Environment": "dev",
              "Name": "crons-rule",
              "Project": "website-uptime-monitor",
              "Terraform": "true"
            }
          },
          "sensitive_attributes": [],
          "private": "eyJzY2hlbWFfdmVyc2lvbiI6IjEifQ==",
          "dependencies": [
            "module.uptime_monitor.module.eventbridge.aws_cloudwatch_event_bus.this",
            "module.uptime_monitor.module.eventbridge.aws_iam_role.eventbridge",
            "module.uptime_monitor.module.eventbridge.data.aws_iam_policy_document.assume_role"
          ],
          "create_before_destroy": true
        }
      ]
    },
    {
      "module": "module.uptime_monitor.module.eventbridge",
      "mode": "managed",
      "type": "aws_cloudwatch_event_target",
      "name": "this",
      "provider": "provider[\"registry.terraform.io/hashicorp/aws\"]",
      "instances": [
        {
          "index_key": "ping-lambda",
          "schema_version": 1,
          "attributes": {
            "appsync_target": [],
            "arn": "arn:aws:lambda:us-west-2:958948421283:function:website-uptime-monitor-fn-dev",
            "batch_target": [],
            "dead_letter_config": [],
            "ecs_target": [],
            "event_bus_name": "default",
            "force_destroy": false,
            "http_target": [],
            "id": "crons-rule-terraform-20251003095934939200000003",
            "input": "",
            "input_path": "",
            "input_transformer": [],
            "kinesis_target": [],
            "redshift_target": [],
            "region": "us-west-2",
            "retry_policy": [],
            "role_arn": "",
            "rule": "crons-rule",
            "run_command_targets": [],
            "sagemaker_pipeline_target": [],
            "sqs_target": [],
            "target_id": "terraform-20251003095934939200000003"
          },
          "sensitive_attributes": [],
          "private": "eyJzY2hlbWFfdmVyc2lvbiI6IjEifQ==",
          "dependencies": [
            "module.dynamodb_table.aws_dynamodb_table.autoscaled",
            "module.dynamodb_table.aws_dynamodb_table.autoscaled_gsi_ignore",
            "module.dynamodb_table.aws_dynamodb_table.this",
            "module.uptime_monitor.data.aws_dynamodb_table.this",
            "module.uptime_monitor.module.eventbridge.aws_cloudwatch_event_api_destination.this",
            "module.uptime_monitor.module.eventbridge.aws_cloudwatch_event_bus.this",
            "module.uptime_monitor.module.eventbridge.aws_cloudwatch_event_connection.this",
            "module.uptime_monitor.module.eventbridge.aws_cloudwatch_event_rule.this",
            "module.uptime_monitor.module.eventbridge.aws_iam_role.eventbridge",
            "module.uptime_monitor.module.eventbridge.data.aws_iam_policy_document.assume_role",
            "module.uptime_monitor.module.lambda_function.aws_cloudwatch_log_group.lambda",
            "module.uptime_monitor.module.lambda_function.aws_iam_role.lambda",
            "module.uptime_monitor.module.lambda_function.aws_iam_role_policy.additional_inline",
            "module.uptime_monitor.module.lambda_function.aws_iam_role_policy.additional_json",
            "module.uptime_monitor.module.lambda_function.aws_iam_role_policy.additional_jsons",
            "module.uptime_monitor.module.lambda_function.aws_iam_role_policy.async",
            "module.uptime_monitor.module.lambda_function.aws_iam_role_policy.dead_letter",
            "module.uptime_monitor.module.lambda_function.aws_iam_role_policy.logs",
            "module.uptime_monitor.module.lambda_function.aws_iam_role_policy.tracing",
            "module.uptime_monitor.module.lambda_function.aws_iam_role_policy.vpc",
            "module.uptime_monitor.module.lambda_function.aws_iam_role_policy_attachment.additional_many",
            "module.uptime_monitor.module.lambda_function.aws_iam_role_policy_attachment.additional_one",
            "module.uptime_monitor.module.lambda_function.aws_lambda_function.this",
            "module.uptime_monitor.module.lambda_function.aws_s3_object.lambda_package",
            "module.uptime_monitor.module.lambda_function.data.aws_arn.log_group_arn",
            "module.uptime_monitor.module.lambda_function.data.aws_cloudwatch_log_group.lambda",
            "module.uptime_monitor.module.lambda_function.data.aws_iam_policy.tracing",
            "module.uptime_monitor.module.lambda_function.data.aws_iam_policy.vpc",
            "module.uptime_monitor.module.lambda_function.data.aws_iam_policy_document.additional_inline",
            "module.uptime_monitor.module.lambda_function.data.aws_iam_policy_document.assume_role",
            "module.uptime_monitor.module.lambda_function.data.aws_iam_policy_document.async",
            "module.uptime_monitor.module.lambda_function.data.aws_iam_policy_document.dead_letter",
            "module.uptime_monitor.module.lambda_function.data.aws_iam_policy_document.logs",
            "module.uptime_monitor.module.lambda_function.data.aws_partition.current",
            "module.uptime_monitor.module.lambda_function.data.external.archive_prepare",
            "module.uptime_monitor.module.lambda_function.local_file.archive_plan",
            "module.uptime_monitor.module.lambda_function.null_resource.archive",
            "module.uptime_monitor.module.sns_topic.aws_sns_topic.this"
          ]
        }
      ]
    },
    {
      "module": "module.uptime_monitor.module.eventbridge",
      "mode": "managed",
      "type": "aws_iam_role",
      "name": "eventbridge",
      "provider": "provider[\"registry.terraform.io/hashicorp/aws\"]",
      "instances": [
        {
          "index_key": 0,
          "schema_version": 0,
          "attributes": {
            "arn": "arn:aws:iam::958948421283:role/default",
            "assume_role_policy": "{\"Statement\":[{\"Action\":\"sts:AssumeRole\",\"Effect\":\"Allow\",\"Principal\":{\"Service\":\"events.amazonaws.com\"}}],\"Version\":\"2012-10-17\"}",
            "create_date": "2025-10-03T09:59:15Z",
            "description": "",
            "force_detach_policies": true,
            "id": "default",
            "inline_policy": [],
            "managed_policy_arns": [],
            "max_session_duration": 3600,
            "name": "default",
            "name_prefix": "",
            "path": "/",
            "permissions_boundary": "",
            "tags": {
              "Name": "default"
            },
            "tags_all": {
              "Environment": "dev",
              "Name": "default",
              "Project": "website-uptime-monitor",
              "Terraform": "true"
            },
            "unique_id": "AROA56ROHV2RVFER5ZFCH"
          },
          "sensitive_attributes": [],
          "private": "bnVsbA==",
          "dependencies": [
            "module.uptime_monitor.module.eventbridge.data.aws_iam_policy_document.assume_role"
          ],
          "create_before_destroy": true
        }
      ]
    },
    {
      "module": "module.uptime_monitor.module.lambda_function",
      "mode": "data",
      "type": "aws_caller_identity",
      "name": "current",
      "provider": "provider[\"registry.terraform.io/hashicorp/aws\"]",
      "instances": [
        {
          "schema_version": 0,
          "attributes": {
            "account_id": "958948421283",
            "arn": "arn:aws:iam::958948421283:user/cli-user",
            "id": "958948421283",
            "user_id": "AIDA56ROHV2RRL33TY4LX"
          },
          "sensitive_attributes": []
        }
      ]
    },
    {
      "module": "module.uptime_monitor.module.lambda_function",
      "mode": "data",
      "type": "aws_iam_policy_document",
      "name": "assume_role",
      "provider": "provider[\"registry.terraform.io/hashicorp/aws\"]",
      "instances": [
        {
          "index_key": 0,
          "schema_version": 0,
          "attributes": {
            "id": "1604711841",
            "json": "{\n  \"Version\": \"2012-10-17\",\n  \"Statement\": [\n    {\n      \"Effect\": \"Allow\",\n      \"Action\": \"sts:AssumeRole\",\n      \"Principal\": {\n        \"Service\": \"lambda.amazonaws.com\"\n      }\n    }\n  ]\n}",
            "minified_json": "{\"Version\":\"2012-10-17\",\"Statement\":[{\"Effect\":\"Allow\",\"Action\":\"sts:AssumeRole\",\"Principal\":{\"Service\":\"lambda.amazonaws.com\"}}]}",
            "override_json": null,
            "override_policy_documents": null,
            "policy_id": null,
            "source_json": null,
            "source_policy_documents": null,
            "statement": [
              {
                "actions": [
                  "sts:AssumeRole"
                ],
                "condition": [],
                "effect": "Allow",
                "not_actions": [],
                "not_principals": [],
                "not_resources": [],
                "principals": [
                  {
                    "identifiers": [
                      "lambda.amazonaws.com"
                    ],
                    "type": "Service"
                  }
                ],
                "resources": [],
                "sid": ""
              }
            ],
            "version": "2012-10-17"
          },
          "sensitive_attributes": []
        }
      ]
    },
    {
      "module": "module.uptime_monitor.module.lambda_function",
      "mode": "data",
      "type": "aws_iam_policy_document",
      "name": "logs",
      "provider": "provider[\"registry.terraform.io/hashicorp/aws\"]",
      "instances": [
        {
          "index_key": 0,
          "schema_version": 0,
          "attributes": {
            "id": "1300080092",
            "json": "{\n  \"Version\": \"2012-10-17\",\n  \"Statement\": [\n    {\n      \"Effect\": \"Allow\",\n      \"Action\": [\n        \"logs:PutLogEvents\",\n        \"logs:CreateLogStream\",\n        \"logs:CreateLogGroup\"\n      ],\n      \"Resource\": [\n        \"arn:aws:logs:us-west-2:958948421283:log-group:/aws/lambda/website-uptime-monitor-fn-dev:*:*\",\n        \"arn:aws:logs:us-west-2:958948421283:log-group:/aws/lambda/website-uptime-monitor-fn-dev:*\"\n      ]\n    }\n  ]\n}",
            "minified_json": "{\"Version\":\"2012-10-17\",\"Statement\":[{\"Effect\":\"Allow\",\"Action\":[\"logs:PutLogEvents\",\"logs:CreateLogStream\",\"logs:CreateLogGroup\"],\"Resource\":[\"arn:aws:logs:us-west-2:958948421283:log-group:/aws/lambda/website-uptime-monitor-fn-dev:*:*\",\"arn:aws:logs:us-west-2:958948421283:log-group:/aws/lambda/website-uptime-monitor-fn-dev:*\"]}]}",
            "override_json": null,
            "override_policy_documents": null,
            "policy_id": null,
            "source_json": null,
            "source_policy_documents": null,
            "statement": [
              {
                "actions": [
                  "logs:CreateLogGroup",
                  "logs:CreateLogStream",
                  "logs:PutLogEvents"
                ],
                "condition": [],
                "effect": "Allow",
                "not_actions": [],
                "not_principals": [],
                "not_resources": [],
                "principals": [],
                "resources": [
                  "arn:aws:logs:us-west-2:958948421283:log-group:/aws/lambda/website-uptime-monitor-fn-dev:*",
                  "arn:aws:logs:us-west-2:958948421283:log-group:/aws/lambda/website-uptime-monitor-fn-dev:*:*"
                ],
                "sid": ""
              }
            ],
            "version": "2012-10-17"
          },
          "sensitive_attributes": []
        }
      ]
    },
    {
      "module": "module.uptime_monitor.module.lambda_function",
      "mode": "data",
      "type": "aws_partition",
      "name": "current",
      "provider": "provider[\"registry.terraform.io/hashicorp/aws\"]",
      "instances": [
        {
          "schema_version": 0,
          "attributes": {
            "dns_suffix": "amazonaws.com",
            "id": "aws",
            "partition": "aws",
            "reverse_dns_prefix": "com.amazonaws"
          },
          "sensitive_attributes": []
        }
      ]
    },
    {
      "module": "module.uptime_monitor.module.lambda_function",
      "mode": "data",
      "type": "aws_region",
      "name": "current",
      "provider": "provider[\"registry.terraform.io/hashicorp/aws\"]",
      "instances": [
        {
          "schema_version": 0,
          "attributes": {
            "description": "US West (Oregon)",
            "endpoint": "ec2.us-west-2.amazonaws.com",
            "id": "us-west-2",
            "name": "us-west-2",
            "region": "us-west-2"
          },
          "sensitive_attributes": []
        }
      ]
    },
    {
      "module": "module.uptime_monitor.module.lambda_function",
      "mode": "data",
      "type": "external",
      "name": "archive_prepare",
      "provider": "provider[\"registry.terraform.io/hashicorp/external\"]",
      "instances": [
        {
          "index_key": 0,
          "schema_version": 0,
          "attributes": {
            "id": "-",
            "program": [
              "python.exe",
              ".terraform/modules/uptime_monitor.lambda_function/package.py",
              "prepare"
            ],
            "query": {
              "artifacts_dir": "./.terraform/lambda-builds/",
              "docker": null,
              "hash_extra": "",
              "hash_extra_paths": "[]",
              "paths": "{\"cwd\":\"E:/Internal/Desktop/devops/aws-website-uptime-monitor/infra\",\"module\":\".terraform/modules/uptime_monitor.lambda_function\",\"root\":\".\"}",
              "recreate_missing_package": "true",
              "runtime": "nodejs22.x",
              "source_path": "[\"modules/uptime_monitor/lambda/function.mjs\",{\"npm_requirements\":\"modules/uptime_monitor/lambda/package.json\"}]"
            },
            "result": {
              "build_plan": "{\"filename\": \"./.terraform/lambda-builds/211d192e1e4413d905f86352fdbebad0067024b897f3ab86e895ef08acb0c2e1.zip\", \"runtime\": \"nodejs22.x\", \"artifacts_dir\": \"./.terraform/lambda-builds/\", \"build_plan\": [[[\"zip\", \"modules/uptime_monitor/lambda/function.mjs\", null]], [[\"npm\", \"nodejs22.x\", \"modules/uptime_monitor/lambda/package.json\", null, null]]]}",
              "build_plan_filename": "./.terraform/lambda-builds/211d192e1e4413d905f86352fdbebad0067024b897f3ab86e895ef08acb0c2e1.plan.json",
              "filename": "./.terraform/lambda-builds/211d192e1e4413d905f86352fdbebad0067024b897f3ab86e895ef08acb0c2e1.zip",
              "timestamp": "1759465763091531000",
              "was_missing": "false"
            },
            "working_dir": null
          },
          "sensitive_attributes": []
        }
      ]
    },
    {
      "module": "module.uptime_monitor.module.lambda_function",
      "mode": "managed",
      "type": "aws_cloudwatch_log_group",
      "name": "lambda",
      "provider": "provider[\"registry.terraform.io/hashicorp/aws\"]",
      "instances": [
        {
          "index_key": 0,
          "schema_version": 0,
          "attributes": {
            "arn": "arn:aws:logs:us-west-2:958948421283:log-group:/aws/lambda/website-uptime-monitor-fn-dev",
            "id": "/aws/lambda/website-uptime-monitor-fn-dev",
            "kms_key_id": "",
            "log_group_class": "STANDARD",
            "name": "/aws/lambda/website-uptime-monitor-fn-dev",
            "name_prefix": "",
            "region": "us-west-2",
            "retention_in_days": 0,
            "skip_destroy": false,
            "tags": null,
            "tags_all": {
              "Environment": "dev",
              "Project": "website-uptime-monitor",
              "Terraform": "true"
            }
          },
          "sensitive_attributes": [],
          "private": "bnVsbA==",
          "create_before_destroy": true
        }
      ]
    },
    {
      "module": "module.uptime_monitor.module.lambda_function",
      "mode": "managed",
      "type": "aws_iam_role",
      "name": "lambda",
      "provider": "provider[\"registry.terraform.io/hashicorp/aws\"]",
      "instances": [
        {
          "index_key": 0,
          "schema_version": 0,
          "attributes": {
            "arn": "arn:aws:iam::958948421283:role/website-uptime-monitor-fn-dev",
            "assume_role_policy": "{\"Statement\":[{\"Action\":\"sts:AssumeRole\",\"Effect\":\"Allow\",\"Principal\":{\"Service\":\"lambda.amazonaws.com\"}}],\"Version\":\"2012-10-17\"}",
            "create_date": "2025-10-03T09:59:15Z",
            "description": "",
            "force_detach_policies": true,
            "id": "website-uptime-monitor-fn-dev",
            "inline_policy": [],
            "managed_policy_arns": [],
            "max_session_duration": 3600,
            "name": "website-uptime-monitor-fn-dev",
            "name_prefix": "",
            "path": "/",
            "permissions_boundary": "",
            "tags": null,
            "tags_all": {
              "Environment": "dev",
              "Project": "website-uptime-monitor",
              "Terraform": "true"
            },
            "unique_id": "AROA56ROHV2R34U3G7IRC"
          },
          "sensitive_attributes": [],
          "private": "bnVsbA==",
          "dependencies": [
            "module.uptime_monitor.module.lambda_function.data.aws_iam_policy_document.assume_role"
          ],
          "create_before_destroy": true
        }
      ]
    },
    {
      "module": "module.uptime_monitor.module.lambda_function",
      "mode": "managed",
      "type": "aws_iam_role_policy",
      "name": "additional_json",
      "provider": "provider[\"registry.terraform.io/hashicorp/aws\"]",
      "instances": [
        {
          "index_key": 0,
          "schema_version": 0,
          "attributes": {
            "id": "website-uptime-monitor-fn-dev:website-uptime-monitor-fn-dev",
            "name": "website-uptime-monitor-fn-dev",
            "name_prefix": "",
            "policy": "{\"Version\":\"2012-10-17\",\"Statement\":[{\"Action\":[\"dynamodb:PutItem\"],\"Effect\":\"Allow\",\"Resource\":\"arn:aws:dynamodb:us-west-2:958948421283:table/website-uptime-monitor-dynamodb-dev\",\"Sid\":\"DynamoDBWriteAccess\"},{\"Action\":[\"sns:Publish\"],\"Effect\":\"Allow\",\"Resource\":\"arn:aws:sns:us-west-2:958948421283:website-uptime-monitor-sns-dev\",\"Sid\":\"SNSPublishAccess\"},{\"Action\":[\"logs:CreateLogGroup\",\"logs:CreateLogStream\",\"logs:PutLogEvents\"],\"Effect\":\"Allow\",\"Resource\":\"*\",\"Sid\":\"CloudWatchLogsAccess\"}]}",
            "role": "website-uptime-monitor-fn-dev"
          },
          "sensitive_attributes": [],
          "private": "bnVsbA==",
          "dependencies": [
            "module.dynamodb_table.aws_dynamodb_table.autoscaled",
            "module.dynamodb_table.aws_dynamodb_table.autoscaled_gsi_ignore",
            "module.dynamodb_table.aws_dynamodb_table.this",
            "module.uptime_monitor.data.aws_dynamodb_table.this",
            "module.uptime_monitor.module.lambda_function.aws_iam_role.lambda",
            "module.uptime_monitor.module.lambda_function.data.aws_iam_policy_document.assume_role",
            "module.uptime_monitor.module.sns_topic.aws_sns_topic.this"
          ],
          "create_before_destroy": true
        }
      ]
    },
    {
      "module": "module.uptime_monitor.module.lambda_function",
      "mode": "managed",
      "type": "aws_iam_role_policy",
      "name": "logs",
      "provider": "provider[\"registry.terraform.io/hashicorp/aws\"]",
      "instances": [
        {
          "index_key": 0,
          "schema_version": 0,
          "attributes": {
            "id": "website-uptime-monitor-fn-dev:website-uptime-monitor-fn-dev-logs",
            "name": "website-uptime-monitor-fn-dev-logs",
            "name_prefix": "",
            "policy": "{\"Version\":\"2012-10-17\",\"Statement\":[{\"Action\":[\"logs:PutLogEvents\",\"logs:CreateLogStream\",\"logs:CreateLogGroup\"],\"Effect\":\"Allow\",\"Resource\":[\"arn:aws:logs:us-west-2:958948421283:log-group:/aws/lambda/website-uptime-monitor-fn-dev:*:*\",\"arn:aws:logs:us-west-2:958948421283:log-group:/aws/lambda/website-uptime-monitor-fn-dev:*\"]}]}",
            "role": "website-uptime-monitor-fn-dev"
          },
          "sensitive_attributes": [],
          "private": "bnVsbA==",
          "dependencies": [
            "module.uptime_monitor.module.lambda_function.aws_cloudwatch_log_group.lambda",
            "module.uptime_monitor.module.lambda_function.aws_iam_role.lambda",
            "module.uptime_monitor.module.lambda_function.data.aws_arn.log_group_arn",
            "module.uptime_monitor.module.lambda_function.data.aws_cloudwatch_log_group.lambda",
            "module.uptime_monitor.module.lambda_function.data.aws_iam_policy_document.assume_role",
            "module.uptime_monitor.module.lambda_function.data.aws_iam_policy_document.logs"
          ],
          "create_before_destroy": true
        }
      ]
    },
    {
      "module": "module.uptime_monitor.module.lambda_function",
      "mode": "managed",
      "type": "aws_lambda_function",
      "name": "this",
      "provider": "provider[\"registry.terraform.io/hashicorp/aws\"]",
      "instances": [
        {
          "index_key": 0,
          "schema_version": 0,
          "attributes": {
            "architectures": [
              "x86_64"
            ],
            "arn": "arn:aws:lambda:us-west-2:958948421283:function:website-uptime-monitor-fn-dev",
            "code_sha256": "Zwg5IGbD1cOZMBJO577pCtE9dC7TeOYJ4hj1Fx1zKFY=",
            "code_signing_config_arn": "",
            "dead_letter_config": [],
            "description": "",
            "environment": [
              {
                "variables": {
                  "DYNAMODB_TABLE": "website-uptime-monitor-dynamodb-dev",
                  "ENVIRONMENT": "dev",
                  "EXPECTED_KEYWORD": "Example Domain",
                  "EXPECTED_STATUS_CODE": "200",
                  "MAX_RESPONSE_TIME_MS": "500",
                  "SNS_TOPIC_ARN": "arn:aws:sns:us-west-2:958948421283:website-uptime-monitor-sns-dev",
                  "WEBSITE_URL": "https://example.com/"
                }
              }
            ],
            "ephemeral_storage": [
              {
                "size": 512
              }
            ],
            "file_system_config": [],
            "filename": "./.terraform/lambda-builds/211d192e1e4413d905f86352fdbebad0067024b897f3ab86e895ef08acb0c2e1.zip",
            "function_name": "website-uptime-monitor-fn-dev",
            "handler": "function.handler",
            "id": "website-uptime-monitor-fn-dev",
            "image_config": [],
            "image_uri": "",
            "invoke_arn": "arn:aws:apigateway:us-west-2:lambda:path/2015-03-31/functions/arn:aws:lambda:us-west-2:958948421283:function:website-uptime-monitor-fn-dev/invocations",
            "kms_key_arn": "",
            "last_modified": "2025-10-03T09:59:28.817+0000",
            "layers": null,
            "logging_config": [
              {
                "application_log_level": "",
                "log_format": "Text",
                "log_group": "/aws/lambda/website-uptime-monitor-fn-dev",
                "system_log_level": ""
              }
            ],
            "memory_size": 128,
            "package_type": "Zip",
            "publish": false,
            "qualified_arn": "arn:aws:lambda:us-west-2:958948421283:function:website-uptime-monitor-fn-dev:$LATEST",
            "qualified_invoke_arn": "arn:aws:apigateway:us-west-2:lambda:path/2015-03-31/functions/arn:aws:lambda:us-west-2:958948421283:function:website-uptime-monitor-fn-dev:$LATEST/invocations",
            "region": "us-west-2",
            "replace_security_groups_on_destroy": null,
            "replacement_security_group_ids": null,
            "reserved_concurrent_executions": -1,
            "role": "arn:aws:iam::958948421283:role/website-uptime-monitor-fn-dev",
            "runtime": "nodejs22.x",
            "s3_bucket": null,
            "s3_key": null,
            "s3_object_version": null,
            "signing_job_arn": "",
            "signing_profile_version_arn": "",
            "skip_destroy": false,
            "snap_start": [],
            "source_code_hash": "Zwg5IGbD1cOZMBJO577pCtE9dC7TeOYJ4hj1Fx1zKFY=",
            "source_code_size": 83183,
            "source_kms_key_arn": "",
            "tags": {
              "terraform-aws-modules": "lambda"
            },
            "tags_all": {
              "Environment": "dev",
              "Project": "website-uptime-monitor",
              "Terraform": "true",
              "terraform-aws-modules": "lambda"
            },
            "timeout": 3,
            "timeouts": null,
            "tracing_config": [
              {
                "mode": "PassThrough"
              }
            ],
            "version": "$LATEST",
            "vpc_config": []
          },
          "sensitive_attributes": [],
          "private": "eyJlMmJmYjczMC1lY2FhLTExZTYtOGY4OC0zNDM2M2JjN2M0YzAiOnsiY3JlYXRlIjo2MDAwMDAwMDAwMDAsImRlbGV0ZSI6NjAwMDAwMDAwMDAwLCJ1cGRhdGUiOjYwMDAwMDAwMDAwMH19",
          "dependencies": [
            "module.dynamodb_table.aws_dynamodb_table.autoscaled",
            "module.dynamodb_table.aws_dynamodb_table.autoscaled_gsi_ignore",
            "module.dynamodb_table.aws_dynamodb_table.this",
            "module.uptime_monitor.data.aws_dynamodb_table.this",
            "module.uptime_monitor.module.lambda_function.aws_cloudwatch_log_group.lambda",
            "module.uptime_monitor.module.lambda_function.aws_iam_role.lambda",
            "module.uptime_monitor.module.lambda_function.aws_iam_role_policy.additional_inline",
            "module.uptime_monitor.module.lambda_function.aws_iam_role_policy.additional_json",
            "module.uptime_monitor.module.lambda_function.aws_iam_role_policy.additional_jsons",
            "module.uptime_monitor.module.lambda_function.aws_iam_role_policy.async",
            "module.uptime_monitor.module.lambda_function.aws_iam_role_policy.dead_letter",
            "module.uptime_monitor.module.lambda_function.aws_iam_role_policy.logs",
            "module.uptime_monitor.module.lambda_function.aws_iam_role_policy.tracing",
            "module.uptime_monitor.module.lambda_function.aws_iam_role_policy.vpc",
            "module.uptime_monitor.module.lambda_function.aws_iam_role_policy_attachment.additional_many",
            "module.uptime_monitor.module.lambda_function.aws_iam_role_policy_attachment.additional_one",
            "module.uptime_monitor.module.lambda_function.aws_s3_object.lambda_package",
            "module.uptime_monitor.module.lambda_function.data.aws_arn.log_group_arn",
            "module.uptime_monitor.module.lambda_function.data.aws_cloudwatch_log_group.lambda",
            "module.uptime_monitor.module.lambda_function.data.aws_iam_policy.tracing",
            "module.uptime_monitor.module.lambda_function.data.aws_iam_policy.vpc",
            "module.uptime_monitor.module.lambda_function.data.aws_iam_policy_document.additional_inline",
            "module.uptime_monitor.module.lambda_function.data.aws_iam_policy_document.assume_role",
            "module.uptime_monitor.module.lambda_function.data.aws_iam_policy_document.async",
            "module.uptime_monitor.module.lambda_function.data.aws_iam_policy_document.dead_letter",
            "module.uptime_monitor.module.lambda_function.data.aws_iam_policy_document.logs",
            "module.uptime_monitor.module.lambda_function.data.aws_partition.current",
            "module.uptime_monitor.module.lambda_function.data.external.archive_prepare",
            "module.uptime_monitor.module.lambda_function.local_file.archive_plan",
            "module.uptime_monitor.module.lambda_function.null_resource.archive",
            "module.uptime_monitor.module.sns_topic.aws_sns_topic.this"
          ],
          "create_before_destroy": true
        }
      ]
    },
    {
      "module": "module.uptime_monitor.module.lambda_function",
      "mode": "managed",
      "type": "aws_lambda_permission",
      "name": "unqualified_alias_triggers",
      "provider": "provider[\"registry.terraform.io/hashicorp/aws\"]",
      "instances": [
        {
          "index_key": "eventbridge",
          "schema_version": 0,
          "attributes": {
            "action": "lambda:InvokeFunction",
            "event_source_token": null,
            "function_name": "website-uptime-monitor-fn-dev",
            "function_url_auth_type": null,
            "id": "eventbridge20251003095934935000000002",
            "principal": "events.amazonaws.com",
            "principal_org_id": null,
            "qualifier": "",
            "region": "us-west-2",
            "source_account": null,
            "source_arn": "arn:aws:events:us-west-2:958948421283:rule/crons-rule",
            "statement_id": "eventbridge20251003095934935000000002",
            "statement_id_prefix": "eventbridge"
          },
          "sensitive_attributes": [],
          "private": "bnVsbA==",
          "dependencies": [
            "module.dynamodb_table.aws_dynamodb_table.autoscaled",
            "module.dynamodb_table.aws_dynamodb_table.autoscaled_gsi_ignore",
            "module.dynamodb_table.aws_dynamodb_table.this",
            "module.uptime_monitor.data.aws_dynamodb_table.this",
            "module.uptime_monitor.module.eventbridge.aws_cloudwatch_event_bus.this",
            "module.uptime_monitor.module.eventbridge.aws_cloudwatch_event_rule.this",
            "module.uptime_monitor.module.eventbridge.aws_iam_role.eventbridge",
            "module.uptime_monitor.module.eventbridge.data.aws_iam_policy_document.assume_role",
            "module.uptime_monitor.module.lambda_function.aws_cloudwatch_log_group.lambda",
            "module.uptime_monitor.module.lambda_function.aws_iam_role.lambda",
            "module.uptime_monitor.module.lambda_function.aws_iam_role_policy.additional_inline",
            "module.uptime_monitor.module.lambda_function.aws_iam_role_policy.additional_json",
            "module.uptime_monitor.module.lambda_function.aws_iam_role_policy.additional_jsons",
            "module.uptime_monitor.module.lambda_function.aws_iam_role_policy.async",
            "module.uptime_monitor.module.lambda_function.aws_iam_role_policy.dead_letter",
            "module.uptime_monitor.module.lambda_function.aws_iam_role_policy.logs",
            "module.uptime_monitor.module.lambda_function.aws_iam_role_policy.tracing",
            "module.uptime_monitor.module.lambda_function.aws_iam_role_policy.vpc",
            "module.uptime_monitor.module.lambda_function.aws_iam_role_policy_attachment.additional_many",
            "module.uptime_monitor.module.lambda_function.aws_iam_role_policy_attachment.additional_one",
            "module.uptime_monitor.module.lambda_function.aws_lambda_function.this",
            "module.uptime_monitor.module.lambda_function.aws_s3_object.lambda_package",
            "module.uptime_monitor.module.lambda_function.data.aws_arn.log_group_arn",
            "module.uptime_monitor.module.lambda_function.data.aws_cloudwatch_log_group.lambda",
            "module.uptime_monitor.module.lambda_function.data.aws_iam_policy.tracing",
            "module.uptime_monitor.module.lambda_function.data.aws_iam_policy.vpc",
            "module.uptime_monitor.module.lambda_function.data.aws_iam_policy_document.additional_inline",
            "module.uptime_monitor.module.lambda_function.data.aws_iam_policy_document.assume_role",
            "module.uptime_monitor.module.lambda_function.data.aws_iam_policy_document.async",
            "module.uptime_monitor.module.lambda_function.data.aws_iam_policy_document.dead_letter",
            "module.uptime_monitor.module.lambda_function.data.aws_iam_policy_document.logs",
            "module.uptime_monitor.module.lambda_function.data.aws_partition.current",
            "module.uptime_monitor.module.lambda_function.data.external.archive_prepare",
            "module.uptime_monitor.module.lambda_function.local_file.archive_plan",
            "module.uptime_monitor.module.lambda_function.null_resource.archive",
            "module.uptime_monitor.module.sns_topic.aws_sns_topic.this"
          ],
          "create_before_destroy": true
        }
      ]
    },
    {
      "module": "module.uptime_monitor.module.lambda_function",
      "mode": "managed",
      "type": "local_file",
      "name": "archive_plan",
      "provider": "provider[\"registry.terraform.io/hashicorp/local\"]",
      "instances": [
        {
          "index_key": 0,
          "schema_version": 0,
          "attributes": {
            "content": "{\"filename\": \"./.terraform/lambda-builds/211d192e1e4413d905f86352fdbebad0067024b897f3ab86e895ef08acb0c2e1.zip\", \"runtime\": \"nodejs22.x\", \"artifacts_dir\": \"./.terraform/lambda-builds/\", \"build_plan\": [[[\"zip\", \"modules/uptime_monitor/lambda/function.mjs\", null]], [[\"npm\", \"nodejs22.x\", \"modules/uptime_monitor/lambda/package.json\", null, null]]]}",
            "content_base64": null,
            "content_base64sha256": "tFgqs6i7wxItyNY9qr0EFqgkfvrgJvoNZPXv3SHmmpY=",
            "content_base64sha512": "2yyy3F7cDypxLAt+xURjUDdu7WG3kumjPk4ST5NfqXxdLBFfYlORKawAABxe/CbFXgjVo59/qugzD8rupUZNZA==",
            "content_md5": "1289bb3edd1b797f8e63110d54d34a19",
            "content_sha1": "48ded790d30b6c48673381d886ea9a512221dfc3",
            "content_sha256": "b4582ab3a8bbc3122dc8d63daabd0416a8247efae026fa0d64f5efdd21e69a96",
            "content_sha512": "db2cb2dc5edc0f2a712c0b7ec5446350376eed61b792e9a33e4e124f935fa97c5d2c115f62539129ac00001c5efc26c55e08d5a39f7faae8330fcaeea5464d64",
            "directory_permission": "0755",
            "file_permission": "0644",
            "filename": "./.terraform/lambda-builds/211d192e1e4413d905f86352fdbebad0067024b897f3ab86e895ef08acb0c2e1.plan.json",
            "id": "48ded790d30b6c48673381d886ea9a512221dfc3",
            "sensitive_content": null,
            "source": null
          },
          "sensitive_attributes": [
            [
              {
                "type": "get_attr",
                "value": "sensitive_content"
              }
            ],
            [
              {
                "type": "get_attr",
                "value": "content"
              }
            ]
          ],
          "dependencies": [
            "module.uptime_monitor.module.lambda_function.data.external.archive_prepare"
          ],
          "create_before_destroy": true
        }
      ]
    },
    {
      "module": "module.uptime_monitor.module.lambda_function",
      "mode": "managed",
      "type": "null_resource",
      "name": "archive",
      "provider": "provider[\"registry.terraform.io/hashicorp/null\"]",
      "instances": [
        {
          "index_key": 0,
          "schema_version": 0,
          "attributes": {
            "id": "706620434",
            "triggers": {
              "filename": "./.terraform/lambda-builds/211d192e1e4413d905f86352fdbebad0067024b897f3ab86e895ef08acb0c2e1.zip",
              "timestamp": "1759465763091531000"
            }
          },
          "sensitive_attributes": [],
          "dependencies": [
            "module.uptime_monitor.module.lambda_function.data.external.archive_prepare",
            "module.uptime_monitor.module.lambda_function.local_file.archive_plan"
          ],
          "create_before_destroy": true
        }
      ]
    },
    {
      "module": "module.uptime_monitor.module.sns_topic",
      "mode": "data",
      "type": "aws_caller_identity",
      "name": "current",
      "provider": "provider[\"registry.terraform.io/hashicorp/aws\"]",
      "instances": [
        {
          "schema_version": 0,
          "attributes": {
            "account_id": "958948421283",
            "arn": "arn:aws:iam::958948421283:user/cli-user",
            "id": "958948421283",
            "user_id": "AIDA56ROHV2RRL33TY4LX"
          },
          "sensitive_attributes": []
        }
      ]
    },
    {
      "module": "module.uptime_monitor.module.sns_topic",
      "mode": "data",
      "type": "aws_iam_policy_document",
      "name": "this",
      "provider": "provider[\"registry.terraform.io/hashicorp/aws\"]",
      "instances": [
        {
          "index_key": 0,
          "schema_version": 0,
          "attributes": {
            "id": "542511009",
            "json": "{\n  \"Version\": \"2012-10-17\",\n  \"Statement\": [\n    {\n      \"Sid\": \"DefaultStatementID\",\n      \"Effect\": \"Allow\",\n      \"Action\": [\n        \"sns:Subscribe\",\n        \"sns:SetTopicAttributes\",\n        \"sns:RemovePermission\",\n        \"sns:Publish\",\n        \"sns:ListSubscriptionsByTopic\",\n        \"sns:GetTopicAttributes\",\n        \"sns:DeleteTopic\",\n        \"sns:AddPermission\"\n      ],\n      \"Resource\": \"arn:aws:sns:us-west-2:958948421283:website-uptime-monitor-sns-dev\",\n      \"Principal\": {\n        \"AWS\": \"*\"\n      },\n      \"Condition\": {\n        \"StringEquals\": {\n          \"AWS:SourceAccount\": \"958948421283\"\n        }\n      }\n    }\n  ]\n}",
            "minified_json": "{\"Version\":\"2012-10-17\",\"Statement\":[{\"Sid\":\"DefaultStatementID\",\"Effect\":\"Allow\",\"Action\":[\"sns:Subscribe\",\"sns:SetTopicAttributes\",\"sns:RemovePermission\",\"sns:Publish\",\"sns:ListSubscriptionsByTopic\",\"sns:GetTopicAttributes\",\"sns:DeleteTopic\",\"sns:AddPermission\"],\"Resource\":\"arn:aws:sns:us-west-2:958948421283:website-uptime-monitor-sns-dev\",\"Principal\":{\"AWS\":\"*\"},\"Condition\":{\"StringEquals\":{\"AWS:SourceAccount\":\"958948421283\"}}}]}",
            "override_json": null,
            "override_policy_documents": null,
            "policy_id": null,
            "source_json": null,
            "source_policy_documents": null,
            "statement": [
              {
                "actions": [
                  "sns:AddPermission",
                  "sns:DeleteTopic",
                  "sns:GetTopicAttributes",
                  "sns:ListSubscriptionsByTopic",
                  "sns:Publish",
                  "sns:RemovePermission",
                  "sns:SetTopicAttributes",
                  "sns:Subscribe"
                ],
                "condition": [
                  {
                    "test": "StringEquals",
                    "values": [
                      "958948421283"
                    ],
                    "variable": "AWS:SourceAccount"
                  }
                ],
                "effect": "Allow",
                "not_actions": [],
                "not_principals": [],
                "not_resources": [],
                "principals": [
                  {
                    "identifiers": [
                      "*"
                    ],
                    "type": "AWS"
                  }
                ],
                "resources": [
                  "arn:aws:sns:us-west-2:958948421283:website-uptime-monitor-sns-dev"
                ],
                "sid": "DefaultStatementID"
              }
            ],
            "version": "2012-10-17"
          },
          "sensitive_attributes": []
        }
      ]
    },
    {
      "module": "module.uptime_monitor.module.sns_topic",
      "mode": "managed",
      "type": "aws_sns_topic",
      "name": "this",
      "provider": "provider[\"registry.terraform.io/hashicorp/aws\"]",
      "instances": [
        {
          "index_key": 0,
          "schema_version": 0,
          "attributes": {
            "application_failure_feedback_role_arn": "",
            "application_success_feedback_role_arn": "",
            "application_success_feedback_sample_rate": 0,
            "archive_policy": "",
            "arn": "arn:aws:sns:us-west-2:958948421283:website-uptime-monitor-sns-dev",
            "beginning_archive_time": "",
            "content_based_deduplication": false,
            "delivery_policy": "",
            "display_name": "",
            "fifo_throughput_scope": "",
            "fifo_topic": false,
            "firehose_failure_feedback_role_arn": "",
            "firehose_success_feedback_role_arn": "",
            "firehose_success_feedback_sample_rate": 0,
            "http_failure_feedback_role_arn": "",
            "http_success_feedback_role_arn": "",
            "http_success_feedback_sample_rate": 0,
            "id": "arn:aws:sns:us-west-2:958948421283:website-uptime-monitor-sns-dev",
            "kms_master_key_id": "",
            "lambda_failure_feedback_role_arn": "",
            "lambda_success_feedback_role_arn": "",
            "lambda_success_feedback_sample_rate": 0,
            "name": "website-uptime-monitor-sns-dev",
            "name_prefix": "",
            "owner": "958948421283",
            "policy": "{\"Id\":\"__default_policy_ID\",\"Statement\":[{\"Action\":[\"SNS:GetTopicAttributes\",\"SNS:SetTopicAttributes\",\"SNS:AddPermission\",\"SNS:RemovePermission\",\"SNS:DeleteTopic\",\"SNS:Subscribe\",\"SNS:ListSubscriptionsByTopic\",\"SNS:Publish\"],\"Condition\":{\"StringEquals\":{\"AWS:SourceOwner\":\"958948421283\"}},\"Effect\":\"Allow\",\"Principal\":{\"AWS\":\"*\"},\"Resource\":\"arn:aws:sns:us-west-2:958948421283:website-uptime-monitor-sns-dev\",\"Sid\":\"__default_statement_ID\"}],\"Version\":\"2008-10-17\"}",
            "region": "us-west-2",
            "signature_version": 0,
            "sqs_failure_feedback_role_arn": "",
            "sqs_success_feedback_role_arn": "",
            "sqs_success_feedback_sample_rate": 0,
            "tags": null,
            "tags_all": {
              "Environment": "dev",
              "Project": "website-uptime-monitor",
              "Terraform": "true"
            },
            "tracing_config": ""
          },
          "sensitive_attributes": [],
          "private": "bnVsbA==",
          "create_before_destroy": true
        }
      ]
    },
    {
      "module": "module.uptime_monitor.module.sns_topic",
      "mode": "managed",
      "type": "aws_sns_topic_policy",
      "name": "this",
      "provider": "provider[\"registry.terraform.io/hashicorp/aws\"]",
      "instances": [
        {
          "index_key": 0,
          "schema_version": 0,
          "attributes": {
            "arn": "arn:aws:sns:us-west-2:958948421283:website-uptime-monitor-sns-dev",
            "id": "arn:aws:sns:us-west-2:958948421283:website-uptime-monitor-sns-dev",
            "owner": "958948421283",
            "policy": "{\"Statement\":[{\"Action\":[\"sns:Subscribe\",\"sns:SetTopicAttributes\",\"sns:RemovePermission\",\"sns:Publish\",\"sns:ListSubscriptionsByTopic\",\"sns:GetTopicAttributes\",\"sns:DeleteTopic\",\"sns:AddPermission\"],\"Condition\":{\"StringEquals\":{\"AWS:SourceAccount\":\"958948421283\"}},\"Effect\":\"Allow\",\"Principal\":{\"AWS\":\"*\"},\"Resource\":\"arn:aws:sns:us-west-2:958948421283:website-uptime-monitor-sns-dev\",\"Sid\":\"DefaultStatementID\"}],\"Version\":\"2012-10-17\"}",
            "region": "us-west-2"
          },
          "sensitive_attributes": [],
          "private": "bnVsbA==",
          "dependencies": [
            "module.uptime_monitor.module.sns_topic.aws_sns_topic.this",
            "module.uptime_monitor.module.sns_topic.data.aws_caller_identity.current",
            "module.uptime_monitor.module.sns_topic.data.aws_iam_policy_document.this"
          ]
        }
      ]
    },
    {
      "module": "module.uptime_monitor.module.sns_topic",
      "mode": "managed",
      "type": "aws_sns_topic_subscription",
      "name": "this",
      "provider": "provider[\"registry.terraform.io/hashicorp/aws\"]",
      "instances": [
        {
          "index_key": "email",
          "schema_version": 0,
          "attributes": {
            "arn": "arn:aws:sns:us-west-2:958948421283:website-uptime-monitor-sns-dev:6e0972ac-c2d7-4ba5-9dd7-a008836a6af8",
            "confirmation_timeout_in_minutes": 1,
            "confirmation_was_authenticated": false,
            "delivery_policy": "",
            "endpoint": "hasanashab.18205@gmail.com",
            "endpoint_auto_confirms": false,
            "filter_policy": "",
            "filter_policy_scope": "",
            "id": "arn:aws:sns:us-west-2:958948421283:website-uptime-monitor-sns-dev:6e0972ac-c2d7-4ba5-9dd7-a008836a6af8",
            "owner_id": "958948421283",
            "pending_confirmation": true,
            "protocol": "email",
            "raw_message_delivery": false,
            "redrive_policy": "",
            "region": "us-west-2",
            "replay_policy": "",
            "subscription_role_arn": "",
            "topic_arn": "arn:aws:sns:us-west-2:958948421283:website-uptime-monitor-sns-dev"
          },
          "sensitive_attributes": [],
          "private": "bnVsbA==",
          "dependencies": [
            "module.uptime_monitor.module.sns_topic.aws_sns_topic.this"
          ]
        }
      ]
    }
  ],
  "check_results": [
    {
      "object_kind": "var",
      "config_addr": "module.dashboard.module.backend.module.api_gateway.module.acm.var.validation_method",
      "status": "pass",
      "objects": [
        {
          "object_addr": "module.dashboard.module.backend.module.api_gateway.module.acm.var.validation_method",
          "status": "pass"
        }
      ]
    }
  ]
}
